// !$*UTF8*$!
{
	archiveVersion = 1;
	classes = {
	};
	objectVersion = 46;
	objects = {

/* Begin PBXBuildFile section */
		02DDB94B5CA940288F1969F8 /* libPods-EasyMappingKitTests.a in Frameworks */ = {isa = PBXBuildFile; fileRef = 8FFF304ED83840FB9FA7E2BD /* libPods-EasyMappingKitTests.a */; };
		2CF8097C18C3AD5700C07899 /* Foundation.framework in Frameworks */ = {isa = PBXBuildFile; fileRef = 2CF8097B18C3AD5700C07899 /* Foundation.framework */; };
		2CF8098A18C3AD5700C07899 /* XCTest.framework in Frameworks */ = {isa = PBXBuildFile; fileRef = 2CF8098918C3AD5700C07899 /* XCTest.framework */; };
		2CF8098B18C3AD5700C07899 /* Foundation.framework in Frameworks */ = {isa = PBXBuildFile; fileRef = 2CF8097B18C3AD5700C07899 /* Foundation.framework */; };
		2CF8098D18C3AD5700C07899 /* UIKit.framework in Frameworks */ = {isa = PBXBuildFile; fileRef = 2CF8098C18C3AD5700C07899 /* UIKit.framework */; };
		2CF8099018C3AD5700C07899 /* libEasyMappingKit.a in Frameworks */ = {isa = PBXBuildFile; fileRef = 2CF8097818C3AD5700C07899 /* libEasyMappingKit.a */; };
		2CF8099618C3AD5700C07899 /* InfoPlist.strings in Resources */ = {isa = PBXBuildFile; fileRef = 2CF8099418C3AD5700C07899 /* InfoPlist.strings */; };
		2CF809A218C3AE9A00C07899 /* EMKMapping.h in Headers */ = {isa = PBXBuildFile; fileRef = 69ED75CC8C4DEB31139E38B6 /* EMKMapping.h */; settings = {ATTRIBUTES = (Public, ); }; };
		2CF809A318C3AE9A00C07899 /* EMKObjectMapping.h in Headers */ = {isa = PBXBuildFile; fileRef = 69ED70753A27735A60785078 /* EMKObjectMapping.h */; settings = {ATTRIBUTES = (Public, ); }; };
		2CF809A418C3AE9A00C07899 /* EMKAttributeMapping.h in Headers */ = {isa = PBXBuildFile; fileRef = 69ED724125F45703B27BFC0C /* EMKAttributeMapping.h */; settings = {ATTRIBUTES = (Public, ); }; };
		2CF809A518C3AE9A00C07899 /* EMKRelationshipMapping.h in Headers */ = {isa = PBXBuildFile; fileRef = 69ED7C1A1592194E312212F9 /* EMKRelationshipMapping.h */; settings = {ATTRIBUTES = (Public, ); }; };
		2CF809A618C3AE9A00C07899 /* EMKSerializer.h in Headers */ = {isa = PBXBuildFile; fileRef = 69ED7C1B2AB96554F9FDF10B /* EMKSerializer.h */; settings = {ATTRIBUTES = (Public, ); }; };
		2CF809A818C3AE9A00C07899 /* EMKObjectDeserializer.h in Headers */ = {isa = PBXBuildFile; fileRef = 69ED7039B8922439BE9D1B8C /* EMKObjectDeserializer.h */; settings = {ATTRIBUTES = (Public, ); }; };
		2CF809A918C3AE9A00C07899 /* EMKManagedObjectDeserializer.h in Headers */ = {isa = PBXBuildFile; fileRef = 69ED771F4A0CC2BB6D9583BC /* EMKManagedObjectDeserializer.h */; settings = {ATTRIBUTES = (Public, ); }; };
		2CF809AA18C3AE9A00C07899 /* EasyMappingKit.h in Headers */ = {isa = PBXBuildFile; fileRef = 69ED77A829DD1436A5A2CA1B /* EasyMappingKit.h */; settings = {ATTRIBUTES = (Public, ); }; };
		2CF809AB18C3AE9A00C07899 /* EMKTypes.h in Headers */ = {isa = PBXBuildFile; fileRef = 69ED7A8B2E60F728B99A0CB9 /* EMKTypes.h */; settings = {ATTRIBUTES = (Public, ); }; };
		2CF809AC18C3AEC800C07899 /* EMKAttributeMapping+Extension.h in Headers */ = {isa = PBXBuildFile; fileRef = 69ED7539B5509DF9599396EA /* EMKAttributeMapping+Extension.h */; settings = {ATTRIBUTES = (Private, ); }; };
		2CF809AD18C3AEC800C07899 /* NSArray+EMKExtension.h in Headers */ = {isa = PBXBuildFile; fileRef = 69ED7645386941DA79C1E53A /* NSArray+EMKExtension.h */; settings = {ATTRIBUTES = (Private, ); }; };
		2CF809AF18C3AEC800C07899 /* EMKPropertyHelper.h in Headers */ = {isa = PBXBuildFile; fileRef = 69ED7E6CB1B484C7F335B55F /* EMKPropertyHelper.h */; settings = {ATTRIBUTES = (Private, ); }; };
		2CF809B018C3AEC800C07899 /* EMKTransformer.h in Headers */ = {isa = PBXBuildFile; fileRef = 69ED76FF15989E4B2D1938D8 /* EMKTransformer.h */; settings = {ATTRIBUTES = (Private, ); }; };
		69ED70D8C859F4A0BDE4DCF8 /* EMKAttributeMapping+Extension.m in Sources */ = {isa = PBXBuildFile; fileRef = 69ED718D4E6F950EE17E08C6 /* EMKAttributeMapping+Extension.m */; };
		69ED7118E43D74A843AA1E54 /* EMKMapping.m in Sources */ = {isa = PBXBuildFile; fileRef = 69ED7A4A3BD1A49CCC1AB9A4 /* EMKMapping.m */; };
		69ED7144E37E067666813AF9 /* NSArray+EMKExtension.m in Sources */ = {isa = PBXBuildFile; fileRef = 69ED757059F6C7A26468D880 /* NSArray+EMKExtension.m */; };
		69ED72338B6419101B1C8CDB /* NSObject+EMKKVC.h in Headers */ = {isa = PBXBuildFile; fileRef = 69ED769040647781DD8B196D /* NSObject+EMKKVC.h */; };
		69ED7299E71FA1B0B34E9764 /* EMKAttributeMapping.m in Sources */ = {isa = PBXBuildFile; fileRef = 69ED7141C706CAC006EADE5A /* EMKAttributeMapping.m */; };
		69ED73EA3882D6453266FB46 /* EasyMappingCoreDataExample.xcdatamodel in Sources */ = {isa = PBXBuildFile; fileRef = 69ED7F66EADE6C46DA08E81C /* EasyMappingCoreDataExample.xcdatamodel */; };
		69ED749AAEEA59355D537093 /* Male.json in Resources */ = {isa = PBXBuildFile; fileRef = 69ED717EADF381A7F466890E /* Male.json */; };
		69ED74D218BD6B3888549434 /* NSObject+EMKKVC.m in Sources */ = {isa = PBXBuildFile; fileRef = 69ED770C14BAB15CA7926116 /* NSObject+EMKKVC.m */; };
		69ED756EBF9D955A7B6A580A /* EMKLookupCache.m in Sources */ = {isa = PBXBuildFile; fileRef = 69ED7D24C1EE78C03CAB9C9B /* EMKLookupCache.m */; };
		69ED7687C035FA51A536AB56 /* EMKPropertyHelper.m in Sources */ = {isa = PBXBuildFile; fileRef = 69ED7F5DB5E0C3FF6672226E /* EMKPropertyHelper.m */; };
		69ED7687DEAC011EE09F5D1A /* EMKManagedObjectMapping.m in Sources */ = {isa = PBXBuildFile; fileRef = 69ED790F30E4E551B1416E60 /* EMKManagedObjectMapping.m */; };
		69ED776944D5FF7D7166F975 /* EMKObjectDeserializer.m in Sources */ = {isa = PBXBuildFile; fileRef = 69ED79ACE44B6BFB58B0B3F5 /* EMKObjectDeserializer.m */; };
		69ED77E5C9F6A0598C37B2A8 /* Cars.json in Resources */ = {isa = PBXBuildFile; fileRef = 69ED7887F80745ABCA293D93 /* Cars.json */; };
		69ED78998BBBD3037ACBFBAD /* CarWithDate.json in Resources */ = {isa = PBXBuildFile; fileRef = 69ED796C38E3BCB5A62710FD /* CarWithDate.json */; };
		69ED78FC89BF855B3437E4A8 /* MappingProvider.m in Sources */ = {isa = PBXBuildFile; fileRef = 69ED73ABBB8D6D19748F59FE /* MappingProvider.m */; };
		69ED7907DC5AB1674B8CF3F5 /* EMKTransformer.m in Sources */ = {isa = PBXBuildFile; fileRef = 69ED74270CBA655E787B8FCA /* EMKTransformer.m */; };
		69ED79344D2710F40CE5649F /* Car.json in Resources */ = {isa = PBXBuildFile; fileRef = 69ED783924C864E6279DFC88 /* Car.json */; };
		69ED79680ECCD155C4ACF7F9 /* EKManagedObjectDeserializerSpec.m in Sources */ = {isa = PBXBuildFile; fileRef = 69ED769698B41E468839F9FB /* EKManagedObjectDeserializerSpec.m */; };
		69ED797C93C27C8E3BBC1BDB /* EMKSerializer.m in Sources */ = {isa = PBXBuildFile; fileRef = 69ED73028D190C49BF2E0F8D /* EMKSerializer.m */; };
		69ED7A9D4C100F6C8EEEDC03 /* EMKRelationshipMapping.m in Sources */ = {isa = PBXBuildFile; fileRef = 69ED757758DA67B4E8247495 /* EMKRelationshipMapping.m */; };
		69ED7AB4E97F7AB978DA28DE /* Car.m in Sources */ = {isa = PBXBuildFile; fileRef = 69ED77C89B6E98D69D0301B0 /* Car.m */; };
		69ED7B2C4E0F983FCF28D04B /* CarWithNestedAttributes.json in Resources */ = {isa = PBXBuildFile; fileRef = 69ED728DDEFE606C14EB8B95 /* CarWithNestedAttributes.json */; };
		69ED7B5A4AEF8A7C51C3BD9E /* EKManagedObjectMappingSpec.m in Sources */ = {isa = PBXBuildFile; fileRef = 69ED734A965963433BBA26B2 /* EKManagedObjectMappingSpec.m */; };
		69ED7C04B0D06A2E75D9CDDD /* EMKObjectMapping.m in Sources */ = {isa = PBXBuildFile; fileRef = 69ED7972B98B6046006A3F97 /* EMKObjectMapping.m */; };
		69ED7C39C3F28A6F5AA7C832 /* Person.m in Sources */ = {isa = PBXBuildFile; fileRef = 69ED76861B278358552D32C0 /* Person.m */; };
		69ED7D1074E091D346E99840 /* Female.json in Resources */ = {isa = PBXBuildFile; fileRef = 69ED7488F1418C2F22FA30B6 /* Female.json */; };
		69ED7DADB8044F2B42C1CD94 /* EMKManagedObjectDeserializer.m in Sources */ = {isa = PBXBuildFile; fileRef = 69ED772E50A1A831B78D48B3 /* EMKManagedObjectDeserializer.m */; };
		69ED7DDA9967DE986D86D66D /* CarWithRoot.json in Resources */ = {isa = PBXBuildFile; fileRef = 69ED77C22D4CBE880B17D336 /* CarWithRoot.json */; };
		69ED7DDF1982C4B7F7D9E4ED /* Person.json in Resources */ = {isa = PBXBuildFile; fileRef = 69ED7F2F8ED456187192D245 /* Person.json */; };
		69ED7E25DD69AA7BEE5C7E01 /* Address.json in Resources */ = {isa = PBXBuildFile; fileRef = 69ED763C36518D190E24517F /* Address.json */; };
		69ED7E8934131F087C5492A3 /* EMKLookupCache.h in Headers */ = {isa = PBXBuildFile; fileRef = 69ED7DE30D50997F9408F36E /* EMKLookupCache.h */; };
		69ED7FE6802392B08E4E6A3B /* Phone.m in Sources */ = {isa = PBXBuildFile; fileRef = 69ED75312BB376766DBCEA28 /* Phone.m */; };
/* End PBXBuildFile section */

/* Begin PBXContainerItemProxy section */
		2CF8098E18C3AD5700C07899 /* PBXContainerItemProxy */ = {
			isa = PBXContainerItemProxy;
			containerPortal = 2CF8097018C3AD5700C07899 /* Project object */;
			proxyType = 1;
			remoteGlobalIDString = 2CF8097718C3AD5700C07899;
			remoteInfo = EasyMappingKit;
		};
/* End PBXContainerItemProxy section */

/* Begin PBXCopyFilesBuildPhase section */
		2CF8097618C3AD5700C07899 /* CopyFiles */ = {
			isa = PBXCopyFilesBuildPhase;
			buildActionMask = 2147483647;
			dstPath = "include/$(PRODUCT_NAME)";
			dstSubfolderSpec = 16;
			files = (
			);
			runOnlyForDeploymentPostprocessing = 0;
		};
/* End PBXCopyFilesBuildPhase section */

/* Begin PBXFileReference section */
		2C533D19170E45D087B38DD0 /* Pods-EasyMappingKitTests.xcconfig */ = {isa = PBXFileReference; includeInIndex = 1; lastKnownFileType = text.xcconfig; name = "Pods-EasyMappingKitTests.xcconfig"; path = "Pods/Pods-EasyMappingKitTests.xcconfig"; sourceTree = "<group>"; };
		2CF8097818C3AD5700C07899 /* libEasyMappingKit.a */ = {isa = PBXFileReference; explicitFileType = archive.ar; includeInIndex = 0; path = libEasyMappingKit.a; sourceTree = BUILT_PRODUCTS_DIR; };
		2CF8097B18C3AD5700C07899 /* Foundation.framework */ = {isa = PBXFileReference; lastKnownFileType = wrapper.framework; name = Foundation.framework; path = System/Library/Frameworks/Foundation.framework; sourceTree = SDKROOT; };
		2CF8097F18C3AD5700C07899 /* EasyMappingKit-Prefix.pch */ = {isa = PBXFileReference; lastKnownFileType = sourcecode.c.h; path = "EasyMappingKit-Prefix.pch"; sourceTree = "<group>"; };
		2CF8098818C3AD5700C07899 /* EasyMappingKitTests.octest */ = {isa = PBXFileReference; explicitFileType = wrapper.cfbundle; includeInIndex = 0; path = EasyMappingKitTests.octest; sourceTree = BUILT_PRODUCTS_DIR; };
		2CF8098918C3AD5700C07899 /* XCTest.framework */ = {isa = PBXFileReference; lastKnownFileType = wrapper.framework; name = XCTest.framework; path = Library/Frameworks/XCTest.framework; sourceTree = DEVELOPER_DIR; };
		2CF8098C18C3AD5700C07899 /* UIKit.framework */ = {isa = PBXFileReference; lastKnownFileType = wrapper.framework; name = UIKit.framework; path = Library/Frameworks/UIKit.framework; sourceTree = DEVELOPER_DIR; };
		2CF8099318C3AD5700C07899 /* EasyMappingKitTests-Info.plist */ = {isa = PBXFileReference; lastKnownFileType = text.plist.xml; path = "EasyMappingKitTests-Info.plist"; sourceTree = "<group>"; };
		2CF8099518C3AD5700C07899 /* en */ = {isa = PBXFileReference; lastKnownFileType = text.plist.strings; name = en; path = en.lproj/InfoPlist.strings; sourceTree = "<group>"; };
		69ED7039B8922439BE9D1B8C /* EMKObjectDeserializer.h */ = {isa = PBXFileReference; fileEncoding = 4; lastKnownFileType = sourcecode.c.h; path = EMKObjectDeserializer.h; sourceTree = "<group>"; };
		69ED70753A27735A60785078 /* EMKObjectMapping.h */ = {isa = PBXFileReference; fileEncoding = 4; lastKnownFileType = sourcecode.c.h; path = EMKObjectMapping.h; sourceTree = "<group>"; };
		69ED708A80E35F7B61D6929B /* EMKPropertyMapping.h */ = {isa = PBXFileReference; fileEncoding = 4; lastKnownFileType = sourcecode.c.h; path = EMKPropertyMapping.h; sourceTree = "<group>"; };
		69ED7141C706CAC006EADE5A /* EMKAttributeMapping.m */ = {isa = PBXFileReference; fileEncoding = 4; lastKnownFileType = sourcecode.c.objc; path = EMKAttributeMapping.m; sourceTree = "<group>"; };
		69ED717EADF381A7F466890E /* Male.json */ = {isa = PBXFileReference; lastKnownFileType = file.json; path = Male.json; sourceTree = "<group>"; };
		69ED718D4E6F950EE17E08C6 /* EMKAttributeMapping+Extension.m */ = {isa = PBXFileReference; fileEncoding = 4; lastKnownFileType = sourcecode.c.objc; path = "EMKAttributeMapping+Extension.m"; sourceTree = "<group>"; };
		69ED724125F45703B27BFC0C /* EMKAttributeMapping.h */ = {isa = PBXFileReference; fileEncoding = 4; lastKnownFileType = sourcecode.c.h; path = EMKAttributeMapping.h; sourceTree = "<group>"; };
		69ED728DDEFE606C14EB8B95 /* CarWithNestedAttributes.json */ = {isa = PBXFileReference; lastKnownFileType = file.json; path = CarWithNestedAttributes.json; sourceTree = "<group>"; };
		69ED73028D190C49BF2E0F8D /* EMKSerializer.m */ = {isa = PBXFileReference; fileEncoding = 4; lastKnownFileType = sourcecode.c.objc; path = EMKSerializer.m; sourceTree = "<group>"; };
		69ED734A965963433BBA26B2 /* EKManagedObjectMappingSpec.m */ = {isa = PBXFileReference; fileEncoding = 4; lastKnownFileType = sourcecode.c.objc; path = EKManagedObjectMappingSpec.m; sourceTree = "<group>"; };
		69ED73ABBB8D6D19748F59FE /* MappingProvider.m */ = {isa = PBXFileReference; fileEncoding = 4; lastKnownFileType = sourcecode.c.objc; path = MappingProvider.m; sourceTree = "<group>"; };
		69ED74270CBA655E787B8FCA /* EMKTransformer.m */ = {isa = PBXFileReference; fileEncoding = 4; lastKnownFileType = sourcecode.c.objc; path = EMKTransformer.m; sourceTree = "<group>"; };
		69ED7488F1418C2F22FA30B6 /* Female.json */ = {isa = PBXFileReference; lastKnownFileType = file.json; path = Female.json; sourceTree = "<group>"; };
		69ED748D2942A4243727C84C /* Person.h */ = {isa = PBXFileReference; fileEncoding = 4; lastKnownFileType = sourcecode.c.h; path = Person.h; sourceTree = "<group>"; };
		69ED75312BB376766DBCEA28 /* Phone.m */ = {isa = PBXFileReference; fileEncoding = 4; lastKnownFileType = sourcecode.c.objc; path = Phone.m; sourceTree = "<group>"; };
		69ED7539B5509DF9599396EA /* EMKAttributeMapping+Extension.h */ = {isa = PBXFileReference; fileEncoding = 4; lastKnownFileType = sourcecode.c.h; path = "EMKAttributeMapping+Extension.h"; sourceTree = "<group>"; };
		69ED757059F6C7A26468D880 /* NSArray+EMKExtension.m */ = {isa = PBXFileReference; fileEncoding = 4; lastKnownFileType = sourcecode.c.objc; path = "NSArray+EMKExtension.m"; sourceTree = "<group>"; };
		69ED757758DA67B4E8247495 /* EMKRelationshipMapping.m */ = {isa = PBXFileReference; fileEncoding = 4; lastKnownFileType = sourcecode.c.objc; path = EMKRelationshipMapping.m; sourceTree = "<group>"; };
		69ED75CC8C4DEB31139E38B6 /* EMKMapping.h */ = {isa = PBXFileReference; fileEncoding = 4; lastKnownFileType = sourcecode.c.h; path = EMKMapping.h; sourceTree = "<group>"; };
		69ED763C36518D190E24517F /* Address.json */ = {isa = PBXFileReference; lastKnownFileType = file.json; path = Address.json; sourceTree = "<group>"; };
		69ED7645386941DA79C1E53A /* NSArray+EMKExtension.h */ = {isa = PBXFileReference; fileEncoding = 4; lastKnownFileType = sourcecode.c.h; path = "NSArray+EMKExtension.h"; sourceTree = "<group>"; };
		69ED76861B278358552D32C0 /* Person.m */ = {isa = PBXFileReference; fileEncoding = 4; lastKnownFileType = sourcecode.c.objc; path = Person.m; sourceTree = "<group>"; };
		69ED769040647781DD8B196D /* NSObject+EMKKVC.h */ = {isa = PBXFileReference; fileEncoding = 4; lastKnownFileType = sourcecode.c.h; path = "NSObject+EMKKVC.h"; sourceTree = "<group>"; };
		69ED769698B41E468839F9FB /* EKManagedObjectDeserializerSpec.m */ = {isa = PBXFileReference; fileEncoding = 4; lastKnownFileType = sourcecode.c.objc; path = EKManagedObjectDeserializerSpec.m; sourceTree = "<group>"; };
		69ED76FF15989E4B2D1938D8 /* EMKTransformer.h */ = {isa = PBXFileReference; fileEncoding = 4; lastKnownFileType = sourcecode.c.h; path = EMKTransformer.h; sourceTree = "<group>"; };
		69ED770C14BAB15CA7926116 /* NSObject+EMKKVC.m */ = {isa = PBXFileReference; fileEncoding = 4; lastKnownFileType = sourcecode.c.objc; path = "NSObject+EMKKVC.m"; sourceTree = "<group>"; };
		69ED771F4A0CC2BB6D9583BC /* EMKManagedObjectDeserializer.h */ = {isa = PBXFileReference; fileEncoding = 4; lastKnownFileType = sourcecode.c.h; path = EMKManagedObjectDeserializer.h; sourceTree = "<group>"; };
		69ED772E50A1A831B78D48B3 /* EMKManagedObjectDeserializer.m */ = {isa = PBXFileReference; fileEncoding = 4; lastKnownFileType = sourcecode.c.objc; path = EMKManagedObjectDeserializer.m; sourceTree = "<group>"; };
		69ED778EB69BB07083D73605 /* MappingProvider.h */ = {isa = PBXFileReference; fileEncoding = 4; lastKnownFileType = sourcecode.c.h; path = MappingProvider.h; sourceTree = "<group>"; };
		69ED77A829DD1436A5A2CA1B /* EasyMappingKit.h */ = {isa = PBXFileReference; fileEncoding = 4; lastKnownFileType = sourcecode.c.h; path = EasyMappingKit.h; sourceTree = "<group>"; };
		69ED77C22D4CBE880B17D336 /* CarWithRoot.json */ = {isa = PBXFileReference; lastKnownFileType = file.json; path = CarWithRoot.json; sourceTree = "<group>"; };
		69ED77C89B6E98D69D0301B0 /* Car.m */ = {isa = PBXFileReference; fileEncoding = 4; lastKnownFileType = sourcecode.c.objc; path = Car.m; sourceTree = "<group>"; };
		69ED783924C864E6279DFC88 /* Car.json */ = {isa = PBXFileReference; lastKnownFileType = file.json; path = Car.json; sourceTree = "<group>"; };
		69ED7887F80745ABCA293D93 /* Cars.json */ = {isa = PBXFileReference; lastKnownFileType = file.json; path = Cars.json; sourceTree = "<group>"; };
		69ED790F30E4E551B1416E60 /* EMKManagedObjectMapping.m */ = {isa = PBXFileReference; fileEncoding = 4; lastKnownFileType = sourcecode.c.objc; path = EMKManagedObjectMapping.m; sourceTree = "<group>"; };
		69ED795441DBD23340FA7E43 /* Phone.h */ = {isa = PBXFileReference; fileEncoding = 4; lastKnownFileType = sourcecode.c.h; path = Phone.h; sourceTree = "<group>"; };
		69ED796C38E3BCB5A62710FD /* CarWithDate.json */ = {isa = PBXFileReference; lastKnownFileType = file.json; path = CarWithDate.json; sourceTree = "<group>"; };
		69ED7972B98B6046006A3F97 /* EMKObjectMapping.m */ = {isa = PBXFileReference; fileEncoding = 4; lastKnownFileType = sourcecode.c.objc; path = EMKObjectMapping.m; sourceTree = "<group>"; };
		69ED79ACE44B6BFB58B0B3F5 /* EMKObjectDeserializer.m */ = {isa = PBXFileReference; fileEncoding = 4; lastKnownFileType = sourcecode.c.objc; path = EMKObjectDeserializer.m; sourceTree = "<group>"; };
		69ED7A4A3BD1A49CCC1AB9A4 /* EMKMapping.m */ = {isa = PBXFileReference; fileEncoding = 4; lastKnownFileType = sourcecode.c.objc; path = EMKMapping.m; sourceTree = "<group>"; };
		69ED7A8B2E60F728B99A0CB9 /* EMKTypes.h */ = {isa = PBXFileReference; fileEncoding = 4; lastKnownFileType = sourcecode.c.h; path = EMKTypes.h; sourceTree = "<group>"; };
		69ED7C1A1592194E312212F9 /* EMKRelationshipMapping.h */ = {isa = PBXFileReference; fileEncoding = 4; lastKnownFileType = sourcecode.c.h; path = EMKRelationshipMapping.h; sourceTree = "<group>"; };
		69ED7C1B2AB96554F9FDF10B /* EMKSerializer.h */ = {isa = PBXFileReference; fileEncoding = 4; lastKnownFileType = sourcecode.c.h; path = EMKSerializer.h; sourceTree = "<group>"; };
		69ED7D24C1EE78C03CAB9C9B /* EMKLookupCache.m */ = {isa = PBXFileReference; fileEncoding = 4; lastKnownFileType = sourcecode.c.objc; path = EMKLookupCache.m; sourceTree = "<group>"; };
		69ED7D29C73691B2E16D94FC /* Car.h */ = {isa = PBXFileReference; fileEncoding = 4; lastKnownFileType = sourcecode.c.h; path = Car.h; sourceTree = "<group>"; };
		69ED7DE30D50997F9408F36E /* EMKLookupCache.h */ = {isa = PBXFileReference; fileEncoding = 4; lastKnownFileType = sourcecode.c.h; path = EMKLookupCache.h; sourceTree = "<group>"; };
		69ED7E6CB1B484C7F335B55F /* EMKPropertyHelper.h */ = {isa = PBXFileReference; fileEncoding = 4; lastKnownFileType = sourcecode.c.h; path = EMKPropertyHelper.h; sourceTree = "<group>"; };
		69ED7EA48925307F4DB06848 /* EMKManagedObjectMapping.h */ = {isa = PBXFileReference; fileEncoding = 4; lastKnownFileType = sourcecode.c.h; path = EMKManagedObjectMapping.h; sourceTree = "<group>"; };
		69ED7F2F8ED456187192D245 /* Person.json */ = {isa = PBXFileReference; lastKnownFileType = file.json; path = Person.json; sourceTree = "<group>"; };
		69ED7F5DB5E0C3FF6672226E /* EMKPropertyHelper.m */ = {isa = PBXFileReference; fileEncoding = 4; lastKnownFileType = sourcecode.c.objc; path = EMKPropertyHelper.m; sourceTree = "<group>"; };
		69ED7F66EADE6C46DA08E81C /* EasyMappingCoreDataExample.xcdatamodel */ = {isa = PBXFileReference; lastKnownFileType = wrapper.xcdatamodel; path = EasyMappingCoreDataExample.xcdatamodel; sourceTree = "<group>"; };
		7AEACCE5C88A456CB10752EF /* libPods.a */ = {isa = PBXFileReference; explicitFileType = archive.ar; includeInIndex = 0; path = libPods.a; sourceTree = BUILT_PRODUCTS_DIR; };
		8FFF304ED83840FB9FA7E2BD /* libPods-EasyMappingKitTests.a */ = {isa = PBXFileReference; explicitFileType = archive.ar; includeInIndex = 0; path = "libPods-EasyMappingKitTests.a"; sourceTree = BUILT_PRODUCTS_DIR; };
/* End PBXFileReference section */

/* Begin PBXFrameworksBuildPhase section */
		2CF8097518C3AD5700C07899 /* Frameworks */ = {
			isa = PBXFrameworksBuildPhase;
			buildActionMask = 2147483647;
			files = (
				2CF8097C18C3AD5700C07899 /* Foundation.framework in Frameworks */,
			);
			runOnlyForDeploymentPostprocessing = 0;
		};
		2CF8098518C3AD5700C07899 /* Frameworks */ = {
			isa = PBXFrameworksBuildPhase;
			buildActionMask = 2147483647;
			files = (
				2CF8098A18C3AD5700C07899 /* XCTest.framework in Frameworks */,
				2CF8098D18C3AD5700C07899 /* UIKit.framework in Frameworks */,
				2CF8098B18C3AD5700C07899 /* Foundation.framework in Frameworks */,
				2CF8099018C3AD5700C07899 /* libEasyMappingKit.a in Frameworks */,
				02DDB94B5CA940288F1969F8 /* libPods-EasyMappingKitTests.a in Frameworks */,
			);
			runOnlyForDeploymentPostprocessing = 0;
		};
/* End PBXFrameworksBuildPhase section */

/* Begin PBXGroup section */
		2CF8096F18C3AD5700C07899 = {
			isa = PBXGroup;
			children = (
				2CF8097D18C3AD5700C07899 /* EasyMappingKit */,
				2CF8099118C3AD5700C07899 /* EasyMappingKitTests */,
				2CF8097A18C3AD5700C07899 /* Frameworks */,
				2CF8097918C3AD5700C07899 /* Products */,
				2C533D19170E45D087B38DD0 /* Pods-EasyMappingKitTests.xcconfig */,
			);
			sourceTree = "<group>";
		};
		2CF8097918C3AD5700C07899 /* Products */ = {
			isa = PBXGroup;
			children = (
				2CF8097818C3AD5700C07899 /* libEasyMappingKit.a */,
				2CF8098818C3AD5700C07899 /* EasyMappingKitTests.octest */,
			);
			name = Products;
			sourceTree = "<group>";
		};
		2CF8097A18C3AD5700C07899 /* Frameworks */ = {
			isa = PBXGroup;
			children = (
				2CF8097B18C3AD5700C07899 /* Foundation.framework */,
				2CF8098918C3AD5700C07899 /* XCTest.framework */,
				2CF8098C18C3AD5700C07899 /* UIKit.framework */,
				7AEACCE5C88A456CB10752EF /* libPods.a */,
				8FFF304ED83840FB9FA7E2BD /* libPods-EasyMappingKitTests.a */,
			);
			name = Frameworks;
			sourceTree = "<group>";
		};
		2CF8097D18C3AD5700C07899 /* EasyMappingKit */ = {
			isa = PBXGroup;
			children = (
				2CF8097E18C3AD5700C07899 /* Supporting Files */,
				69ED7BED4BE92D2D4F4716FF /* Source */,
			);
			path = EasyMappingKit;
			sourceTree = "<group>";
		};
		2CF8097E18C3AD5700C07899 /* Supporting Files */ = {
			isa = PBXGroup;
			children = (
				2CF8097F18C3AD5700C07899 /* EasyMappingKit-Prefix.pch */,
			);
			name = "Supporting Files";
			sourceTree = "<group>";
		};
		2CF8099118C3AD5700C07899 /* EasyMappingKitTests */ = {
			isa = PBXGroup;
			children = (
				2CF8099218C3AD5700C07899 /* Supporting Files */,
				69ED7B2C70DA11D52BF16D3B /* Fixtures */,
				69ED70B2B69E366D21CAF60F /* Specs */,
				69ED730DE7CF19B4D954E831 /* Models */,
			);
			path = EasyMappingKitTests;
			sourceTree = "<group>";
		};
		2CF8099218C3AD5700C07899 /* Supporting Files */ = {
			isa = PBXGroup;
			children = (
				2CF8099318C3AD5700C07899 /* EasyMappingKitTests-Info.plist */,
				2CF8099418C3AD5700C07899 /* InfoPlist.strings */,
			);
			name = "Supporting Files";
			sourceTree = "<group>";
		};
		69ED7057C5D3DBE4072F331B /* Utility */ = {
			isa = PBXGroup;
			children = (
				69ED7F5DB5E0C3FF6672226E /* EMKPropertyHelper.m */,
				69ED7E6CB1B484C7F335B55F /* EMKPropertyHelper.h */,
				69ED76FF15989E4B2D1938D8 /* EMKTransformer.h */,
				69ED74270CBA655E787B8FCA /* EMKTransformer.m */,
				69ED7A8B2E60F728B99A0CB9 /* EMKTypes.h */,
			);
			path = Utility;
			sourceTree = "<group>";
		};
		69ED70B2B69E366D21CAF60F /* Specs */ = {
			isa = PBXGroup;
			children = (
				69ED734A965963433BBA26B2 /* EKManagedObjectMappingSpec.m */,
				69ED769698B41E468839F9FB /* EKManagedObjectDeserializerSpec.m */,
			);
			path = Specs;
			sourceTree = "<group>";
		};
		69ED7210BACE9471FFD6A15D /* Serializer */ = {
			isa = PBXGroup;
			children = (
				69ED7C1B2AB96554F9FDF10B /* EMKSerializer.h */,
				69ED73028D190C49BF2E0F8D /* EMKSerializer.m */,
			);
			path = Serializer;
			sourceTree = "<group>";
		};
		69ED730DE7CF19B4D954E831 /* Models */ = {
			isa = PBXGroup;
			children = (
				69ED778EB69BB07083D73605 /* MappingProvider.h */,
				69ED7D29C73691B2E16D94FC /* Car.h */,
				69ED73ABBB8D6D19748F59FE /* MappingProvider.m */,
				69ED76861B278358552D32C0 /* Person.m */,
				69ED795441DBD23340FA7E43 /* Phone.h */,
				69ED77C89B6E98D69D0301B0 /* Car.m */,
				69ED75312BB376766DBCEA28 /* Phone.m */,
				69ED748D2942A4243727C84C /* Person.h */,
				69ED7F66EADE6C46DA08E81C /* EasyMappingCoreDataExample.xcdatamodel */,
			);
			path = Models;
			sourceTree = "<group>";
		};
		69ED74995A8A1B14DCDA8FB3 /* Core */ = {
			isa = PBXGroup;
			children = (
				69ED7574EDCD21D0E501C8A1 /* Mapping */,
				69ED7210BACE9471FFD6A15D /* Serializer */,
				69ED7C8732A1C26BF1CF78CD /* Deserializer */,
				69ED7CB4B4B9CD8DDF958D64 /* Lookup Cache */,
			);
			path = Core;
			sourceTree = "<group>";
		};
		69ED74A3F93755AF6DBD3662 /* Relationship */ = {
			isa = PBXGroup;
			children = (
				69ED7C1A1592194E312212F9 /* EMKRelationshipMapping.h */,
				69ED757758DA67B4E8247495 /* EMKRelationshipMapping.m */,
			);
			path = Relationship;
			sourceTree = "<group>";
		};
		69ED752D2981B7C6882366D2 /* Foundation */ = {
			isa = PBXGroup;
			children = (
				69ED7645386941DA79C1E53A /* NSArray+EMKExtension.h */,
				69ED757059F6C7A26468D880 /* NSArray+EMKExtension.m */,
				69ED770C14BAB15CA7926116 /* NSObject+EMKKVC.m */,
				69ED769040647781DD8B196D /* NSObject+EMKKVC.h */,
			);
			path = Foundation;
			sourceTree = "<group>";
		};
		69ED7574EDCD21D0E501C8A1 /* Mapping */ = {
			isa = PBXGroup;
			children = (
				69ED7A4034F64A92A077C593 /* Abstract */,
				69ED7C716C176C89DA2C9636 /* Object */,
				69ED7C6CCD04878CED1E5BAE /* Attribute */,
				69ED74A3F93755AF6DBD3662 /* Relationship */,
			);
			path = Mapping;
			sourceTree = "<group>";
		};
		69ED7A4034F64A92A077C593 /* Abstract */ = {
			isa = PBXGroup;
			children = (
				69ED75CC8C4DEB31139E38B6 /* EMKMapping.h */,
				69ED7A4A3BD1A49CCC1AB9A4 /* EMKMapping.m */,
				69ED708A80E35F7B61D6929B /* EMKPropertyMapping.h */,
			);
			path = Abstract;
			sourceTree = "<group>";
		};
		69ED7B2C70DA11D52BF16D3B /* Fixtures */ = {
			isa = PBXGroup;
			children = (
				69ED7488F1418C2F22FA30B6 /* Female.json */,
				69ED717EADF381A7F466890E /* Male.json */,
				69ED763C36518D190E24517F /* Address.json */,
				69ED7887F80745ABCA293D93 /* Cars.json */,
				69ED783924C864E6279DFC88 /* Car.json */,
				69ED7F2F8ED456187192D245 /* Person.json */,
				69ED728DDEFE606C14EB8B95 /* CarWithNestedAttributes.json */,
				69ED796C38E3BCB5A62710FD /* CarWithDate.json */,
				69ED77C22D4CBE880B17D336 /* CarWithRoot.json */,
			);
			path = Fixtures;
			sourceTree = "<group>";
		};
		69ED7BED4BE92D2D4F4716FF /* Source */ = {
			isa = PBXGroup;
			children = (
				69ED74995A8A1B14DCDA8FB3 /* Core */,
				69ED7D6D5B95704EF3E879DA /* Extensions */,
				69ED77A829DD1436A5A2CA1B /* EasyMappingKit.h */,
				69ED7057C5D3DBE4072F331B /* Utility */,
			);
			path = Source;
			sourceTree = "<group>";
		};
		69ED7C6CCD04878CED1E5BAE /* Attribute */ = {
			isa = PBXGroup;
			children = (
				69ED724125F45703B27BFC0C /* EMKAttributeMapping.h */,
				69ED7141C706CAC006EADE5A /* EMKAttributeMapping.m */,
				69ED7539B5509DF9599396EA /* EMKAttributeMapping+Extension.h */,
				69ED718D4E6F950EE17E08C6 /* EMKAttributeMapping+Extension.m */,
			);
			path = Attribute;
			sourceTree = "<group>";
		};
		69ED7C716C176C89DA2C9636 /* Object */ = {
			isa = PBXGroup;
			children = (
				69ED70753A27735A60785078 /* EMKObjectMapping.h */,
				69ED7972B98B6046006A3F97 /* EMKObjectMapping.m */,
				69ED7EA48925307F4DB06848 /* EMKManagedObjectMapping.h */,
				69ED790F30E4E551B1416E60 /* EMKManagedObjectMapping.m */,
			);
			path = Object;
			sourceTree = "<group>";
		};
		69ED7C8732A1C26BF1CF78CD /* Deserializer */ = {
			isa = PBXGroup;
			children = (
				69ED7039B8922439BE9D1B8C /* EMKObjectDeserializer.h */,
				69ED79ACE44B6BFB58B0B3F5 /* EMKObjectDeserializer.m */,
				69ED771F4A0CC2BB6D9583BC /* EMKManagedObjectDeserializer.h */,
				69ED772E50A1A831B78D48B3 /* EMKManagedObjectDeserializer.m */,
			);
			path = Deserializer;
			sourceTree = "<group>";
		};
		69ED7CB4B4B9CD8DDF958D64 /* Lookup Cache */ = {
			isa = PBXGroup;
			children = (
				69ED7D24C1EE78C03CAB9C9B /* EMKLookupCache.m */,
				69ED7DE30D50997F9408F36E /* EMKLookupCache.h */,
			);
			path = "Lookup Cache";
			sourceTree = "<group>";
		};
		69ED7D6D5B95704EF3E879DA /* Extensions */ = {
			isa = PBXGroup;
			children = (
				69ED752D2981B7C6882366D2 /* Foundation */,
			);
			path = Extensions;
			sourceTree = "<group>";
		};
/* End PBXGroup section */

/* Begin PBXHeadersBuildPhase section */
		2CF809A118C3AE6E00C07899 /* Headers */ = {
			isa = PBXHeadersBuildPhase;
			buildActionMask = 2147483647;
			files = (
				2CF809A218C3AE9A00C07899 /* EMKMapping.h in Headers */,
				2CF809A318C3AE9A00C07899 /* EMKObjectMapping.h in Headers */,
				2CF809A418C3AE9A00C07899 /* EMKAttributeMapping.h in Headers */,
				2CF809A518C3AE9A00C07899 /* EMKRelationshipMapping.h in Headers */,
				2CF809A618C3AE9A00C07899 /* EMKSerializer.h in Headers */,
				2CF809A818C3AE9A00C07899 /* EMKObjectDeserializer.h in Headers */,
				2CF809A918C3AE9A00C07899 /* EMKManagedObjectDeserializer.h in Headers */,
				2CF809AA18C3AE9A00C07899 /* EasyMappingKit.h in Headers */,
				2CF809AB18C3AE9A00C07899 /* EMKTypes.h in Headers */,
				2CF809AC18C3AEC800C07899 /* EMKAttributeMapping+Extension.h in Headers */,
				2CF809AD18C3AEC800C07899 /* NSArray+EMKExtension.h in Headers */,
				2CF809AF18C3AEC800C07899 /* EMKPropertyHelper.h in Headers */,
				2CF809B018C3AEC800C07899 /* EMKTransformer.h in Headers */,
				69ED7E8934131F087C5492A3 /* EMKLookupCache.h in Headers */,
				69ED72338B6419101B1C8CDB /* NSObject+EMKKVC.h in Headers */,
			);
			runOnlyForDeploymentPostprocessing = 0;
		};
/* End PBXHeadersBuildPhase section */

/* Begin PBXNativeTarget section */
		2CF8097718C3AD5700C07899 /* EasyMappingKit */ = {
			isa = PBXNativeTarget;
			buildConfigurationList = 2CF8099B18C3AD5700C07899 /* Build configuration list for PBXNativeTarget "EasyMappingKit" */;
			buildPhases = (
				2CF8097418C3AD5700C07899 /* Sources */,
				2CF8097518C3AD5700C07899 /* Frameworks */,
				2CF8097618C3AD5700C07899 /* CopyFiles */,
				2CF809A118C3AE6E00C07899 /* Headers */,
			);
			buildRules = (
			);
			dependencies = (
			);
			name = EasyMappingKit;
			productName = EasyMappingKit;
			productReference = 2CF8097818C3AD5700C07899 /* libEasyMappingKit.a */;
			productType = "com.apple.product-type.library.static";
		};
		2CF8098718C3AD5700C07899 /* EasyMappingKitTests */ = {
			isa = PBXNativeTarget;
			buildConfigurationList = 2CF8099E18C3AD5700C07899 /* Build configuration list for PBXNativeTarget "EasyMappingKitTests" */;
			buildPhases = (
				9AD89FD89C554CF99FC3CF3C /* Check Pods Manifest.lock */,
				2CF8098418C3AD5700C07899 /* Sources */,
				2CF8098518C3AD5700C07899 /* Frameworks */,
				2CF8098618C3AD5700C07899 /* Resources */,
				F5B003E9BC094FFC8DCC0B1A /* Copy Pods Resources */,
			);
			buildRules = (
			);
			dependencies = (
				2CF8098F18C3AD5700C07899 /* PBXTargetDependency */,
			);
			name = EasyMappingKitTests;
			productName = EasyMappingKitTests;
			productReference = 2CF8098818C3AD5700C07899 /* EasyMappingKitTests.octest */;
			productType = "com.apple.product-type.bundle.unit-test";
		};
/* End PBXNativeTarget section */

/* Begin PBXProject section */
		2CF8097018C3AD5700C07899 /* Project object */ = {
			isa = PBXProject;
			attributes = {
				LastUpgradeCheck = 0500;
				ORGANIZATIONNAME = Yalantis;
			};
			buildConfigurationList = 2CF8097318C3AD5700C07899 /* Build configuration list for PBXProject "EasyMappingKit" */;
			compatibilityVersion = "Xcode 3.2";
			developmentRegion = English;
			hasScannedForEncodings = 0;
			knownRegions = (
				en,
			);
			mainGroup = 2CF8096F18C3AD5700C07899;
			productRefGroup = 2CF8097918C3AD5700C07899 /* Products */;
			projectDirPath = "";
			projectRoot = "";
			targets = (
				2CF8097718C3AD5700C07899 /* EasyMappingKit */,
				2CF8098718C3AD5700C07899 /* EasyMappingKitTests */,
			);
		};
/* End PBXProject section */

/* Begin PBXResourcesBuildPhase section */
		2CF8098618C3AD5700C07899 /* Resources */ = {
			isa = PBXResourcesBuildPhase;
			buildActionMask = 2147483647;
			files = (
				2CF8099618C3AD5700C07899 /* InfoPlist.strings in Resources */,
				69ED7D1074E091D346E99840 /* Female.json in Resources */,
				69ED749AAEEA59355D537093 /* Male.json in Resources */,
				69ED7E25DD69AA7BEE5C7E01 /* Address.json in Resources */,
				69ED77E5C9F6A0598C37B2A8 /* Cars.json in Resources */,
				69ED79344D2710F40CE5649F /* Car.json in Resources */,
				69ED7DDF1982C4B7F7D9E4ED /* Person.json in Resources */,
				69ED7B2C4E0F983FCF28D04B /* CarWithNestedAttributes.json in Resources */,
				69ED78998BBBD3037ACBFBAD /* CarWithDate.json in Resources */,
				69ED7DDA9967DE986D86D66D /* CarWithRoot.json in Resources */,
			);
			runOnlyForDeploymentPostprocessing = 0;
		};
/* End PBXResourcesBuildPhase section */

/* Begin PBXShellScriptBuildPhase section */
		9AD89FD89C554CF99FC3CF3C /* Check Pods Manifest.lock */ = {
			isa = PBXShellScriptBuildPhase;
			buildActionMask = 2147483647;
			files = (
			);
			inputPaths = (
			);
			name = "Check Pods Manifest.lock";
			outputPaths = (
			);
			runOnlyForDeploymentPostprocessing = 0;
			shellPath = /bin/sh;
			shellScript = "diff \"${PODS_ROOT}/../Podfile.lock\" \"${PODS_ROOT}/Manifest.lock\" > /dev/null\nif [[ $? != 0 ]] ; then\n    cat << EOM\nerror: The sandbox is not in sync with the Podfile.lock. Run 'pod install' or update your CocoaPods installation.\nEOM\n    exit 1\nfi\n";
			showEnvVarsInLog = 0;
		};
		F5B003E9BC094FFC8DCC0B1A /* Copy Pods Resources */ = {
			isa = PBXShellScriptBuildPhase;
			buildActionMask = 2147483647;
			files = (
			);
			inputPaths = (
			);
			name = "Copy Pods Resources";
			outputPaths = (
			);
			runOnlyForDeploymentPostprocessing = 0;
			shellPath = /bin/sh;
			shellScript = "\"${SRCROOT}/Pods/Pods-EasyMappingKitTests-resources.sh\"\n";
			showEnvVarsInLog = 0;
		};
/* End PBXShellScriptBuildPhase section */

/* Begin PBXSourcesBuildPhase section */
		2CF8097418C3AD5700C07899 /* Sources */ = {
			isa = PBXSourcesBuildPhase;
			buildActionMask = 2147483647;
			files = (
				69ED7118E43D74A843AA1E54 /* EMKMapping.m in Sources */,
				69ED7C04B0D06A2E75D9CDDD /* EMKObjectMapping.m in Sources */,
				69ED7687DEAC011EE09F5D1A /* EMKManagedObjectMapping.m in Sources */,
				69ED7299E71FA1B0B34E9764 /* EMKAttributeMapping.m in Sources */,
				69ED70D8C859F4A0BDE4DCF8 /* EMKAttributeMapping+Extension.m in Sources */,
				69ED7A9D4C100F6C8EEEDC03 /* EMKRelationshipMapping.m in Sources */,
				69ED797C93C27C8E3BBC1BDB /* EMKSerializer.m in Sources */,
				69ED776944D5FF7D7166F975 /* EMKObjectDeserializer.m in Sources */,
				69ED7DADB8044F2B42C1CD94 /* EMKManagedObjectDeserializer.m in Sources */,
				69ED7144E37E067666813AF9 /* NSArray+EMKExtension.m in Sources */,
				69ED7687C035FA51A536AB56 /* EMKPropertyHelper.m in Sources */,
				69ED7907DC5AB1674B8CF3F5 /* EMKTransformer.m in Sources */,
				69ED756EBF9D955A7B6A580A /* EMKLookupCache.m in Sources */,
				69ED74D218BD6B3888549434 /* NSObject+EMKKVC.m in Sources */,
			);
			runOnlyForDeploymentPostprocessing = 0;
		};
		2CF8098418C3AD5700C07899 /* Sources */ = {
			isa = PBXSourcesBuildPhase;
			buildActionMask = 2147483647;
			files = (
				69ED7B5A4AEF8A7C51C3BD9E /* EKManagedObjectMappingSpec.m in Sources */,
				69ED78FC89BF855B3437E4A8 /* MappingProvider.m in Sources */,
				69ED7C39C3F28A6F5AA7C832 /* Person.m in Sources */,
				69ED7AB4E97F7AB978DA28DE /* Car.m in Sources */,
				69ED7FE6802392B08E4E6A3B /* Phone.m in Sources */,
				69ED73EA3882D6453266FB46 /* EasyMappingCoreDataExample.xcdatamodel in Sources */,
				69ED79680ECCD155C4ACF7F9 /* EKManagedObjectDeserializerSpec.m in Sources */,
			);
			runOnlyForDeploymentPostprocessing = 0;
		};
/* End PBXSourcesBuildPhase section */

/* Begin PBXTargetDependency section */
		2CF8098F18C3AD5700C07899 /* PBXTargetDependency */ = {
			isa = PBXTargetDependency;
			target = 2CF8097718C3AD5700C07899 /* EasyMappingKit */;
			targetProxy = 2CF8098E18C3AD5700C07899 /* PBXContainerItemProxy */;
		};
/* End PBXTargetDependency section */

/* Begin PBXVariantGroup section */
		2CF8099418C3AD5700C07899 /* InfoPlist.strings */ = {
			isa = PBXVariantGroup;
			children = (
				2CF8099518C3AD5700C07899 /* en */,
			);
			name = InfoPlist.strings;
			sourceTree = "<group>";
		};
/* End PBXVariantGroup section */

/* Begin XCBuildConfiguration section */
		2CF8099918C3AD5700C07899 /* Debug */ = {
			isa = XCBuildConfiguration;
			buildSettings = {
				ALWAYS_SEARCH_USER_PATHS = NO;
				ARCHS = "$(ARCHS_STANDARD_INCLUDING_64_BIT)";
				CLANG_CXX_LANGUAGE_STANDARD = "gnu++0x";
				CLANG_CXX_LIBRARY = "libc++";
				CLANG_ENABLE_MODULES = YES;
				CLANG_ENABLE_OBJC_ARC = YES;
				CLANG_WARN_BOOL_CONVERSION = YES;
				CLANG_WARN_CONSTANT_CONVERSION = YES;
				CLANG_WARN_DIRECT_OBJC_ISA_USAGE = YES_ERROR;
				CLANG_WARN_EMPTY_BODY = YES;
				CLANG_WARN_ENUM_CONVERSION = YES;
				CLANG_WARN_INT_CONVERSION = YES;
				CLANG_WARN_OBJC_ROOT_CLASS = YES_ERROR;
				CLANG_WARN__DUPLICATE_METHOD_MATCH = YES;
				COPY_PHASE_STRIP = NO;
				GCC_C_LANGUAGE_STANDARD = gnu99;
				GCC_DYNAMIC_NO_PIC = NO;
				GCC_OPTIMIZATION_LEVEL = 0;
				GCC_PREPROCESSOR_DEFINITIONS = (
					"DEBUG=1",
					"$(inherited)",
				);
				GCC_SYMBOLS_PRIVATE_EXTERN = NO;
				GCC_WARN_64_TO_32_BIT_CONVERSION = YES;
				GCC_WARN_ABOUT_RETURN_TYPE = YES_ERROR;
				GCC_WARN_UNDECLARED_SELECTOR = YES;
				GCC_WARN_UNINITIALIZED_AUTOS = YES;
				GCC_WARN_UNUSED_FUNCTION = YES;
				GCC_WARN_UNUSED_VARIABLE = YES;
				IPHONEOS_DEPLOYMENT_TARGET = 7.0;
				ONLY_ACTIVE_ARCH = YES;
				SDKROOT = iphoneos;
			};
			name = Debug;
		};
		2CF8099A18C3AD5700C07899 /* Release */ = {
			isa = XCBuildConfiguration;
			buildSettings = {
				ALWAYS_SEARCH_USER_PATHS = NO;
				ARCHS = "$(ARCHS_STANDARD_INCLUDING_64_BIT)";
				CLANG_CXX_LANGUAGE_STANDARD = "gnu++0x";
				CLANG_CXX_LIBRARY = "libc++";
				CLANG_ENABLE_MODULES = YES;
				CLANG_ENABLE_OBJC_ARC = YES;
				CLANG_WARN_BOOL_CONVERSION = YES;
				CLANG_WARN_CONSTANT_CONVERSION = YES;
				CLANG_WARN_DIRECT_OBJC_ISA_USAGE = YES_ERROR;
				CLANG_WARN_EMPTY_BODY = YES;
				CLANG_WARN_ENUM_CONVERSION = YES;
				CLANG_WARN_INT_CONVERSION = YES;
				CLANG_WARN_OBJC_ROOT_CLASS = YES_ERROR;
				CLANG_WARN__DUPLICATE_METHOD_MATCH = YES;
				COPY_PHASE_STRIP = YES;
				ENABLE_NS_ASSERTIONS = NO;
				GCC_C_LANGUAGE_STANDARD = gnu99;
				GCC_WARN_64_TO_32_BIT_CONVERSION = YES;
				GCC_WARN_ABOUT_RETURN_TYPE = YES_ERROR;
				GCC_WARN_UNDECLARED_SELECTOR = YES;
				GCC_WARN_UNINITIALIZED_AUTOS = YES;
				GCC_WARN_UNUSED_FUNCTION = YES;
				GCC_WARN_UNUSED_VARIABLE = YES;
				IPHONEOS_DEPLOYMENT_TARGET = 7.0;
				SDKROOT = iphoneos;
				VALIDATE_PRODUCT = YES;
			};
			name = Release;
		};
		2CF8099C18C3AD5700C07899 /* Debug */ = {
			isa = XCBuildConfiguration;
			buildSettings = {
				DSTROOT = /tmp/EasyMappingKit.dst;
				GCC_PRECOMPILE_PREFIX_HEADER = YES;
				GCC_PREFIX_HEADER = "EasyMappingKit/EasyMappingKit-Prefix.pch";
				OTHER_LDFLAGS = (
					"-ObjC",
					"$(inherited)",
				);
				PRODUCT_NAME = "$(TARGET_NAME)";
				SKIP_INSTALL = YES;
			};
			name = Debug;
		};
		2CF8099D18C3AD5700C07899 /* Release */ = {
			isa = XCBuildConfiguration;
			buildSettings = {
				DSTROOT = /tmp/EasyMappingKit.dst;
				GCC_PRECOMPILE_PREFIX_HEADER = YES;
				GCC_PREFIX_HEADER = "EasyMappingKit/EasyMappingKit-Prefix.pch";
				OTHER_LDFLAGS = (
					"-ObjC",
					"$(inherited)",
				);
				PRODUCT_NAME = "$(TARGET_NAME)";
				SKIP_INSTALL = YES;
			};
			name = Release;
		};
		2CF8099F18C3AD5700C07899 /* Debug */ = {
			isa = XCBuildConfiguration;
			baseConfigurationReference = 2C533D19170E45D087B38DD0 /* Pods-EasyMappingKitTests.xcconfig */;
			buildSettings = {
				ARCHS = "$(ARCHS_STANDARD_INCLUDING_64_BIT)";
				FRAMEWORK_SEARCH_PATHS = (
					"$(SDKROOT)/Developer/Library/Frameworks",
					"$(inherited)",
					"$(DEVELOPER_FRAMEWORKS_DIR)",
				);
				GCC_PRECOMPILE_PREFIX_HEADER = YES;
				GCC_PREFIX_HEADER = "EasyMappingKit/EasyMappingKit-Prefix.pch";
				GCC_PREPROCESSOR_DEFINITIONS = (
					"DEBUG=1",
					"$(inherited)",
				);
				INFOPLIST_FILE = "EasyMappingKitTests/EasyMappingKitTests-Info.plist";
				PRODUCT_NAME = "$(TARGET_NAME)";
				WRAPPER_EXTENSION = octest;
			};
			name = Debug;
		};
		2CF809A018C3AD5700C07899 /* Release */ = {
			isa = XCBuildConfiguration;
			baseConfigurationReference = 2C533D19170E45D087B38DD0 /* Pods-EasyMappingKitTests.xcconfig */;
			buildSettings = {
				ARCHS = "$(ARCHS_STANDARD_INCLUDING_64_BIT)";
				FRAMEWORK_SEARCH_PATHS = (
					"$(SDKROOT)/Developer/Library/Frameworks",
					"$(inherited)",
					"$(DEVELOPER_FRAMEWORKS_DIR)",
				);
				GCC_PRECOMPILE_PREFIX_HEADER = YES;
				GCC_PREFIX_HEADER = "EasyMappingKit/EasyMappingKit-Prefix.pch";
				INFOPLIST_FILE = "EasyMappingKitTests/EasyMappingKitTests-Info.plist";
				PRODUCT_NAME = "$(TARGET_NAME)";
				WRAPPER_EXTENSION = octest;
			};
			name = Release;
		};
/* End XCBuildConfiguration section */

/* Begin XCConfigurationList section */
		2CF8097318C3AD5700C07899 /* Build configuration list for PBXProject "EasyMappingKit" */ = {
			isa = XCConfigurationList;
			buildConfigurations = (
				2CF8099918C3AD5700C07899 /* Debug */,
				2CF8099A18C3AD5700C07899 /* Release */,
			);
			defaultConfigurationIsVisible = 0;
			defaultConfigurationName = Release;
		};
		2CF8099B18C3AD5700C07899 /* Build configuration list for PBXNativeTarget "EasyMappingKit" */ = {
			isa = XCConfigurationList;
			buildConfigurations = (
				2CF8099C18C3AD5700C07899 /* Debug */,
				2CF8099D18C3AD5700C07899 /* Release */,
			);
			defaultConfigurationIsVisible = 0;
			defaultConfigurationName = Release;
		};
		2CF8099E18C3AD5700C07899 /* Build configuration list for PBXNativeTarget "EasyMappingKitTests" */ = {
			isa = XCConfigurationList;
			buildConfigurations = (
				2CF8099F18C3AD5700C07899 /* Debug */,
				2CF809A018C3AD5700C07899 /* Release */,
			);
			defaultConfigurationIsVisible = 0;
			defaultConfigurationName = Release;
		};
/* End XCConfigurationList section */
	};
	rootObject = 2CF8097018C3AD5700C07899 /* Project object */;
}
