// !$*UTF8*$!
{
	archiveVersion = 1;
	classes = {
	};
	objectVersion = 46;
	objects = {

/* Begin PBXAggregateTarget section */
		AD86003D1B9ECBCD00265307 /* Realm */ = {
			isa = PBXAggregateTarget;
			buildConfigurationList = AD8600401B9ECBCD00265307 /* Build configuration list for PBXAggregateTarget "Realm" */;
			buildPhases = (
				AD8600411B9ECBD600265307 /* ShellScript */,
			);
			dependencies = (
			);
			name = Realm;
			productName = Realm;
		};
		ADEC66EF1B9DA45600F528C8 /* FastEasyMapping Universal */ = {
			isa = PBXAggregateTarget;
			buildConfigurationList = ADEC66F01B9DA45600F528C8 /* Build configuration list for PBXAggregateTarget "FastEasyMapping Universal" */;
			buildPhases = (
				ADEC66F31B9DA45F00F528C8 /* Lipo */,
			);
			dependencies = (
			);
			name = "FastEasyMapping Universal";
			productName = "FastEasyMapping Universal";
		};
		ADEC66F81B9DA4B700F528C8 /* FastEasyMappingRealm Universal */ = {
			isa = PBXAggregateTarget;
			buildConfigurationList = ADEC66FA1B9DA4B700F528C8 /* Build configuration list for PBXAggregateTarget "FastEasyMappingRealm Universal" */;
			buildPhases = (
				ADEC66F91B9DA4B700F528C8 /* Lipo */,
			);
			dependencies = (
			);
			name = "FastEasyMappingRealm Universal";
			productName = "FastEasyMapping Universal";
		};
/* End PBXAggregateTarget section */

/* Begin PBXBuildFile section */
		1D6A324055B27F52CF7B8719 /* Person_1.json in Resources */ = {isa = PBXBuildFile; fileRef = 1D6A31C3D577329518B3E664 /* Person_1.json */; };
		1D6A32E571F68582DB1ED8F0 /* SupportedTypes.json in Resources */ = {isa = PBXBuildFile; fileRef = 1D6A36124FB2AD338633B51E /* SupportedTypes.json */; };
		1D6A32FD3994DE168D52A429 /* FEMRealmAssignmentPolicy.m in Sources */ = {isa = PBXBuildFile; fileRef = 1D6A35F087F7336FE6068111 /* FEMRealmAssignmentPolicy.m */; };
		1D6A34C84E523B5F58F87C5E /* PersonWithMissingRelationships.json in Resources */ = {isa = PBXBuildFile; fileRef = 1D6A34832F9D9655B8006CA7 /* PersonWithMissingRelationships.json */; };
		1D6A370F588D1C2F011CAAD0 /* PersonWithCar_2.json in Resources */ = {isa = PBXBuildFile; fileRef = 1D6A3466BDE4D4241DCB93D3 /* PersonWithCar_2.json */; };
		1D6A387E0A67DFC3C1AA2489 /* FEMDeserializerSpec.m in Sources */ = {isa = PBXBuildFile; fileRef = 1D6A3F67D4BEFD25642585B9 /* FEMDeserializerSpec.m */; };
		1D6A3AF7BB43E426B1660DF8 /* RealmObject.m in Sources */ = {isa = PBXBuildFile; fileRef = 1D6A363A400485F5A9B64D31 /* RealmObject.m */; };
		1D6A3B04DDB373C1542E785F /* PersonWithNullRelationships.json in Resources */ = {isa = PBXBuildFile; fileRef = 1D6A3A47A8DEF276ECDCDF46 /* PersonWithNullRelationships.json */; };
		1D6A3D06C8F83DBA236FB488 /* FEMRealmAssignmentPolicy.h in Headers */ = {isa = PBXBuildFile; fileRef = 1D6A3F1887266DBDD813C8D3 /* FEMRealmAssignmentPolicy.h */; };
		1D6A3D32342A71CC6BCA3855 /* Person_2.json in Resources */ = {isa = PBXBuildFile; fileRef = 1D6A3ACBBC8E66609F169E94 /* Person_2.json */; };
		1D6A3E518B28A2D171B3B2F4 /* FEMCacheSpec.m in Sources */ = {isa = PBXBuildFile; fileRef = 1D6A3B2EBB16587406F244B6 /* FEMCacheSpec.m */; };
		1D6A3EB013A2AC7B8B7B69CE /* PersonWithCar_1.json in Resources */ = {isa = PBXBuildFile; fileRef = 1D6A3E2CCF90DF3444D0707E /* PersonWithCar_1.json */; };
		2C375F1318CCD3FB00FCB8EA /* EasyMappingCoreDataExample.xcdatamodel in Sources */ = {isa = PBXBuildFile; fileRef = 2C375F1018CCBC2900FCB8EA /* EasyMappingCoreDataExample.xcdatamodel */; };
		2C375F1418CCD3FB00FCB8EA /* Car.m in Sources */ = {isa = PBXBuildFile; fileRef = 69ED767EE6E89A487714CDF8 /* Car.m */; };
		2C375F1518CCD3FB00FCB8EA /* Phone.m in Sources */ = {isa = PBXBuildFile; fileRef = 69ED75A1803E4FA721E79895 /* Phone.m */; };
		2C375F1618CCD3FB00FCB8EA /* Person.m in Sources */ = {isa = PBXBuildFile; fileRef = 69ED78FBF03886650959C5AE /* Person.m */; };
		2C375F1718CCD3FB00FCB8EA /* NativeChild.m in Sources */ = {isa = PBXBuildFile; fileRef = 69ED747DF1709A9ABAC81F68 /* NativeChild.m */; };
		2C375F1818CCD3FB00FCB8EA /* AddressNative.m in Sources */ = {isa = PBXBuildFile; fileRef = 69ED714FF0FE4A0F2A6F5928 /* AddressNative.m */; };
		2C375F1918CCD3FB00FCB8EA /* CatNative.m in Sources */ = {isa = PBXBuildFile; fileRef = 69ED76E0E8184C9BDF3CE713 /* CatNative.m */; };
		2C375F1A18CCD3FB00FCB8EA /* PhoneNative.m in Sources */ = {isa = PBXBuildFile; fileRef = 69ED7E3F8292CA5FAB383E45 /* PhoneNative.m */; };
		2C375F1B18CCD3FB00FCB8EA /* PlaneNative.m in Sources */ = {isa = PBXBuildFile; fileRef = 69ED74EA8FEC3EC66EF72AA7 /* PlaneNative.m */; };
		2C375F1C18CCD3FB00FCB8EA /* Native.m in Sources */ = {isa = PBXBuildFile; fileRef = 69ED749AC1C7BE9BBB361F2B /* Native.m */; };
		2C375F1D18CCD3FB00FCB8EA /* FingerNative.m in Sources */ = {isa = PBXBuildFile; fileRef = 69ED7E9D5D47846FEFCA62F5 /* FingerNative.m */; };
		2C375F1E18CCD3FB00FCB8EA /* SeaplaneNative.m in Sources */ = {isa = PBXBuildFile; fileRef = 69ED782333EB910A1F420719 /* SeaplaneNative.m */; };
		2C375F1F18CCD3FB00FCB8EA /* AlienNative.m in Sources */ = {isa = PBXBuildFile; fileRef = 69ED76A31CE5167D72298490 /* AlienNative.m */; };
		2C375F2018CCD3FB00FCB8EA /* PersonNative.m in Sources */ = {isa = PBXBuildFile; fileRef = 69ED7C0B46A2C9AC90B37710 /* PersonNative.m */; };
		2C375F2118CCD3FB00FCB8EA /* CarNative.m in Sources */ = {isa = PBXBuildFile; fileRef = 69ED734D9AF0D834B3D9D190 /* CarNative.m */; };
		2C375F3018CCD40200FCB8EA /* Female.json in Resources */ = {isa = PBXBuildFile; fileRef = 69ED7D96C7E8C393B9DEB695 /* Female.json */; };
		2C375F3118CCD40200FCB8EA /* PersonWithDifferentNaming.json in Resources */ = {isa = PBXBuildFile; fileRef = 69ED793ABFE3F8A13E1E3D30 /* PersonWithDifferentNaming.json */; };
		2C375F3218CCD40200FCB8EA /* Cars.json in Resources */ = {isa = PBXBuildFile; fileRef = 69ED70F7239A59402E626302 /* Cars.json */; };
		2C375F3318CCD40200FCB8EA /* Native.json in Resources */ = {isa = PBXBuildFile; fileRef = 69ED796AD9048CFCF07439D0 /* Native.json */; };
		2C375F3418CCD40200FCB8EA /* Alien.json in Resources */ = {isa = PBXBuildFile; fileRef = 69ED7EC1199D47734B9812E7 /* Alien.json */; };
		2C375F3518CCD40200FCB8EA /* Plane.json in Resources */ = {isa = PBXBuildFile; fileRef = 69ED7209D50C3640D4456C8D /* Plane.json */; };
		2C375F3618CCD40200FCB8EA /* CarWithRoot.json in Resources */ = {isa = PBXBuildFile; fileRef = 69ED7FE4AD3F8C3BD25B5825 /* CarWithRoot.json */; };
		2C375F3718CCD40200FCB8EA /* CarWithDate.json in Resources */ = {isa = PBXBuildFile; fileRef = 69ED758473F42E39AE484636 /* CarWithDate.json */; };
		2C375F3818CCD40200FCB8EA /* CarWithNestedAttributes.json in Resources */ = {isa = PBXBuildFile; fileRef = 69ED7BBE657BC5F333DD5560 /* CarWithNestedAttributes.json */; };
		2C375F3918CCD40200FCB8EA /* Male.json in Resources */ = {isa = PBXBuildFile; fileRef = 69ED78A3F1B154B04AA09ABB /* Male.json */; };
		2C375F3A18CCD40200FCB8EA /* Address.json in Resources */ = {isa = PBXBuildFile; fileRef = 69ED7810DD72B240882E07DF /* Address.json */; };
		2C375F3B18CCD40200FCB8EA /* Person.json in Resources */ = {isa = PBXBuildFile; fileRef = 69ED79AD80703DC44EFCC7EE /* Person.json */; };
		2C375F3C18CCD40200FCB8EA /* Car.json in Resources */ = {isa = PBXBuildFile; fileRef = 69ED74F0986B6C6DD2614CB7 /* Car.json */; };
		2C375F3D18CCD40200FCB8EA /* NativeChild.json in Resources */ = {isa = PBXBuildFile; fileRef = 69ED7CF6DFFBDF7A0BF32AFC /* NativeChild.json */; };
		2C375F4318CCD49B00FCB8EA /* MappingProviderNative.m in Sources */ = {isa = PBXBuildFile; fileRef = 69ED799D533AED10DCFB4106 /* MappingProviderNative.m */; };
		2C375F4418CCD49B00FCB8EA /* MappingProvider.m in Sources */ = {isa = PBXBuildFile; fileRef = 69ED7532E1E5E3196BC27932 /* MappingProvider.m */; };
		2CF8098B18C3AD5700C07899 /* Foundation.framework in Frameworks */ = {isa = PBXBuildFile; fileRef = 2CF8097B18C3AD5700C07899 /* Foundation.framework */; };
		69ED7D115200A0D4F52DBBCA /* InfoPlist.strings in Resources */ = {isa = PBXBuildFile; fileRef = 69ED730BF972DF74DC2BA5B3 /* InfoPlist.strings */; };
		6A5B5D97D6121AC62AF27C72 /* libPods-FastEasyMappingTests.a in Frameworks */ = {isa = PBXBuildFile; fileRef = 523ACE0BE849DD1AC2A8B240 /* libPods-FastEasyMappingTests.a */; };
		7F86EF41F2032565EEFD5AD5 /* libPods-FastEasyMappingRealmTests.a in Frameworks */ = {isa = PBXBuildFile; fileRef = 32116107E176EC31192827C8 /* libPods-FastEasyMappingRealmTests.a */; };
		AD41A6A41B9DFA4C007F5729 /* FastEasyMapping.framework in Frameworks */ = {isa = PBXBuildFile; fileRef = ADEC66A91B9D9DEB00F528C8 /* FastEasyMapping.framework */; };
		AD52DF831B0387C000E46915 /* FEMManagedObjectMappingSpec.m in Sources */ = {isa = PBXBuildFile; fileRef = 69ED7C04E2BE02B24CFA1D7C /* FEMManagedObjectMappingSpec.m */; };
		AD52DF841B0387C000E46915 /* FEMManagedObjectDeserializerSpec.m in Sources */ = {isa = PBXBuildFile; fileRef = 69ED7C1B06B95B6C90EBB53A /* FEMManagedObjectDeserializerSpec.m */; };
		AD52DF851B0387C000E46915 /* FEMObjectMappingSpec.m in Sources */ = {isa = PBXBuildFile; fileRef = 69ED7EC086EF5CE3263C6D8D /* FEMObjectMappingSpec.m */; };
		AD52DF861B0387C000E46915 /* FEMObjectDeserializerSpec.m in Sources */ = {isa = PBXBuildFile; fileRef = 69ED7A9AEF651DACBF9BBC8F /* FEMObjectDeserializerSpec.m */; };
		AD52DF871B0387C000E46915 /* FEMSerializerSpec.m in Sources */ = {isa = PBXBuildFile; fileRef = 69ED75B675560A0A804494CB /* FEMSerializerSpec.m */; };
		AD52DF891B0387C000E46915 /* FEMAttributeMappingSpec.m in Sources */ = {isa = PBXBuildFile; fileRef = 1D6A334CB9A14401554BDA18 /* FEMAttributeMappingSpec.m */; };
		AD8600461B9ECCDB00265307 /* FastEasyMapping.framework in Frameworks */ = {isa = PBXBuildFile; fileRef = ADEC66A91B9D9DEB00F528C8 /* FastEasyMapping.framework */; };
		AD86004A1B9ECF2100265307 /* Realm.framework in Frameworks */ = {isa = PBXBuildFile; fileRef = AD8600491B9ECF2100265307 /* Realm.framework */; };
		AD86004D1B9ED9C800265307 /* libc++.tbd in Frameworks */ = {isa = PBXBuildFile; fileRef = AD86004B1B9ECF4800265307 /* libc++.tbd */; };
		ADABAFDD1B9EDC1A003D8614 /* libc++.dylib in Frameworks */ = {isa = PBXBuildFile; fileRef = ADF700F21B9A1EE200713D61 /* libc++.dylib */; };
		ADEC66C41B9D9E7000F528C8 /* FastEasyMapping.h in Headers */ = {isa = PBXBuildFile; fileRef = ADEC66C21B9D9E7000F528C8 /* FastEasyMapping.h */; settings = {ATTRIBUTES = (Public, ); }; };
		ADEC66C61B9D9F5200F528C8 /* NSArray+FEMPropertyRepresentation.h in Headers */ = {isa = PBXBuildFile; fileRef = 69ED7645386941DA79C1E53A /* NSArray+FEMPropertyRepresentation.h */; };
		ADEC66C71B9D9F5200F528C8 /* NSObject+FEMKVCExtension.h in Headers */ = {isa = PBXBuildFile; fileRef = 69ED769040647781DD8B196D /* NSObject+FEMKVCExtension.h */; };
		ADEC66C81B9D9F5200F528C8 /* FEMExcludableCollection.h in Headers */ = {isa = PBXBuildFile; fileRef = 1D6A3AF6BD6EABAAACD8D4B8 /* FEMExcludableCollection.h */; };
		ADEC66C91B9D9F5200F528C8 /* FEMMergeableCollection.h in Headers */ = {isa = PBXBuildFile; fileRef = 1D6A368ADA05F6A09F22A3AC /* FEMMergeableCollection.h */; };
		ADEC66CA1B9D9F5200F528C8 /* FEMTypeIntrospection.h in Headers */ = {isa = PBXBuildFile; fileRef = 69ED7E6CB1B484C7F335B55F /* FEMTypeIntrospection.h */; settings = {ATTRIBUTES = (Public, ); }; };
		ADEC66CB1B9D9F5200F528C8 /* FEMTypes.h in Headers */ = {isa = PBXBuildFile; fileRef = 69ED7A8B2E60F728B99A0CB9 /* FEMTypes.h */; settings = {ATTRIBUTES = (Public, ); }; };
		ADEC66CC1B9D9F5200F528C8 /* FEMRepresentationUtility.h in Headers */ = {isa = PBXBuildFile; fileRef = 1D6A3E942488A7A8C0C01C0C /* FEMRepresentationUtility.h */; settings = {ATTRIBUTES = (Public, ); }; };
		ADEC66CD1B9D9F5200F528C8 /* FEMMappingUtility.h in Headers */ = {isa = PBXBuildFile; fileRef = 1D6A34B621512A2FE61ECE26 /* FEMMappingUtility.h */; settings = {ATTRIBUTES = (Public, ); }; };
		ADEC66CE1B9D9F5200F528C8 /* FEMAssignmentPolicy.h in Headers */ = {isa = PBXBuildFile; fileRef = 1D6A34FA0B6FCD6F0C7F5EC0 /* FEMAssignmentPolicy.h */; settings = {ATTRIBUTES = (Public, ); }; };
		ADEC66CF1B9D9F5200F528C8 /* FEMRelationshipAssignmentContext.h in Headers */ = {isa = PBXBuildFile; fileRef = 1D6A37361CCBDC43020DFFCE /* FEMRelationshipAssignmentContext.h */; settings = {ATTRIBUTES = (Public, ); }; };
		ADEC66D01B9D9F5200F528C8 /* FEMRelationshipAssignmentContext+Internal.h in Headers */ = {isa = PBXBuildFile; fileRef = 1D6A30804948F002D8862B62 /* FEMRelationshipAssignmentContext+Internal.h */; settings = {ATTRIBUTES = (Public, ); }; };
		ADEC66D11B9D9F5200F528C8 /* FEMObjectCache.h in Headers */ = {isa = PBXBuildFile; fileRef = 1D6A3C3EADDE4B98CA7ED02D /* FEMObjectCache.h */; settings = {ATTRIBUTES = (Public, ); }; };
		ADEC66D21B9D9F5200F528C8 /* FEMDeserializer.h in Headers */ = {isa = PBXBuildFile; fileRef = 1D6A331F4EC8BC4E757BBF85 /* FEMDeserializer.h */; settings = {ATTRIBUTES = (Public, ); }; };
		ADEC66D31B9D9F5200F528C8 /* FEMManagedObjectDeserializer.h in Headers */ = {isa = PBXBuildFile; fileRef = 1D6A323CABA155AEC9B3D6B8 /* FEMManagedObjectDeserializer.h */; settings = {ATTRIBUTES = (Public, ); }; };
		ADEC66D41B9D9F5200F528C8 /* FEMObjectDeserializer.h in Headers */ = {isa = PBXBuildFile; fileRef = 1D6A305882C576DFB358EEFB /* FEMObjectDeserializer.h */; settings = {ATTRIBUTES = (Public, ); }; };
		ADEC66D51B9D9F5200F528C8 /* FEMSerializer.h in Headers */ = {isa = PBXBuildFile; fileRef = 1D6A36B3B94BD2B0D6C4AD06 /* FEMSerializer.h */; settings = {ATTRIBUTES = (Public, ); }; };
		ADEC66D61B9D9F5200F528C8 /* FEMObjectStore.h in Headers */ = {isa = PBXBuildFile; fileRef = 1D6A37F305C1867040564435 /* FEMObjectStore.h */; settings = {ATTRIBUTES = (Public, ); }; };
		ADEC66D71B9D9F5200F528C8 /* FEMManagedObjectStore.h in Headers */ = {isa = PBXBuildFile; fileRef = 1D6A3430AF228C5020B144CF /* FEMManagedObjectStore.h */; settings = {ATTRIBUTES = (Public, ); }; };
		ADEC66D81B9D9F5200F528C8 /* FEMProperty.h in Headers */ = {isa = PBXBuildFile; fileRef = 1D6A3341482134DF540C9984 /* FEMProperty.h */; settings = {ATTRIBUTES = (Public, ); }; };
		ADEC66D91B9D9F5300F528C8 /* FEMMapping.h in Headers */ = {isa = PBXBuildFile; fileRef = 1D6A34DBB2F5A1C87E4DE53E /* FEMMapping.h */; settings = {ATTRIBUTES = (Public, ); }; };
		ADEC66DA1B9D9F5300F528C8 /* FEMManagedObjectMapping.h in Headers */ = {isa = PBXBuildFile; fileRef = 1D6A35160DA8688248383892 /* FEMManagedObjectMapping.h */; settings = {ATTRIBUTES = (Public, ); }; };
		ADEC66DB1B9D9F5300F528C8 /* FEMObjectMapping.h in Headers */ = {isa = PBXBuildFile; fileRef = 1D6A3173DBF517B9BF8D6A52 /* FEMObjectMapping.h */; settings = {ATTRIBUTES = (Public, ); }; };
		ADEC66DC1B9D9F5300F528C8 /* FEMAttribute.h in Headers */ = {isa = PBXBuildFile; fileRef = 1D6A382D3C311B6D926D5486 /* FEMAttribute.h */; settings = {ATTRIBUTES = (Public, ); }; };
		ADEC66DD1B9D9F5300F528C8 /* FEMRelationship.h in Headers */ = {isa = PBXBuildFile; fileRef = 1D6A37A56B84D82A750DCBE4 /* FEMRelationship.h */; settings = {ATTRIBUTES = (Public, ); }; };
		ADEC66DE1B9D9FBB00F528C8 /* NSArray+FEMPropertyRepresentation.m in Sources */ = {isa = PBXBuildFile; fileRef = 69ED757059F6C7A26468D880 /* NSArray+FEMPropertyRepresentation.m */; };
		ADEC66DF1B9D9FBB00F528C8 /* NSObject+FEMKVCExtension.m in Sources */ = {isa = PBXBuildFile; fileRef = 69ED770C14BAB15CA7926116 /* NSObject+FEMKVCExtension.m */; };
		ADEC66E01B9D9FBB00F528C8 /* FEMExcludableCollection.m in Sources */ = {isa = PBXBuildFile; fileRef = 1D6A3BDA3CA0DDFF256CDB49 /* FEMExcludableCollection.m */; };
		ADEC66E11B9D9FBB00F528C8 /* FEMMergeableCollection.m in Sources */ = {isa = PBXBuildFile; fileRef = 1D6A33C793CC8D51633186DC /* FEMMergeableCollection.m */; };
		ADEC66E21B9D9FBB00F528C8 /* FEMTypeIntrospection.m in Sources */ = {isa = PBXBuildFile; fileRef = 69ED7F5DB5E0C3FF6672226E /* FEMTypeIntrospection.m */; };
		ADEC66E31B9D9FBB00F528C8 /* FEMRepresentationUtility.m in Sources */ = {isa = PBXBuildFile; fileRef = 1D6A328FCE22411C60FBC7C4 /* FEMRepresentationUtility.m */; };
		ADEC66E41B9D9FBB00F528C8 /* FEMMappingUtility.m in Sources */ = {isa = PBXBuildFile; fileRef = 1D6A3A4F887B37995524457E /* FEMMappingUtility.m */; };
		ADEC66E51B9D9FBB00F528C8 /* FEMAssignmentPolicy.m in Sources */ = {isa = PBXBuildFile; fileRef = 1D6A324ACF5FB42E37E0D8CF /* FEMAssignmentPolicy.m */; };
		ADEC66E61B9D9FBB00F528C8 /* FEMRelationshipAssignmentContext.m in Sources */ = {isa = PBXBuildFile; fileRef = 1D6A31AE458D626C0C69EC91 /* FEMRelationshipAssignmentContext.m */; };
		ADEC66E71B9D9FBB00F528C8 /* FEMObjectCache.m in Sources */ = {isa = PBXBuildFile; fileRef = 1D6A3491990508675E01E8DC /* FEMObjectCache.m */; };
		ADEC66E81B9D9FBB00F528C8 /* FEMDeserializer.m in Sources */ = {isa = PBXBuildFile; fileRef = 1D6A3CD9F047ADC68ECAC7DA /* FEMDeserializer.m */; };
		ADEC66E91B9D9FBB00F528C8 /* FEMSerializer.m in Sources */ = {isa = PBXBuildFile; fileRef = 1D6A3D4C21C207B043AF6F1A /* FEMSerializer.m */; };
		ADEC66EA1B9D9FBB00F528C8 /* FEMObjectStore.m in Sources */ = {isa = PBXBuildFile; fileRef = 1D6A3CBCF802462694FAD510 /* FEMObjectStore.m */; };
		ADEC66EB1B9D9FBB00F528C8 /* FEMManagedObjectStore.m in Sources */ = {isa = PBXBuildFile; fileRef = 1D6A32D65203DD23C623AAD3 /* FEMManagedObjectStore.m */; };
		ADEC66EC1B9D9FBB00F528C8 /* FEMMapping.m in Sources */ = {isa = PBXBuildFile; fileRef = 1D6A3E65B1DB73E680A495BA /* FEMMapping.m */; };
		ADEC66ED1B9D9FBB00F528C8 /* FEMAttribute.m in Sources */ = {isa = PBXBuildFile; fileRef = 1D6A312125E7A338A36E4EC2 /* FEMAttribute.m */; };
		ADEC66EE1B9D9FBB00F528C8 /* FEMRelationship.m in Sources */ = {isa = PBXBuildFile; fileRef = 1D6A3C4B6BB4FD8C58AE917F /* FEMRelationship.m */; };
		ADF700AA1B99F58000713D61 /* FastEasyMappingRealm.h in Headers */ = {isa = PBXBuildFile; fileRef = ADF700A91B99F58000713D61 /* FastEasyMappingRealm.h */; settings = {ATTRIBUTES = (Public, ); }; };
		ADF700B01B99F58000713D61 /* FastEasyMappingRealm.framework in Frameworks */ = {isa = PBXBuildFile; fileRef = ADF700A51B99F57F00713D61 /* FastEasyMappingRealm.framework */; };
		ADF700C71B99F5AA00713D61 /* FEMDeserializer+Realm.h in Headers */ = {isa = PBXBuildFile; fileRef = ADF700BF1B99F5AA00713D61 /* FEMDeserializer+Realm.h */; settings = {ATTRIBUTES = (Public, ); }; };
		ADF700C81B99F5AA00713D61 /* FEMDeserializer+Realm.m in Sources */ = {isa = PBXBuildFile; fileRef = ADF700C01B99F5AA00713D61 /* FEMDeserializer+Realm.m */; };
		ADF700C91B99F5AA00713D61 /* FEMObjectCache+Realm.h in Headers */ = {isa = PBXBuildFile; fileRef = ADF700C11B99F5AA00713D61 /* FEMObjectCache+Realm.h */; settings = {ATTRIBUTES = (Public, ); }; };
		ADF700CA1B99F5AA00713D61 /* FEMObjectCache+Realm.m in Sources */ = {isa = PBXBuildFile; fileRef = ADF700C21B99F5AA00713D61 /* FEMObjectCache+Realm.m */; };
		ADF700CC1B99F5AA00713D61 /* FEMRealmStore.h in Headers */ = {isa = PBXBuildFile; fileRef = ADF700C51B99F5AA00713D61 /* FEMRealmStore.h */; settings = {ATTRIBUTES = (Public, ); }; };
		ADF700CD1B99F5AA00713D61 /* FEMRealmStore.m in Sources */ = {isa = PBXBuildFile; fileRef = ADF700C61B99F5AA00713D61 /* FEMRealmStore.m */; };
		ADF700CE1B99F5DC00713D61 /* Realm.framework in Frameworks */ = {isa = PBXBuildFile; fileRef = ADF700631B99F12200713D61 /* Realm.framework */; };
		ADF700D11B99F5F600713D61 /* CoreData.framework in Frameworks */ = {isa = PBXBuildFile; fileRef = ADF700D01B99F5F600713D61 /* CoreData.framework */; };
/* End PBXBuildFile section */

/* Begin PBXContainerItemProxy section */
		AD41A6A21B9DF9D4007F5729 /* PBXContainerItemProxy */ = {
			isa = PBXContainerItemProxy;
			containerPortal = 2CF8097018C3AD5700C07899 /* Project object */;
			proxyType = 1;
			remoteGlobalIDString = ADEC66A81B9D9DEB00F528C8;
			remoteInfo = FastEasyMapping;
		};
		AD8600441B9ECCD000265307 /* PBXContainerItemProxy */ = {
			isa = PBXContainerItemProxy;
			containerPortal = 2CF8097018C3AD5700C07899 /* Project object */;
			proxyType = 1;
			remoteGlobalIDString = ADEC66A81B9D9DEB00F528C8;
			remoteInfo = FastEasyMapping;
		};
		AD8600471B9ECCE800265307 /* PBXContainerItemProxy */ = {
			isa = PBXContainerItemProxy;
			containerPortal = 2CF8097018C3AD5700C07899 /* Project object */;
			proxyType = 1;
			remoteGlobalIDString = AD86003D1B9ECBCD00265307;
			remoteInfo = Realm;
		};
		ADF700B11B99F58000713D61 /* PBXContainerItemProxy */ = {
			isa = PBXContainerItemProxy;
			containerPortal = 2CF8097018C3AD5700C07899 /* Project object */;
			proxyType = 1;
			remoteGlobalIDString = ADF700A41B99F57F00713D61;
			remoteInfo = FastEasyMappingRealm;
		};
/* End PBXContainerItemProxy section */

/* Begin PBXFileReference section */
		1573B88C7C7FB7219D114250 /* Pods-FastEasyMappingRealmTests.debug.xcconfig */ = {isa = PBXFileReference; includeInIndex = 1; lastKnownFileType = text.xcconfig; name = "Pods-FastEasyMappingRealmTests.debug.xcconfig"; path = "Pods/Target Support Files/Pods-FastEasyMappingRealmTests/Pods-FastEasyMappingRealmTests.debug.xcconfig"; sourceTree = "<group>"; };
		1D6A305882C576DFB358EEFB /* FEMObjectDeserializer.h */ = {isa = PBXFileReference; fileEncoding = 4; lastKnownFileType = sourcecode.c.h; path = FEMObjectDeserializer.h; sourceTree = "<group>"; };
		1D6A30804948F002D8862B62 /* FEMRelationshipAssignmentContext+Internal.h */ = {isa = PBXFileReference; fileEncoding = 4; lastKnownFileType = sourcecode.c.h; path = "FEMRelationshipAssignmentContext+Internal.h"; sourceTree = "<group>"; };
		1D6A312125E7A338A36E4EC2 /* FEMAttribute.m */ = {isa = PBXFileReference; fileEncoding = 4; lastKnownFileType = sourcecode.c.objc; path = FEMAttribute.m; sourceTree = "<group>"; };
		1D6A313C570B41A66D37D381 /* RealmObject.h */ = {isa = PBXFileReference; fileEncoding = 4; lastKnownFileType = sourcecode.c.h; path = RealmObject.h; sourceTree = "<group>"; };
		1D6A3173DBF517B9BF8D6A52 /* FEMObjectMapping.h */ = {isa = PBXFileReference; fileEncoding = 4; lastKnownFileType = sourcecode.c.h; path = FEMObjectMapping.h; sourceTree = "<group>"; };
		1D6A31AE458D626C0C69EC91 /* FEMRelationshipAssignmentContext.m */ = {isa = PBXFileReference; fileEncoding = 4; lastKnownFileType = sourcecode.c.objc; path = FEMRelationshipAssignmentContext.m; sourceTree = "<group>"; };
		1D6A31C3D577329518B3E664 /* Person_1.json */ = {isa = PBXFileReference; lastKnownFileType = file.json; path = Person_1.json; sourceTree = "<group>"; };
		1D6A323CABA155AEC9B3D6B8 /* FEMManagedObjectDeserializer.h */ = {isa = PBXFileReference; fileEncoding = 4; lastKnownFileType = sourcecode.c.h; path = FEMManagedObjectDeserializer.h; sourceTree = "<group>"; };
		1D6A324ACF5FB42E37E0D8CF /* FEMAssignmentPolicy.m */ = {isa = PBXFileReference; fileEncoding = 4; lastKnownFileType = sourcecode.c.objc; path = FEMAssignmentPolicy.m; sourceTree = "<group>"; };
		1D6A328FCE22411C60FBC7C4 /* FEMRepresentationUtility.m */ = {isa = PBXFileReference; fileEncoding = 4; lastKnownFileType = sourcecode.c.objc; path = FEMRepresentationUtility.m; sourceTree = "<group>"; };
		1D6A32D65203DD23C623AAD3 /* FEMManagedObjectStore.m */ = {isa = PBXFileReference; fileEncoding = 4; lastKnownFileType = sourcecode.c.objc; path = FEMManagedObjectStore.m; sourceTree = "<group>"; };
		1D6A331F4EC8BC4E757BBF85 /* FEMDeserializer.h */ = {isa = PBXFileReference; fileEncoding = 4; lastKnownFileType = sourcecode.c.h; path = FEMDeserializer.h; sourceTree = "<group>"; };
		1D6A3341482134DF540C9984 /* FEMProperty.h */ = {isa = PBXFileReference; fileEncoding = 4; lastKnownFileType = sourcecode.c.h; path = FEMProperty.h; sourceTree = "<group>"; };
		1D6A334CB9A14401554BDA18 /* FEMAttributeMappingSpec.m */ = {isa = PBXFileReference; fileEncoding = 4; lastKnownFileType = sourcecode.c.objc; path = FEMAttributeMappingSpec.m; sourceTree = "<group>"; };
		1D6A33C793CC8D51633186DC /* FEMMergeableCollection.m */ = {isa = PBXFileReference; fileEncoding = 4; lastKnownFileType = sourcecode.c.objc; path = FEMMergeableCollection.m; sourceTree = "<group>"; };
		1D6A3430AF228C5020B144CF /* FEMManagedObjectStore.h */ = {isa = PBXFileReference; fileEncoding = 4; lastKnownFileType = sourcecode.c.h; path = FEMManagedObjectStore.h; sourceTree = "<group>"; };
		1D6A3466BDE4D4241DCB93D3 /* PersonWithCar_2.json */ = {isa = PBXFileReference; lastKnownFileType = file.json; path = PersonWithCar_2.json; sourceTree = "<group>"; };
		1D6A34832F9D9655B8006CA7 /* PersonWithMissingRelationships.json */ = {isa = PBXFileReference; lastKnownFileType = file.json; path = PersonWithMissingRelationships.json; sourceTree = "<group>"; };
		1D6A3491990508675E01E8DC /* FEMObjectCache.m */ = {isa = PBXFileReference; fileEncoding = 4; lastKnownFileType = sourcecode.c.objc; path = FEMObjectCache.m; sourceTree = "<group>"; };
		1D6A34B621512A2FE61ECE26 /* FEMMappingUtility.h */ = {isa = PBXFileReference; fileEncoding = 4; lastKnownFileType = sourcecode.c.h; path = FEMMappingUtility.h; sourceTree = "<group>"; };
		1D6A34DBB2F5A1C87E4DE53E /* FEMMapping.h */ = {isa = PBXFileReference; fileEncoding = 4; lastKnownFileType = sourcecode.c.h; path = FEMMapping.h; sourceTree = "<group>"; };
		1D6A34FA0B6FCD6F0C7F5EC0 /* FEMAssignmentPolicy.h */ = {isa = PBXFileReference; fileEncoding = 4; lastKnownFileType = sourcecode.c.h; path = FEMAssignmentPolicy.h; sourceTree = "<group>"; };
		1D6A35160DA8688248383892 /* FEMManagedObjectMapping.h */ = {isa = PBXFileReference; fileEncoding = 4; lastKnownFileType = sourcecode.c.h; path = FEMManagedObjectMapping.h; sourceTree = "<group>"; };
		1D6A35F087F7336FE6068111 /* FEMRealmAssignmentPolicy.m */ = {isa = PBXFileReference; fileEncoding = 4; lastKnownFileType = sourcecode.c.objc; path = FEMRealmAssignmentPolicy.m; sourceTree = "<group>"; };
		1D6A36124FB2AD338633B51E /* SupportedTypes.json */ = {isa = PBXFileReference; lastKnownFileType = text.json; path = SupportedTypes.json; sourceTree = "<group>"; };
		1D6A363A400485F5A9B64D31 /* RealmObject.m */ = {isa = PBXFileReference; fileEncoding = 4; lastKnownFileType = sourcecode.c.objc; path = RealmObject.m; sourceTree = "<group>"; };
		1D6A368ADA05F6A09F22A3AC /* FEMMergeableCollection.h */ = {isa = PBXFileReference; fileEncoding = 4; lastKnownFileType = sourcecode.c.h; path = FEMMergeableCollection.h; sourceTree = "<group>"; };
		1D6A36B3B94BD2B0D6C4AD06 /* FEMSerializer.h */ = {isa = PBXFileReference; fileEncoding = 4; lastKnownFileType = sourcecode.c.h; path = FEMSerializer.h; sourceTree = "<group>"; };
		1D6A37361CCBDC43020DFFCE /* FEMRelationshipAssignmentContext.h */ = {isa = PBXFileReference; fileEncoding = 4; lastKnownFileType = sourcecode.c.h; path = FEMRelationshipAssignmentContext.h; sourceTree = "<group>"; };
		1D6A37A56B84D82A750DCBE4 /* FEMRelationship.h */ = {isa = PBXFileReference; fileEncoding = 4; lastKnownFileType = sourcecode.c.h; path = FEMRelationship.h; sourceTree = "<group>"; };
		1D6A37F305C1867040564435 /* FEMObjectStore.h */ = {isa = PBXFileReference; fileEncoding = 4; lastKnownFileType = sourcecode.c.h; path = FEMObjectStore.h; sourceTree = "<group>"; };
		1D6A382D3C311B6D926D5486 /* FEMAttribute.h */ = {isa = PBXFileReference; fileEncoding = 4; lastKnownFileType = sourcecode.c.h; path = FEMAttribute.h; sourceTree = "<group>"; };
		1D6A3A47A8DEF276ECDCDF46 /* PersonWithNullRelationships.json */ = {isa = PBXFileReference; lastKnownFileType = file.json; path = PersonWithNullRelationships.json; sourceTree = "<group>"; };
		1D6A3A4F887B37995524457E /* FEMMappingUtility.m */ = {isa = PBXFileReference; fileEncoding = 4; lastKnownFileType = sourcecode.c.objc; path = FEMMappingUtility.m; sourceTree = "<group>"; };
		1D6A3ACBBC8E66609F169E94 /* Person_2.json */ = {isa = PBXFileReference; lastKnownFileType = file.json; path = Person_2.json; sourceTree = "<group>"; };
		1D6A3AF6BD6EABAAACD8D4B8 /* FEMExcludableCollection.h */ = {isa = PBXFileReference; fileEncoding = 4; lastKnownFileType = sourcecode.c.h; path = FEMExcludableCollection.h; sourceTree = "<group>"; };
		1D6A3B2EBB16587406F244B6 /* FEMCacheSpec.m */ = {isa = PBXFileReference; fileEncoding = 4; lastKnownFileType = sourcecode.c.objc; path = FEMCacheSpec.m; sourceTree = "<group>"; };
		1D6A3BDA3CA0DDFF256CDB49 /* FEMExcludableCollection.m */ = {isa = PBXFileReference; fileEncoding = 4; lastKnownFileType = sourcecode.c.objc; path = FEMExcludableCollection.m; sourceTree = "<group>"; };
		1D6A3C3EADDE4B98CA7ED02D /* FEMObjectCache.h */ = {isa = PBXFileReference; fileEncoding = 4; lastKnownFileType = sourcecode.c.h; path = FEMObjectCache.h; sourceTree = "<group>"; };
		1D6A3C4B6BB4FD8C58AE917F /* FEMRelationship.m */ = {isa = PBXFileReference; fileEncoding = 4; lastKnownFileType = sourcecode.c.objc; path = FEMRelationship.m; sourceTree = "<group>"; };
		1D6A3CBCF802462694FAD510 /* FEMObjectStore.m */ = {isa = PBXFileReference; fileEncoding = 4; lastKnownFileType = sourcecode.c.objc; path = FEMObjectStore.m; sourceTree = "<group>"; };
		1D6A3CD9F047ADC68ECAC7DA /* FEMDeserializer.m */ = {isa = PBXFileReference; fileEncoding = 4; lastKnownFileType = sourcecode.c.objc; path = FEMDeserializer.m; sourceTree = "<group>"; };
		1D6A3D4C21C207B043AF6F1A /* FEMSerializer.m */ = {isa = PBXFileReference; fileEncoding = 4; lastKnownFileType = sourcecode.c.objc; path = FEMSerializer.m; sourceTree = "<group>"; };
		1D6A3E2CCF90DF3444D0707E /* PersonWithCar_1.json */ = {isa = PBXFileReference; lastKnownFileType = file.json; path = PersonWithCar_1.json; sourceTree = "<group>"; };
		1D6A3E65B1DB73E680A495BA /* FEMMapping.m */ = {isa = PBXFileReference; fileEncoding = 4; lastKnownFileType = sourcecode.c.objc; path = FEMMapping.m; sourceTree = "<group>"; };
		1D6A3E942488A7A8C0C01C0C /* FEMRepresentationUtility.h */ = {isa = PBXFileReference; fileEncoding = 4; lastKnownFileType = sourcecode.c.h; path = FEMRepresentationUtility.h; sourceTree = "<group>"; };
		1D6A3F1887266DBDD813C8D3 /* FEMRealmAssignmentPolicy.h */ = {isa = PBXFileReference; fileEncoding = 4; lastKnownFileType = sourcecode.c.h; path = FEMRealmAssignmentPolicy.h; sourceTree = "<group>"; };
		1D6A3F67D4BEFD25642585B9 /* FEMDeserializerSpec.m */ = {isa = PBXFileReference; fileEncoding = 4; lastKnownFileType = sourcecode.c.objc; path = FEMDeserializerSpec.m; sourceTree = "<group>"; };
		1DDA4C603D6C753DC154379A /* Pods-FastEasyMapping-Realm.release.xcconfig */ = {isa = PBXFileReference; includeInIndex = 1; lastKnownFileType = text.xcconfig; name = "Pods-FastEasyMapping-Realm.release.xcconfig"; path = "Pods/Target Support Files/Pods-FastEasyMapping-Realm/Pods-FastEasyMapping-Realm.release.xcconfig"; sourceTree = "<group>"; };
		29060352558D8EB5B9B013A4 /* Pods-FastEasyMappingTests.debug.xcconfig */ = {isa = PBXFileReference; includeInIndex = 1; lastKnownFileType = text.xcconfig; name = "Pods-FastEasyMappingTests.debug.xcconfig"; path = "Pods/Target Support Files/Pods-FastEasyMappingTests/Pods-FastEasyMappingTests.debug.xcconfig"; sourceTree = "<group>"; };
		2C375F1018CCBC2900FCB8EA /* EasyMappingCoreDataExample.xcdatamodel */ = {isa = PBXFileReference; lastKnownFileType = wrapper.xcdatamodel; path = EasyMappingCoreDataExample.xcdatamodel; sourceTree = "<group>"; };
		2CF8097B18C3AD5700C07899 /* Foundation.framework */ = {isa = PBXFileReference; lastKnownFileType = wrapper.framework; name = Foundation.framework; path = System/Library/Frameworks/Foundation.framework; sourceTree = SDKROOT; };
		2CF8098818C3AD5700C07899 /* FastEasyMappingTests.xctest */ = {isa = PBXFileReference; explicitFileType = wrapper.cfbundle; includeInIndex = 0; path = FastEasyMappingTests.xctest; sourceTree = BUILT_PRODUCTS_DIR; };
		32116107E176EC31192827C8 /* libPods-FastEasyMappingRealmTests.a */ = {isa = PBXFileReference; explicitFileType = archive.ar; includeInIndex = 0; path = "libPods-FastEasyMappingRealmTests.a"; sourceTree = BUILT_PRODUCTS_DIR; };
		523ACE0BE849DD1AC2A8B240 /* libPods-FastEasyMappingTests.a */ = {isa = PBXFileReference; explicitFileType = archive.ar; includeInIndex = 0; path = "libPods-FastEasyMappingTests.a"; sourceTree = BUILT_PRODUCTS_DIR; };
		69ED70F7239A59402E626302 /* Cars.json */ = {isa = PBXFileReference; lastKnownFileType = file.json; path = Cars.json; sourceTree = "<group>"; };
		69ED70FD89800BB41C8894FE /* MappingProvider.h */ = {isa = PBXFileReference; fileEncoding = 4; lastKnownFileType = sourcecode.c.h; path = MappingProvider.h; sourceTree = "<group>"; };
		69ED714FF0FE4A0F2A6F5928 /* AddressNative.m */ = {isa = PBXFileReference; fileEncoding = 4; lastKnownFileType = sourcecode.c.objc; path = AddressNative.m; sourceTree = "<group>"; };
		69ED7153320369C3FEB8A8F4 /* FastEasyMapping-Prefix.pch */ = {isa = PBXFileReference; fileEncoding = 4; lastKnownFileType = sourcecode.c.h; path = "FastEasyMapping-Prefix.pch"; sourceTree = "<group>"; };
		69ED71666439C5B0BC0A6650 /* CatNative.h */ = {isa = PBXFileReference; fileEncoding = 4; lastKnownFileType = sourcecode.c.h; path = CatNative.h; sourceTree = "<group>"; };
		69ED71A71F750AEBC8BA6FF0 /* MappingProviderNative.h */ = {isa = PBXFileReference; fileEncoding = 4; lastKnownFileType = sourcecode.c.h; path = MappingProviderNative.h; sourceTree = "<group>"; };
		69ED7209D50C3640D4456C8D /* Plane.json */ = {isa = PBXFileReference; lastKnownFileType = file.json; path = Plane.json; sourceTree = "<group>"; };
		69ED734D9AF0D834B3D9D190 /* CarNative.m */ = {isa = PBXFileReference; fileEncoding = 4; lastKnownFileType = sourcecode.c.objc; path = CarNative.m; sourceTree = "<group>"; };
		69ED741033C38A5C3BAA7B08 /* FingerNative.h */ = {isa = PBXFileReference; fileEncoding = 4; lastKnownFileType = sourcecode.c.h; path = FingerNative.h; sourceTree = "<group>"; };
		69ED747DF1709A9ABAC81F68 /* NativeChild.m */ = {isa = PBXFileReference; fileEncoding = 4; lastKnownFileType = sourcecode.c.objc; path = NativeChild.m; sourceTree = "<group>"; };
		69ED749AC1C7BE9BBB361F2B /* Native.m */ = {isa = PBXFileReference; fileEncoding = 4; lastKnownFileType = sourcecode.c.objc; path = Native.m; sourceTree = "<group>"; };
		69ED74EA8FEC3EC66EF72AA7 /* PlaneNative.m */ = {isa = PBXFileReference; fileEncoding = 4; lastKnownFileType = sourcecode.c.objc; path = PlaneNative.m; sourceTree = "<group>"; };
		69ED74F0986B6C6DD2614CB7 /* Car.json */ = {isa = PBXFileReference; lastKnownFileType = file.json; path = Car.json; sourceTree = "<group>"; };
		69ED7532E1E5E3196BC27932 /* MappingProvider.m */ = {isa = PBXFileReference; fileEncoding = 4; lastKnownFileType = sourcecode.c.objc; path = MappingProvider.m; sourceTree = "<group>"; };
		69ED75443C8F85492C4D3907 /* SeaplaneNative.h */ = {isa = PBXFileReference; fileEncoding = 4; lastKnownFileType = sourcecode.c.h; path = SeaplaneNative.h; sourceTree = "<group>"; };
		69ED757059F6C7A26468D880 /* NSArray+FEMPropertyRepresentation.m */ = {isa = PBXFileReference; fileEncoding = 4; lastKnownFileType = sourcecode.c.objc; path = "NSArray+FEMPropertyRepresentation.m"; sourceTree = "<group>"; };
		69ED758473F42E39AE484636 /* CarWithDate.json */ = {isa = PBXFileReference; lastKnownFileType = file.json; path = CarWithDate.json; sourceTree = "<group>"; };
		69ED75A1803E4FA721E79895 /* Phone.m */ = {isa = PBXFileReference; fileEncoding = 4; lastKnownFileType = sourcecode.c.objc; path = Phone.m; sourceTree = "<group>"; };
		69ED75B675560A0A804494CB /* FEMSerializerSpec.m */ = {isa = PBXFileReference; fileEncoding = 4; lastKnownFileType = sourcecode.c.objc; path = FEMSerializerSpec.m; sourceTree = "<group>"; };
		69ED75DAD53214AD94FAB868 /* NativeChild.h */ = {isa = PBXFileReference; fileEncoding = 4; lastKnownFileType = sourcecode.c.h; path = NativeChild.h; sourceTree = "<group>"; };
		69ED7645386941DA79C1E53A /* NSArray+FEMPropertyRepresentation.h */ = {isa = PBXFileReference; fileEncoding = 4; lastKnownFileType = sourcecode.c.h; path = "NSArray+FEMPropertyRepresentation.h"; sourceTree = "<group>"; };
		69ED764EB359C8472262F3FB /* en */ = {isa = PBXFileReference; fileEncoding = 4; lastKnownFileType = text.plist.strings; name = en; path = InfoPlist.strings; sourceTree = "<group>"; };
		69ED767EE6E89A487714CDF8 /* Car.m */ = {isa = PBXFileReference; fileEncoding = 4; lastKnownFileType = sourcecode.c.objc; path = Car.m; sourceTree = "<group>"; };
		69ED769040647781DD8B196D /* NSObject+FEMKVCExtension.h */ = {isa = PBXFileReference; fileEncoding = 4; lastKnownFileType = sourcecode.c.h; path = "NSObject+FEMKVCExtension.h"; sourceTree = "<group>"; };
		69ED76A25E3A25F0BDFF4BCF /* PersonNative.h */ = {isa = PBXFileReference; fileEncoding = 4; lastKnownFileType = sourcecode.c.h; path = PersonNative.h; sourceTree = "<group>"; };
		69ED76A31CE5167D72298490 /* AlienNative.m */ = {isa = PBXFileReference; fileEncoding = 4; lastKnownFileType = sourcecode.c.objc; path = AlienNative.m; sourceTree = "<group>"; };
		69ED76DB4A492924FFE33FAF /* AlienNative.h */ = {isa = PBXFileReference; fileEncoding = 4; lastKnownFileType = sourcecode.c.h; path = AlienNative.h; sourceTree = "<group>"; };
		69ED76E0E8184C9BDF3CE713 /* CatNative.m */ = {isa = PBXFileReference; fileEncoding = 4; lastKnownFileType = sourcecode.c.objc; path = CatNative.m; sourceTree = "<group>"; };
		69ED770C14BAB15CA7926116 /* NSObject+FEMKVCExtension.m */ = {isa = PBXFileReference; fileEncoding = 4; lastKnownFileType = sourcecode.c.objc; path = "NSObject+FEMKVCExtension.m"; sourceTree = "<group>"; };
		69ED7745B6C0CD6C179EE0A8 /* CarNative.h */ = {isa = PBXFileReference; fileEncoding = 4; lastKnownFileType = sourcecode.c.h; path = CarNative.h; sourceTree = "<group>"; };
		69ED775F5613FEA881051644 /* PhoneNative.h */ = {isa = PBXFileReference; fileEncoding = 4; lastKnownFileType = sourcecode.c.h; path = PhoneNative.h; sourceTree = "<group>"; };
		69ED7810DD72B240882E07DF /* Address.json */ = {isa = PBXFileReference; lastKnownFileType = file.json; path = Address.json; sourceTree = "<group>"; };
		69ED782333EB910A1F420719 /* SeaplaneNative.m */ = {isa = PBXFileReference; fileEncoding = 4; lastKnownFileType = sourcecode.c.objc; path = SeaplaneNative.m; sourceTree = "<group>"; };
		69ED78A3F1B154B04AA09ABB /* Male.json */ = {isa = PBXFileReference; lastKnownFileType = file.json; path = Male.json; sourceTree = "<group>"; };
		69ED78FBF03886650959C5AE /* Person.m */ = {isa = PBXFileReference; fileEncoding = 4; lastKnownFileType = sourcecode.c.objc; path = Person.m; sourceTree = "<group>"; };
		69ED793ABFE3F8A13E1E3D30 /* PersonWithDifferentNaming.json */ = {isa = PBXFileReference; lastKnownFileType = file.json; path = PersonWithDifferentNaming.json; sourceTree = "<group>"; };
		69ED794EEC7B9F51E50AC8FA /* AddressNative.h */ = {isa = PBXFileReference; fileEncoding = 4; lastKnownFileType = sourcecode.c.h; path = AddressNative.h; sourceTree = "<group>"; };
		69ED796AD9048CFCF07439D0 /* Native.json */ = {isa = PBXFileReference; lastKnownFileType = file.json; path = Native.json; sourceTree = "<group>"; };
		69ED799D533AED10DCFB4106 /* MappingProviderNative.m */ = {isa = PBXFileReference; fileEncoding = 4; lastKnownFileType = sourcecode.c.objc; path = MappingProviderNative.m; sourceTree = "<group>"; };
		69ED79AD80703DC44EFCC7EE /* Person.json */ = {isa = PBXFileReference; lastKnownFileType = file.json; path = Person.json; sourceTree = "<group>"; };
		69ED79F44DC116BCA2287E90 /* Car.h */ = {isa = PBXFileReference; fileEncoding = 4; lastKnownFileType = sourcecode.c.h; path = Car.h; sourceTree = "<group>"; };
		69ED7A8B2E60F728B99A0CB9 /* FEMTypes.h */ = {isa = PBXFileReference; fileEncoding = 4; lastKnownFileType = sourcecode.c.h; path = FEMTypes.h; sourceTree = "<group>"; };
		69ED7A9AEF651DACBF9BBC8F /* FEMObjectDeserializerSpec.m */ = {isa = PBXFileReference; fileEncoding = 4; lastKnownFileType = sourcecode.c.objc; path = FEMObjectDeserializerSpec.m; sourceTree = "<group>"; };
		69ED7AF90069A8C5CBFF2B75 /* Native.h */ = {isa = PBXFileReference; fileEncoding = 4; lastKnownFileType = sourcecode.c.h; path = Native.h; sourceTree = "<group>"; };
		69ED7BBE657BC5F333DD5560 /* CarWithNestedAttributes.json */ = {isa = PBXFileReference; lastKnownFileType = file.json; path = CarWithNestedAttributes.json; sourceTree = "<group>"; };
		69ED7C04E2BE02B24CFA1D7C /* FEMManagedObjectMappingSpec.m */ = {isa = PBXFileReference; fileEncoding = 4; lastKnownFileType = sourcecode.c.objc; path = FEMManagedObjectMappingSpec.m; sourceTree = "<group>"; };
		69ED7C0B46A2C9AC90B37710 /* PersonNative.m */ = {isa = PBXFileReference; fileEncoding = 4; lastKnownFileType = sourcecode.c.objc; path = PersonNative.m; sourceTree = "<group>"; };
		69ED7C1B06B95B6C90EBB53A /* FEMManagedObjectDeserializerSpec.m */ = {isa = PBXFileReference; fileEncoding = 4; lastKnownFileType = sourcecode.c.objc; path = FEMManagedObjectDeserializerSpec.m; sourceTree = "<group>"; };
		69ED7CB8A80C99BF8D7413F6 /* FastEasyMappingTests-Info.plist */ = {isa = PBXFileReference; fileEncoding = 4; lastKnownFileType = text.plist.info; path = "FastEasyMappingTests-Info.plist"; sourceTree = "<group>"; };
		69ED7CF6DFFBDF7A0BF32AFC /* NativeChild.json */ = {isa = PBXFileReference; lastKnownFileType = file.json; path = NativeChild.json; sourceTree = "<group>"; };
		69ED7D96C7E8C393B9DEB695 /* Female.json */ = {isa = PBXFileReference; lastKnownFileType = file.json; path = Female.json; sourceTree = "<group>"; };
		69ED7DE7AE4C126B96E6BD93 /* Person.h */ = {isa = PBXFileReference; fileEncoding = 4; lastKnownFileType = sourcecode.c.h; path = Person.h; sourceTree = "<group>"; };
		69ED7E3F8292CA5FAB383E45 /* PhoneNative.m */ = {isa = PBXFileReference; fileEncoding = 4; lastKnownFileType = sourcecode.c.objc; path = PhoneNative.m; sourceTree = "<group>"; };
		69ED7E6CB1B484C7F335B55F /* FEMTypeIntrospection.h */ = {isa = PBXFileReference; fileEncoding = 4; lastKnownFileType = sourcecode.c.h; path = FEMTypeIntrospection.h; sourceTree = "<group>"; };
		69ED7E718033F733C45E7416 /* Phone.h */ = {isa = PBXFileReference; fileEncoding = 4; lastKnownFileType = sourcecode.c.h; path = Phone.h; sourceTree = "<group>"; };
		69ED7E9D5D47846FEFCA62F5 /* FingerNative.m */ = {isa = PBXFileReference; fileEncoding = 4; lastKnownFileType = sourcecode.c.objc; path = FingerNative.m; sourceTree = "<group>"; };
		69ED7EC086EF5CE3263C6D8D /* FEMObjectMappingSpec.m */ = {isa = PBXFileReference; fileEncoding = 4; lastKnownFileType = sourcecode.c.objc; path = FEMObjectMappingSpec.m; sourceTree = "<group>"; };
		69ED7EC1199D47734B9812E7 /* Alien.json */ = {isa = PBXFileReference; lastKnownFileType = file.json; path = Alien.json; sourceTree = "<group>"; };
		69ED7F5DB5E0C3FF6672226E /* FEMTypeIntrospection.m */ = {isa = PBXFileReference; fileEncoding = 4; lastKnownFileType = sourcecode.c.objc; path = FEMTypeIntrospection.m; sourceTree = "<group>"; };
		69ED7FE4AD3F8C3BD25B5825 /* CarWithRoot.json */ = {isa = PBXFileReference; lastKnownFileType = file.json; path = CarWithRoot.json; sourceTree = "<group>"; };
		69ED7FF7736562A674D3696D /* PlaneNative.h */ = {isa = PBXFileReference; fileEncoding = 4; lastKnownFileType = sourcecode.c.h; path = PlaneNative.h; sourceTree = "<group>"; };
		95A8DE2E9CC533DA840A0845 /* Pods-FastEasyMappingTests.release.xcconfig */ = {isa = PBXFileReference; includeInIndex = 1; lastKnownFileType = text.xcconfig; name = "Pods-FastEasyMappingTests.release.xcconfig"; path = "Pods/Target Support Files/Pods-FastEasyMappingTests/Pods-FastEasyMappingTests.release.xcconfig"; sourceTree = "<group>"; };
		AD8600491B9ECF2100265307 /* Realm.framework */ = {isa = PBXFileReference; lastKnownFileType = wrapper.framework; name = Realm.framework; path = External/Realm/build/ios/Realm.framework; sourceTree = "<group>"; };
		AD86004B1B9ECF4800265307 /* libc++.tbd */ = {isa = PBXFileReference; lastKnownFileType = "sourcecode.text-based-dylib-definition"; name = "libc++.tbd"; path = "usr/lib/libc++.tbd"; sourceTree = SDKROOT; };
		ADEC66A91B9D9DEB00F528C8 /* FastEasyMapping.framework */ = {isa = PBXFileReference; explicitFileType = wrapper.framework; includeInIndex = 0; path = FastEasyMapping.framework; sourceTree = BUILT_PRODUCTS_DIR; };
		ADEC66C21B9D9E7000F528C8 /* FastEasyMapping.h */ = {isa = PBXFileReference; fileEncoding = 4; lastKnownFileType = sourcecode.c.h; path = FastEasyMapping.h; sourceTree = "<group>"; };
		ADEC66C31B9D9E7000F528C8 /* Info.plist */ = {isa = PBXFileReference; fileEncoding = 4; lastKnownFileType = text.plist.xml; path = Info.plist; sourceTree = "<group>"; };
		ADF700631B99F12200713D61 /* Realm.framework */ = {isa = PBXFileReference; lastKnownFileType = wrapper.framework; name = Realm.framework; path = External/Realm.framework; sourceTree = "<group>"; };
		ADF700A51B99F57F00713D61 /* FastEasyMappingRealm.framework */ = {isa = PBXFileReference; explicitFileType = wrapper.framework; includeInIndex = 0; path = FastEasyMappingRealm.framework; sourceTree = BUILT_PRODUCTS_DIR; };
		ADF700A81B99F58000713D61 /* Info.plist */ = {isa = PBXFileReference; lastKnownFileType = text.plist.xml; path = Info.plist; sourceTree = "<group>"; };
		ADF700A91B99F58000713D61 /* FastEasyMappingRealm.h */ = {isa = PBXFileReference; lastKnownFileType = sourcecode.c.h; path = FastEasyMappingRealm.h; sourceTree = "<group>"; };
		ADF700AF1B99F58000713D61 /* FastEasyMappingRealmTests.xctest */ = {isa = PBXFileReference; explicitFileType = wrapper.cfbundle; includeInIndex = 0; path = FastEasyMappingRealmTests.xctest; sourceTree = BUILT_PRODUCTS_DIR; };
		ADF700B51B99F58000713D61 /* Info.plist */ = {isa = PBXFileReference; lastKnownFileType = text.plist.xml; path = Info.plist; sourceTree = "<group>"; };
		ADF700BF1B99F5AA00713D61 /* FEMDeserializer+Realm.h */ = {isa = PBXFileReference; fileEncoding = 4; lastKnownFileType = sourcecode.c.h; path = "FEMDeserializer+Realm.h"; sourceTree = "<group>"; };
		ADF700C01B99F5AA00713D61 /* FEMDeserializer+Realm.m */ = {isa = PBXFileReference; fileEncoding = 4; lastKnownFileType = sourcecode.c.objc; path = "FEMDeserializer+Realm.m"; sourceTree = "<group>"; };
		ADF700C11B99F5AA00713D61 /* FEMObjectCache+Realm.h */ = {isa = PBXFileReference; fileEncoding = 4; lastKnownFileType = sourcecode.c.h; path = "FEMObjectCache+Realm.h"; sourceTree = "<group>"; };
		ADF700C21B99F5AA00713D61 /* FEMObjectCache+Realm.m */ = {isa = PBXFileReference; fileEncoding = 4; lastKnownFileType = sourcecode.c.objc; path = "FEMObjectCache+Realm.m"; sourceTree = "<group>"; };
		ADF700C51B99F5AA00713D61 /* FEMRealmStore.h */ = {isa = PBXFileReference; fileEncoding = 4; lastKnownFileType = sourcecode.c.h; path = FEMRealmStore.h; sourceTree = "<group>"; };
		ADF700C61B99F5AA00713D61 /* FEMRealmStore.m */ = {isa = PBXFileReference; fileEncoding = 4; lastKnownFileType = sourcecode.c.objc; path = FEMRealmStore.m; sourceTree = "<group>"; };
		ADF700D01B99F5F600713D61 /* CoreData.framework */ = {isa = PBXFileReference; lastKnownFileType = wrapper.framework; name = CoreData.framework; path = System/Library/Frameworks/CoreData.framework; sourceTree = SDKROOT; };
		ADF700F21B9A1EE200713D61 /* libc++.dylib */ = {isa = PBXFileReference; lastKnownFileType = "compiled.mach-o.dylib"; name = "libc++.dylib"; path = "usr/lib/libc++.dylib"; sourceTree = SDKROOT; };
		E9D8E00E0D100C4F84A4E79C /* Pods-FastEasyMapping-Realm.debug.xcconfig */ = {isa = PBXFileReference; includeInIndex = 1; lastKnownFileType = text.xcconfig; name = "Pods-FastEasyMapping-Realm.debug.xcconfig"; path = "Pods/Target Support Files/Pods-FastEasyMapping-Realm/Pods-FastEasyMapping-Realm.debug.xcconfig"; sourceTree = "<group>"; };
		FC3A721DE198AB7571111994 /* Pods-FastEasyMappingRealmTests.release.xcconfig */ = {isa = PBXFileReference; includeInIndex = 1; lastKnownFileType = text.xcconfig; name = "Pods-FastEasyMappingRealmTests.release.xcconfig"; path = "Pods/Target Support Files/Pods-FastEasyMappingRealmTests/Pods-FastEasyMappingRealmTests.release.xcconfig"; sourceTree = "<group>"; };
/* End PBXFileReference section */

/* Begin PBXFrameworksBuildPhase section */
		2CF8098518C3AD5700C07899 /* Frameworks */ = {
			isa = PBXFrameworksBuildPhase;
			buildActionMask = 2147483647;
			files = (
				AD41A6A41B9DFA4C007F5729 /* FastEasyMapping.framework in Frameworks */,
				2CF8098B18C3AD5700C07899 /* Foundation.framework in Frameworks */,
				6A5B5D97D6121AC62AF27C72 /* libPods-FastEasyMappingTests.a in Frameworks */,
			);
			runOnlyForDeploymentPostprocessing = 0;
		};
		ADEC66A51B9D9DEB00F528C8 /* Frameworks */ = {
			isa = PBXFrameworksBuildPhase;
			buildActionMask = 2147483647;
			files = (
			);
			runOnlyForDeploymentPostprocessing = 0;
		};
		ADF700A11B99F57F00713D61 /* Frameworks */ = {
			isa = PBXFrameworksBuildPhase;
			buildActionMask = 2147483647;
			files = (
				ADF700D11B99F5F600713D61 /* CoreData.framework in Frameworks */,
				ADF700CE1B99F5DC00713D61 /* Realm.framework in Frameworks */,
			);
			runOnlyForDeploymentPostprocessing = 0;
		};
		ADF700AC1B99F58000713D61 /* Frameworks */ = {
			isa = PBXFrameworksBuildPhase;
			buildActionMask = 2147483647;
			files = (
				ADABAFDD1B9EDC1A003D8614 /* libc++.dylib in Frameworks */,
				AD86004D1B9ED9C800265307 /* libc++.tbd in Frameworks */,
				AD86004A1B9ECF2100265307 /* Realm.framework in Frameworks */,
				AD8600461B9ECCDB00265307 /* FastEasyMapping.framework in Frameworks */,
				ADF700B01B99F58000713D61 /* FastEasyMappingRealm.framework in Frameworks */,
				7F86EF41F2032565EEFD5AD5 /* libPods-FastEasyMappingRealmTests.a in Frameworks */,
			);
			runOnlyForDeploymentPostprocessing = 0;
		};
/* End PBXFrameworksBuildPhase section */

/* Begin PBXGroup section */
		1D6A306B73919EBCC64B91BE /* Collection */ = {
			isa = PBXGroup;
			children = (
				1D6A3BDA3CA0DDFF256CDB49 /* FEMExcludableCollection.m */,
				1D6A3AF6BD6EABAAACD8D4B8 /* FEMExcludableCollection.h */,
				1D6A33C793CC8D51633186DC /* FEMMergeableCollection.m */,
				1D6A368ADA05F6A09F22A3AC /* FEMMergeableCollection.h */,
			);
			path = Collection;
			sourceTree = "<group>";
		};
		1D6A3125ED737D48780A4828 /* Deserializer */ = {
			isa = PBXGroup;
			children = (
				1D6A331F4EC8BC4E757BBF85 /* FEMDeserializer.h */,
				1D6A3CD9F047ADC68ECAC7DA /* FEMDeserializer.m */,
				1D6A323CABA155AEC9B3D6B8 /* FEMManagedObjectDeserializer.h */,
				1D6A305882C576DFB358EEFB /* FEMObjectDeserializer.h */,
			);
			path = Deserializer;
			sourceTree = "<group>";
		};
		1D6A31FC23007148ADE4C11F /* Mapping */ = {
			isa = PBXGroup;
			children = (
				1D6A3341482134DF540C9984 /* FEMProperty.h */,
				1D6A34DBB2F5A1C87E4DE53E /* FEMMapping.h */,
				1D6A35160DA8688248383892 /* FEMManagedObjectMapping.h */,
				1D6A3173DBF517B9BF8D6A52 /* FEMObjectMapping.h */,
				1D6A3E65B1DB73E680A495BA /* FEMMapping.m */,
				1D6A382D3C311B6D926D5486 /* FEMAttribute.h */,
				1D6A312125E7A338A36E4EC2 /* FEMAttribute.m */,
				1D6A3C4B6BB4FD8C58AE917F /* FEMRelationship.m */,
				1D6A37A56B84D82A750DCBE4 /* FEMRelationship.h */,
			);
			path = Mapping;
			sourceTree = "<group>";
		};
		1D6A349D17F881551235A5FE /* Fixture */ = {
			isa = PBXGroup;
			children = (
				1D6A36124FB2AD338633B51E /* SupportedTypes.json */,
			);
			path = Fixture;
			sourceTree = "<group>";
		};
		1D6A353F7E2E42D3F9DA950E /* Assignment Policy */ = {
			isa = PBXGroup;
			children = (
				1D6A324ACF5FB42E37E0D8CF /* FEMAssignmentPolicy.m */,
				1D6A34FA0B6FCD6F0C7F5EC0 /* FEMAssignmentPolicy.h */,
				1D6A31AE458D626C0C69EC91 /* FEMRelationshipAssignmentContext.m */,
				1D6A37361CCBDC43020DFFCE /* FEMRelationshipAssignmentContext.h */,
				1D6A30804948F002D8862B62 /* FEMRelationshipAssignmentContext+Internal.h */,
			);
			path = "Assignment Policy";
			sourceTree = "<group>";
		};
		1D6A3838132A50A10EEF5772 /* Cache */ = {
			isa = PBXGroup;
			children = (
				1D6A3491990508675E01E8DC /* FEMObjectCache.m */,
				1D6A3C3EADDE4B98CA7ED02D /* FEMObjectCache.h */,
			);
			path = Cache;
			sourceTree = "<group>";
		};
		1D6A38754CCA15DC5F591585 /* Serializer */ = {
			isa = PBXGroup;
			children = (
				1D6A36B3B94BD2B0D6C4AD06 /* FEMSerializer.h */,
				1D6A3D4C21C207B043AF6F1A /* FEMSerializer.m */,
			);
			path = Serializer;
			sourceTree = "<group>";
		};
		1D6A392FDDE7E83BEC8427D3 /* Assignment Policy */ = {
			isa = PBXGroup;
			children = (
				1D6A35F087F7336FE6068111 /* FEMRealmAssignmentPolicy.m */,
				1D6A3F1887266DBDD813C8D3 /* FEMRealmAssignmentPolicy.h */,
			);
			path = "Assignment Policy";
			sourceTree = "<group>";
		};
		1D6A3D3D6A057ACBDA2AD438 /* Store */ = {
			isa = PBXGroup;
			children = (
				1D6A37F305C1867040564435 /* FEMObjectStore.h */,
				1D6A3430AF228C5020B144CF /* FEMManagedObjectStore.h */,
				1D6A3CBCF802462694FAD510 /* FEMObjectStore.m */,
				1D6A32D65203DD23C623AAD3 /* FEMManagedObjectStore.m */,
			);
			path = Store;
			sourceTree = "<group>";
		};
		1D6A3DD3F554B5B5230BFF9D /* Specs */ = {
			isa = PBXGroup;
			children = (
				1D6A3F67D4BEFD25642585B9 /* FEMDeserializerSpec.m */,
			);
			path = Specs;
			sourceTree = "<group>";
		};
		1D6A3E844B82C8308B231F0A /* Model */ = {
			isa = PBXGroup;
			children = (
				1D6A363A400485F5A9B64D31 /* RealmObject.m */,
				1D6A313C570B41A66D37D381 /* RealmObject.h */,
			);
			path = Model;
			sourceTree = "<group>";
		};
		2CF8096F18C3AD5700C07899 = {
			isa = PBXGroup;
			children = (
				2CF8097D18C3AD5700C07899 /* FastEasyMapping */,
				69ED720C98F96CE291122AD4 /* FastEasyMappingTests */,
				ADF700A61B99F58000713D61 /* FastEasyMappingRealm */,
				ADF700B31B99F58000713D61 /* FastEasyMappingRealmTests */,
				2CF8097A18C3AD5700C07899 /* Frameworks */,
				2CF8097918C3AD5700C07899 /* Products */,
				5FAEC03A97C364859D2463A3 /* Pods */,
			);
			sourceTree = "<group>";
		};
		2CF8097918C3AD5700C07899 /* Products */ = {
			isa = PBXGroup;
			children = (
				2CF8098818C3AD5700C07899 /* FastEasyMappingTests.xctest */,
				ADF700A51B99F57F00713D61 /* FastEasyMappingRealm.framework */,
				ADF700AF1B99F58000713D61 /* FastEasyMappingRealmTests.xctest */,
				ADEC66A91B9D9DEB00F528C8 /* FastEasyMapping.framework */,
			);
			name = Products;
			sourceTree = "<group>";
		};
		2CF8097A18C3AD5700C07899 /* Frameworks */ = {
			isa = PBXGroup;
			children = (
				AD86004B1B9ECF4800265307 /* libc++.tbd */,
				AD8600491B9ECF2100265307 /* Realm.framework */,
				ADF700F21B9A1EE200713D61 /* libc++.dylib */,
				ADF700D01B99F5F600713D61 /* CoreData.framework */,
				ADF700631B99F12200713D61 /* Realm.framework */,
				2CF8097B18C3AD5700C07899 /* Foundation.framework */,
				32116107E176EC31192827C8 /* libPods-FastEasyMappingRealmTests.a */,
				523ACE0BE849DD1AC2A8B240 /* libPods-FastEasyMappingTests.a */,
			);
			name = Frameworks;
			sourceTree = "<group>";
		};
		2CF8097D18C3AD5700C07899 /* FastEasyMapping */ = {
			isa = PBXGroup;
			children = (
				ADEC66C21B9D9E7000F528C8 /* FastEasyMapping.h */,
				ADEC66C31B9D9E7000F528C8 /* Info.plist */,
				69ED7BED4BE92D2D4F4716FF /* Source */,
			);
			path = FastEasyMapping;
			sourceTree = "<group>";
		};
		5FAEC03A97C364859D2463A3 /* Pods */ = {
			isa = PBXGroup;
			children = (
				29060352558D8EB5B9B013A4 /* Pods-FastEasyMappingTests.debug.xcconfig */,
				95A8DE2E9CC533DA840A0845 /* Pods-FastEasyMappingTests.release.xcconfig */,
				E9D8E00E0D100C4F84A4E79C /* Pods-FastEasyMapping-Realm.debug.xcconfig */,
				1DDA4C603D6C753DC154379A /* Pods-FastEasyMapping-Realm.release.xcconfig */,
				1573B88C7C7FB7219D114250 /* Pods-FastEasyMappingRealmTests.debug.xcconfig */,
				FC3A721DE198AB7571111994 /* Pods-FastEasyMappingRealmTests.release.xcconfig */,
			);
			name = Pods;
			sourceTree = "<group>";
		};
		69ED7057C5D3DBE4072F331B /* Utility */ = {
			isa = PBXGroup;
			children = (
				69ED7F5DB5E0C3FF6672226E /* FEMTypeIntrospection.m */,
				69ED7E6CB1B484C7F335B55F /* FEMTypeIntrospection.h */,
				69ED7A8B2E60F728B99A0CB9 /* FEMTypes.h */,
				1D6A328FCE22411C60FBC7C4 /* FEMRepresentationUtility.m */,
				1D6A3E942488A7A8C0C01C0C /* FEMRepresentationUtility.h */,
				1D6A3A4F887B37995524457E /* FEMMappingUtility.m */,
				1D6A34B621512A2FE61ECE26 /* FEMMappingUtility.h */,
			);
			path = Utility;
			sourceTree = "<group>";
		};
		69ED70EFE263881EF2703FEE /* Specs */ = {
			isa = PBXGroup;
			children = (
				69ED7C04E2BE02B24CFA1D7C /* FEMManagedObjectMappingSpec.m */,
				69ED7C1B06B95B6C90EBB53A /* FEMManagedObjectDeserializerSpec.m */,
				69ED7EC086EF5CE3263C6D8D /* FEMObjectMappingSpec.m */,
				69ED7A9AEF651DACBF9BBC8F /* FEMObjectDeserializerSpec.m */,
				69ED75B675560A0A804494CB /* FEMSerializerSpec.m */,
				1D6A334CB9A14401554BDA18 /* FEMAttributeMappingSpec.m */,
				1D6A3B2EBB16587406F244B6 /* FEMCacheSpec.m */,
			);
			path = Specs;
			sourceTree = "<group>";
		};
		69ED713D0205449C289F72C9 /* Mapping Provider */ = {
			isa = PBXGroup;
			children = (
				69ED71A71F750AEBC8BA6FF0 /* MappingProviderNative.h */,
				69ED799D533AED10DCFB4106 /* MappingProviderNative.m */,
				69ED70FD89800BB41C8894FE /* MappingProvider.h */,
				69ED7532E1E5E3196BC27932 /* MappingProvider.m */,
			);
			path = "Mapping Provider";
			sourceTree = "<group>";
		};
		69ED720C98F96CE291122AD4 /* FastEasyMappingTests */ = {
			isa = PBXGroup;
			children = (
				69ED70EFE263881EF2703FEE /* Specs */,
				69ED72A18D441F9A3397D384 /* Models */,
				69ED744E18215206BCE42591 /* en.lproj */,
				69ED77FF1B7BCBBE52569877 /* Fixtures */,
				69ED7CB8A80C99BF8D7413F6 /* FastEasyMappingTests-Info.plist */,
				69ED713D0205449C289F72C9 /* Mapping Provider */,
			);
			path = FastEasyMappingTests;
			sourceTree = "<group>";
		};
		69ED72A18D441F9A3397D384 /* Models */ = {
			isa = PBXGroup;
			children = (
				2C375F1018CCBC2900FCB8EA /* EasyMappingCoreDataExample.xcdatamodel */,
				69ED79F44DC116BCA2287E90 /* Car.h */,
				69ED767EE6E89A487714CDF8 /* Car.m */,
				69ED7E718033F733C45E7416 /* Phone.h */,
				69ED75A1803E4FA721E79895 /* Phone.m */,
				69ED7DE7AE4C126B96E6BD93 /* Person.h */,
				69ED78FBF03886650959C5AE /* Person.m */,
				69ED75DAD53214AD94FAB868 /* NativeChild.h */,
				69ED747DF1709A9ABAC81F68 /* NativeChild.m */,
				69ED714FF0FE4A0F2A6F5928 /* AddressNative.m */,
				69ED76E0E8184C9BDF3CE713 /* CatNative.m */,
				69ED76A25E3A25F0BDFF4BCF /* PersonNative.h */,
				69ED794EEC7B9F51E50AC8FA /* AddressNative.h */,
				69ED7E3F8292CA5FAB383E45 /* PhoneNative.m */,
				69ED74EA8FEC3EC66EF72AA7 /* PlaneNative.m */,
				69ED749AC1C7BE9BBB361F2B /* Native.m */,
				69ED741033C38A5C3BAA7B08 /* FingerNative.h */,
				69ED7E9D5D47846FEFCA62F5 /* FingerNative.m */,
				69ED782333EB910A1F420719 /* SeaplaneNative.m */,
				69ED76A31CE5167D72298490 /* AlienNative.m */,
				69ED775F5613FEA881051644 /* PhoneNative.h */,
				69ED7C0B46A2C9AC90B37710 /* PersonNative.m */,
				69ED75443C8F85492C4D3907 /* SeaplaneNative.h */,
				69ED7FF7736562A674D3696D /* PlaneNative.h */,
				69ED7AF90069A8C5CBFF2B75 /* Native.h */,
				69ED76DB4A492924FFE33FAF /* AlienNative.h */,
				69ED71666439C5B0BC0A6650 /* CatNative.h */,
				69ED734D9AF0D834B3D9D190 /* CarNative.m */,
				69ED7745B6C0CD6C179EE0A8 /* CarNative.h */,
			);
			path = Models;
			sourceTree = "<group>";
		};
		69ED744E18215206BCE42591 /* en.lproj */ = {
			isa = PBXGroup;
			children = (
				69ED730BF972DF74DC2BA5B3 /* InfoPlist.strings */,
				69ED79C6C00F61AE646C591E /* Supporting Files */,
			);
			path = en.lproj;
			sourceTree = "<group>";
		};
		69ED752D2981B7C6882366D2 /* Foundation */ = {
			isa = PBXGroup;
			children = (
				69ED7645386941DA79C1E53A /* NSArray+FEMPropertyRepresentation.h */,
				69ED757059F6C7A26468D880 /* NSArray+FEMPropertyRepresentation.m */,
				69ED770C14BAB15CA7926116 /* NSObject+FEMKVCExtension.m */,
				69ED769040647781DD8B196D /* NSObject+FEMKVCExtension.h */,
			);
			path = Foundation;
			sourceTree = "<group>";
		};
		69ED77FF1B7BCBBE52569877 /* Fixtures */ = {
			isa = PBXGroup;
			children = (
				69ED7D96C7E8C393B9DEB695 /* Female.json */,
				69ED793ABFE3F8A13E1E3D30 /* PersonWithDifferentNaming.json */,
				69ED70F7239A59402E626302 /* Cars.json */,
				69ED796AD9048CFCF07439D0 /* Native.json */,
				69ED7EC1199D47734B9812E7 /* Alien.json */,
				69ED7209D50C3640D4456C8D /* Plane.json */,
				69ED7FE4AD3F8C3BD25B5825 /* CarWithRoot.json */,
				69ED758473F42E39AE484636 /* CarWithDate.json */,
				69ED7BBE657BC5F333DD5560 /* CarWithNestedAttributes.json */,
				69ED78A3F1B154B04AA09ABB /* Male.json */,
				69ED7810DD72B240882E07DF /* Address.json */,
				69ED79AD80703DC44EFCC7EE /* Person.json */,
				69ED74F0986B6C6DD2614CB7 /* Car.json */,
				69ED7CF6DFFBDF7A0BF32AFC /* NativeChild.json */,
				1D6A3E2CCF90DF3444D0707E /* PersonWithCar_1.json */,
				1D6A3466BDE4D4241DCB93D3 /* PersonWithCar_2.json */,
				1D6A31C3D577329518B3E664 /* Person_1.json */,
				1D6A3ACBBC8E66609F169E94 /* Person_2.json */,
				1D6A3A47A8DEF276ECDCDF46 /* PersonWithNullRelationships.json */,
				1D6A34832F9D9655B8006CA7 /* PersonWithMissingRelationships.json */,
			);
			path = Fixtures;
			sourceTree = "<group>";
		};
		69ED79C6C00F61AE646C591E /* Supporting Files */ = {
			isa = PBXGroup;
			children = (
				69ED7153320369C3FEB8A8F4 /* FastEasyMapping-Prefix.pch */,
			);
			name = "Supporting Files";
			path = FastEasyMapping;
			sourceTree = SOURCE_ROOT;
		};
		69ED7BED4BE92D2D4F4716FF /* Source */ = {
			isa = PBXGroup;
			children = (
				69ED7D6D5B95704EF3E879DA /* Extensions */,
				69ED7057C5D3DBE4072F331B /* Utility */,
				1D6A353F7E2E42D3F9DA950E /* Assignment Policy */,
				1D6A3838132A50A10EEF5772 /* Cache */,
				1D6A3125ED737D48780A4828 /* Deserializer */,
				1D6A38754CCA15DC5F591585 /* Serializer */,
				1D6A3D3D6A057ACBDA2AD438 /* Store */,
				1D6A31FC23007148ADE4C11F /* Mapping */,
			);
			path = Source;
			sourceTree = "<group>";
		};
		69ED7D6D5B95704EF3E879DA /* Extensions */ = {
			isa = PBXGroup;
			children = (
				69ED752D2981B7C6882366D2 /* Foundation */,
				1D6A306B73919EBCC64B91BE /* Collection */,
			);
			path = Extensions;
			sourceTree = "<group>";
		};
		ADF700A61B99F58000713D61 /* FastEasyMappingRealm */ = {
			isa = PBXGroup;
			children = (
				ADF700BE1B99F5AA00713D61 /* Extension */,
				ADF700C41B99F5AA00713D61 /* Store */,
				ADF700A91B99F58000713D61 /* FastEasyMappingRealm.h */,
				ADF700A71B99F58000713D61 /* Supporting Files */,
				1D6A392FDDE7E83BEC8427D3 /* Assignment Policy */,
			);
			path = FastEasyMappingRealm;
			sourceTree = "<group>";
		};
		ADF700A71B99F58000713D61 /* Supporting Files */ = {
			isa = PBXGroup;
			children = (
				ADF700A81B99F58000713D61 /* Info.plist */,
			);
			name = "Supporting Files";
			sourceTree = "<group>";
		};
		ADF700B31B99F58000713D61 /* FastEasyMappingRealmTests */ = {
			isa = PBXGroup;
			children = (
				ADF700B41B99F58000713D61 /* Supporting Files */,
				1D6A3E844B82C8308B231F0A /* Model */,
				1D6A3DD3F554B5B5230BFF9D /* Specs */,
				1D6A349D17F881551235A5FE /* Fixture */,
			);
			path = FastEasyMappingRealmTests;
			sourceTree = "<group>";
		};
		ADF700B41B99F58000713D61 /* Supporting Files */ = {
			isa = PBXGroup;
			children = (
				ADF700B51B99F58000713D61 /* Info.plist */,
			);
			name = "Supporting Files";
			sourceTree = "<group>";
		};
		ADF700BE1B99F5AA00713D61 /* Extension */ = {
			isa = PBXGroup;
			children = (
				ADF700BF1B99F5AA00713D61 /* FEMDeserializer+Realm.h */,
				ADF700C01B99F5AA00713D61 /* FEMDeserializer+Realm.m */,
				ADF700C11B99F5AA00713D61 /* FEMObjectCache+Realm.h */,
				ADF700C21B99F5AA00713D61 /* FEMObjectCache+Realm.m */,
			);
			path = Extension;
			sourceTree = "<group>";
		};
		ADF700C41B99F5AA00713D61 /* Store */ = {
			isa = PBXGroup;
			children = (
				ADF700C51B99F5AA00713D61 /* FEMRealmStore.h */,
				ADF700C61B99F5AA00713D61 /* FEMRealmStore.m */,
			);
			path = Store;
			sourceTree = "<group>";
		};
/* End PBXGroup section */

/* Begin PBXHeadersBuildPhase section */
		ADEC66A61B9D9DEB00F528C8 /* Headers */ = {
			isa = PBXHeadersBuildPhase;
			buildActionMask = 2147483647;
			files = (
				ADEC66CA1B9D9F5200F528C8 /* FEMTypeIntrospection.h in Headers */,
				ADEC66CB1B9D9F5200F528C8 /* FEMTypes.h in Headers */,
				ADEC66CC1B9D9F5200F528C8 /* FEMRepresentationUtility.h in Headers */,
				ADEC66CD1B9D9F5200F528C8 /* FEMMappingUtility.h in Headers */,
				ADEC66CE1B9D9F5200F528C8 /* FEMAssignmentPolicy.h in Headers */,
				ADEC66CF1B9D9F5200F528C8 /* FEMRelationshipAssignmentContext.h in Headers */,
				ADEC66D01B9D9F5200F528C8 /* FEMRelationshipAssignmentContext+Internal.h in Headers */,
				ADEC66D11B9D9F5200F528C8 /* FEMObjectCache.h in Headers */,
				ADEC66D21B9D9F5200F528C8 /* FEMDeserializer.h in Headers */,
				ADEC66D31B9D9F5200F528C8 /* FEMManagedObjectDeserializer.h in Headers */,
				ADEC66D41B9D9F5200F528C8 /* FEMObjectDeserializer.h in Headers */,
				ADEC66D51B9D9F5200F528C8 /* FEMSerializer.h in Headers */,
				ADEC66D61B9D9F5200F528C8 /* FEMObjectStore.h in Headers */,
				ADEC66D71B9D9F5200F528C8 /* FEMManagedObjectStore.h in Headers */,
				ADEC66D81B9D9F5200F528C8 /* FEMProperty.h in Headers */,
				ADEC66D91B9D9F5300F528C8 /* FEMMapping.h in Headers */,
				ADEC66DA1B9D9F5300F528C8 /* FEMManagedObjectMapping.h in Headers */,
				ADEC66DB1B9D9F5300F528C8 /* FEMObjectMapping.h in Headers */,
				ADEC66DC1B9D9F5300F528C8 /* FEMAttribute.h in Headers */,
				ADEC66DD1B9D9F5300F528C8 /* FEMRelationship.h in Headers */,
				ADEC66C41B9D9E7000F528C8 /* FastEasyMapping.h in Headers */,
				ADEC66C61B9D9F5200F528C8 /* NSArray+FEMPropertyRepresentation.h in Headers */,
				ADEC66C71B9D9F5200F528C8 /* NSObject+FEMKVCExtension.h in Headers */,
				ADEC66C81B9D9F5200F528C8 /* FEMExcludableCollection.h in Headers */,
				ADEC66C91B9D9F5200F528C8 /* FEMMergeableCollection.h in Headers */,
			);
			runOnlyForDeploymentPostprocessing = 0;
		};
		ADF700A21B99F57F00713D61 /* Headers */ = {
			isa = PBXHeadersBuildPhase;
			buildActionMask = 2147483647;
			files = (
				ADF700CC1B99F5AA00713D61 /* FEMRealmStore.h in Headers */,
				ADF700C71B99F5AA00713D61 /* FEMDeserializer+Realm.h in Headers */,
				ADF700C91B99F5AA00713D61 /* FEMObjectCache+Realm.h in Headers */,
				ADF700AA1B99F58000713D61 /* FastEasyMappingRealm.h in Headers */,
				1D6A3D06C8F83DBA236FB488 /* FEMRealmAssignmentPolicy.h in Headers */,
			);
			runOnlyForDeploymentPostprocessing = 0;
		};
/* End PBXHeadersBuildPhase section */

/* Begin PBXNativeTarget section */
		2CF8098718C3AD5700C07899 /* FastEasyMappingTests */ = {
			isa = PBXNativeTarget;
			buildConfigurationList = 2CF8099E18C3AD5700C07899 /* Build configuration list for PBXNativeTarget "FastEasyMappingTests" */;
			buildPhases = (
				7A5F9716ECBD860F7F198687 /* Check Pods Manifest.lock */,
				2CF8098418C3AD5700C07899 /* Sources */,
				2CF8098518C3AD5700C07899 /* Frameworks */,
				2CF8098618C3AD5700C07899 /* Resources */,
				E6E3738201DED0F93028E5B5 /* Copy Pods Resources */,
			);
			buildRules = (
			);
			dependencies = (
				AD41A6A31B9DF9D4007F5729 /* PBXTargetDependency */,
			);
			name = FastEasyMappingTests;
			productName = EasyMappingKitTests;
			productReference = 2CF8098818C3AD5700C07899 /* FastEasyMappingTests.xctest */;
			productType = "com.apple.product-type.bundle.unit-test";
		};
		ADEC66A81B9D9DEB00F528C8 /* FastEasyMapping */ = {
			isa = PBXNativeTarget;
			buildConfigurationList = ADEC66BC1B9D9DEB00F528C8 /* Build configuration list for PBXNativeTarget "FastEasyMapping" */;
			buildPhases = (
				ADEC66A41B9D9DEB00F528C8 /* Sources */,
				ADEC66A51B9D9DEB00F528C8 /* Frameworks */,
				ADEC66A61B9D9DEB00F528C8 /* Headers */,
				ADEC66A71B9D9DEB00F528C8 /* Resources */,
			);
			buildRules = (
			);
			dependencies = (
			);
			name = FastEasyMapping;
			productName = FastEasyMapping;
			productReference = ADEC66A91B9D9DEB00F528C8 /* FastEasyMapping.framework */;
			productType = "com.apple.product-type.framework";
		};
		ADF700A41B99F57F00713D61 /* FastEasyMappingRealm */ = {
			isa = PBXNativeTarget;
			buildConfigurationList = ADF700B81B99F58000713D61 /* Build configuration list for PBXNativeTarget "FastEasyMappingRealm" */;
			buildPhases = (
				ADF700A01B99F57F00713D61 /* Sources */,
				ADF700A11B99F57F00713D61 /* Frameworks */,
				ADF700A21B99F57F00713D61 /* Headers */,
				ADF700A31B99F57F00713D61 /* Resources */,
			);
			buildRules = (
			);
			dependencies = (
			);
			name = FastEasyMappingRealm;
			productName = FastEasyMappingRealm;
			productReference = ADF700A51B99F57F00713D61 /* FastEasyMappingRealm.framework */;
			productType = "com.apple.product-type.framework";
		};
		ADF700AE1B99F58000713D61 /* FastEasyMappingRealmTests */ = {
			isa = PBXNativeTarget;
			buildConfigurationList = ADF700BB1B99F58000713D61 /* Build configuration list for PBXNativeTarget "FastEasyMappingRealmTests" */;
			buildPhases = (
				CF5EF2BA4B30F6157FFCD1D4 /* Check Pods Manifest.lock */,
				ADF700AB1B99F58000713D61 /* Sources */,
				ADF700AC1B99F58000713D61 /* Frameworks */,
				ADF700AD1B99F58000713D61 /* Resources */,
				10264B93A7E4737843BE2AF4 /* Copy Pods Resources */,
			);
			buildRules = (
			);
			dependencies = (
				AD8600481B9ECCE800265307 /* PBXTargetDependency */,
				AD8600451B9ECCD000265307 /* PBXTargetDependency */,
				ADF700B21B99F58000713D61 /* PBXTargetDependency */,
			);
			name = FastEasyMappingRealmTests;
			productName = FastEasyMappingRealmTests;
			productReference = ADF700AF1B99F58000713D61 /* FastEasyMappingRealmTests.xctest */;
			productType = "com.apple.product-type.bundle.unit-test";
		};
/* End PBXNativeTarget section */

/* Begin PBXProject section */
		2CF8097018C3AD5700C07899 /* Project object */ = {
			isa = PBXProject;
			attributes = {
				LastUpgradeCheck = 0700;
				ORGANIZATIONNAME = Yalantis;
				TargetAttributes = {
					2CF8098718C3AD5700C07899 = {
						TestTargetID = 2CF8097718C3AD5700C07899;
					};
					AD86003D1B9ECBCD00265307 = {
						CreatedOnToolsVersion = 7.0;
					};
					ADEC66A81B9D9DEB00F528C8 = {
						CreatedOnToolsVersion = 6.4;
					};
					ADEC66EF1B9DA45600F528C8 = {
						CreatedOnToolsVersion = 6.4;
					};
					ADF700A41B99F57F00713D61 = {
						CreatedOnToolsVersion = 6.4;
					};
					ADF700AE1B99F58000713D61 = {
						CreatedOnToolsVersion = 6.4;
					};
				};
			};
			buildConfigurationList = 2CF8097318C3AD5700C07899 /* Build configuration list for PBXProject "FastEasyMapping" */;
			compatibilityVersion = "Xcode 3.2";
			developmentRegion = English;
			hasScannedForEncodings = 0;
			knownRegions = (
				en,
			);
			mainGroup = 2CF8096F18C3AD5700C07899;
			productRefGroup = 2CF8097918C3AD5700C07899 /* Products */;
			projectDirPath = "";
			projectRoot = "";
			targets = (
				ADEC66A81B9D9DEB00F528C8 /* FastEasyMapping */,
				ADEC66EF1B9DA45600F528C8 /* FastEasyMapping Universal */,
				2CF8098718C3AD5700C07899 /* FastEasyMappingTests */,
				ADF700A41B99F57F00713D61 /* FastEasyMappingRealm */,
				ADF700AE1B99F58000713D61 /* FastEasyMappingRealmTests */,
				ADEC66F81B9DA4B700F528C8 /* FastEasyMappingRealm Universal */,
				AD86003D1B9ECBCD00265307 /* Realm */,
			);
		};
/* End PBXProject section */

/* Begin PBXResourcesBuildPhase section */
		2CF8098618C3AD5700C07899 /* Resources */ = {
			isa = PBXResourcesBuildPhase;
			buildActionMask = 2147483647;
			files = (
				2C375F3318CCD40200FCB8EA /* Native.json in Resources */,
				2C375F3918CCD40200FCB8EA /* Male.json in Resources */,
				69ED7D115200A0D4F52DBBCA /* InfoPlist.strings in Resources */,
				2C375F3B18CCD40200FCB8EA /* Person.json in Resources */,
				2C375F3518CCD40200FCB8EA /* Plane.json in Resources */,
				2C375F3118CCD40200FCB8EA /* PersonWithDifferentNaming.json in Resources */,
				2C375F3C18CCD40200FCB8EA /* Car.json in Resources */,
				2C375F3218CCD40200FCB8EA /* Cars.json in Resources */,
				2C375F3018CCD40200FCB8EA /* Female.json in Resources */,
				2C375F3818CCD40200FCB8EA /* CarWithNestedAttributes.json in Resources */,
				2C375F3618CCD40200FCB8EA /* CarWithRoot.json in Resources */,
				2C375F3D18CCD40200FCB8EA /* NativeChild.json in Resources */,
				2C375F3418CCD40200FCB8EA /* Alien.json in Resources */,
				2C375F3A18CCD40200FCB8EA /* Address.json in Resources */,
				2C375F3718CCD40200FCB8EA /* CarWithDate.json in Resources */,
				1D6A3EB013A2AC7B8B7B69CE /* PersonWithCar_1.json in Resources */,
				1D6A370F588D1C2F011CAAD0 /* PersonWithCar_2.json in Resources */,
				1D6A324055B27F52CF7B8719 /* Person_1.json in Resources */,
				1D6A3D32342A71CC6BCA3855 /* Person_2.json in Resources */,
				1D6A3B04DDB373C1542E785F /* PersonWithNullRelationships.json in Resources */,
				1D6A34C84E523B5F58F87C5E /* PersonWithMissingRelationships.json in Resources */,
			);
			runOnlyForDeploymentPostprocessing = 0;
		};
		ADEC66A71B9D9DEB00F528C8 /* Resources */ = {
			isa = PBXResourcesBuildPhase;
			buildActionMask = 2147483647;
			files = (
			);
			runOnlyForDeploymentPostprocessing = 0;
		};
		ADF700A31B99F57F00713D61 /* Resources */ = {
			isa = PBXResourcesBuildPhase;
			buildActionMask = 2147483647;
			files = (
			);
			runOnlyForDeploymentPostprocessing = 0;
		};
		ADF700AD1B99F58000713D61 /* Resources */ = {
			isa = PBXResourcesBuildPhase;
			buildActionMask = 2147483647;
			files = (
				1D6A32E571F68582DB1ED8F0 /* SupportedTypes.json in Resources */,
			);
			runOnlyForDeploymentPostprocessing = 0;
		};
/* End PBXResourcesBuildPhase section */

/* Begin PBXShellScriptBuildPhase section */
		10264B93A7E4737843BE2AF4 /* Copy Pods Resources */ = {
			isa = PBXShellScriptBuildPhase;
			buildActionMask = 2147483647;
			files = (
			);
			inputPaths = (
			);
			name = "Copy Pods Resources";
			outputPaths = (
			);
			runOnlyForDeploymentPostprocessing = 0;
			shellPath = /bin/sh;
			shellScript = "\"${SRCROOT}/Pods/Target Support Files/Pods-FastEasyMappingRealmTests/Pods-FastEasyMappingRealmTests-resources.sh\"\n";
			showEnvVarsInLog = 0;
		};
		7A5F9716ECBD860F7F198687 /* Check Pods Manifest.lock */ = {
			isa = PBXShellScriptBuildPhase;
			buildActionMask = 2147483647;
			files = (
			);
			inputPaths = (
			);
			name = "Check Pods Manifest.lock";
			outputPaths = (
			);
			runOnlyForDeploymentPostprocessing = 0;
			shellPath = /bin/sh;
			shellScript = "diff \"${PODS_ROOT}/../Podfile.lock\" \"${PODS_ROOT}/Manifest.lock\" > /dev/null\nif [[ $? != 0 ]] ; then\n    cat << EOM\nerror: The sandbox is not in sync with the Podfile.lock. Run 'pod install' or update your CocoaPods installation.\nEOM\n    exit 1\nfi\n";
			showEnvVarsInLog = 0;
		};
		AD8600411B9ECBD600265307 /* ShellScript */ = {
			isa = PBXShellScriptBuildPhase;
			buildActionMask = 2147483647;
			files = (
			);
			inputPaths = (
			);
			outputPaths = (
				"$(SRCROOT)/External/Realm/build/ios/Realm.framework",
			);
			runOnlyForDeploymentPostprocessing = 0;
			shellPath = /bin/sh;
			shellScript = "cd External/Realm/\nif [[ ! -d \"ios/Realm.framework\" && ! -d \"build/ios/Realm.framework\" ]]; then\nsh build.sh ios-static\nfi\n";
		};
		ADEC66F31B9DA45F00F528C8 /* Lipo */ = {
			isa = PBXShellScriptBuildPhase;
			buildActionMask = 2147483647;
			files = (
			);
			inputPaths = (
			);
			name = Lipo;
			outputPaths = (
			);
			runOnlyForDeploymentPostprocessing = 0;
			shellPath = /bin/sh;
			shellScript = ". scripts/build.sh";
		};
		ADEC66F91B9DA4B700F528C8 /* Lipo */ = {
			isa = PBXShellScriptBuildPhase;
			buildActionMask = 2147483647;
			files = (
			);
			inputPaths = (
			);
			name = Lipo;
			outputPaths = (
			);
			runOnlyForDeploymentPostprocessing = 0;
			shellPath = /bin/sh;
			shellScript = ". scripts/build.sh FastEasyMappingRealm";
		};
		CF5EF2BA4B30F6157FFCD1D4 /* Check Pods Manifest.lock */ = {
			isa = PBXShellScriptBuildPhase;
			buildActionMask = 2147483647;
			files = (
			);
			inputPaths = (
			);
			name = "Check Pods Manifest.lock";
			outputPaths = (
			);
			runOnlyForDeploymentPostprocessing = 0;
			shellPath = /bin/sh;
			shellScript = "diff \"${PODS_ROOT}/../Podfile.lock\" \"${PODS_ROOT}/Manifest.lock\" > /dev/null\nif [[ $? != 0 ]] ; then\n    cat << EOM\nerror: The sandbox is not in sync with the Podfile.lock. Run 'pod install' or update your CocoaPods installation.\nEOM\n    exit 1\nfi\n";
			showEnvVarsInLog = 0;
		};
		E6E3738201DED0F93028E5B5 /* Copy Pods Resources */ = {
			isa = PBXShellScriptBuildPhase;
			buildActionMask = 2147483647;
			files = (
			);
			inputPaths = (
			);
			name = "Copy Pods Resources";
			outputPaths = (
			);
			runOnlyForDeploymentPostprocessing = 0;
			shellPath = /bin/sh;
			shellScript = "\"${SRCROOT}/Pods/Target Support Files/Pods-FastEasyMappingTests/Pods-FastEasyMappingTests-resources.sh\"\n";
			showEnvVarsInLog = 0;
		};
/* End PBXShellScriptBuildPhase section */

/* Begin PBXSourcesBuildPhase section */
		2CF8098418C3AD5700C07899 /* Sources */ = {
			isa = PBXSourcesBuildPhase;
			buildActionMask = 2147483647;
			files = (
				2C375F4318CCD49B00FCB8EA /* MappingProviderNative.m in Sources */,
				2C375F4418CCD49B00FCB8EA /* MappingProvider.m in Sources */,
				2C375F1318CCD3FB00FCB8EA /* EasyMappingCoreDataExample.xcdatamodel in Sources */,
				2C375F1418CCD3FB00FCB8EA /* Car.m in Sources */,
				2C375F1518CCD3FB00FCB8EA /* Phone.m in Sources */,
				2C375F1618CCD3FB00FCB8EA /* Person.m in Sources */,
				2C375F1718CCD3FB00FCB8EA /* NativeChild.m in Sources */,
				2C375F1818CCD3FB00FCB8EA /* AddressNative.m in Sources */,
				2C375F1918CCD3FB00FCB8EA /* CatNative.m in Sources */,
				AD52DF831B0387C000E46915 /* FEMManagedObjectMappingSpec.m in Sources */,
				AD52DF861B0387C000E46915 /* FEMObjectDeserializerSpec.m in Sources */,
				2C375F1A18CCD3FB00FCB8EA /* PhoneNative.m in Sources */,
				AD52DF851B0387C000E46915 /* FEMObjectMappingSpec.m in Sources */,
				AD52DF841B0387C000E46915 /* FEMManagedObjectDeserializerSpec.m in Sources */,
				2C375F1B18CCD3FB00FCB8EA /* PlaneNative.m in Sources */,
				2C375F1C18CCD3FB00FCB8EA /* Native.m in Sources */,
				2C375F1D18CCD3FB00FCB8EA /* FingerNative.m in Sources */,
				AD52DF871B0387C000E46915 /* FEMSerializerSpec.m in Sources */,
				2C375F1E18CCD3FB00FCB8EA /* SeaplaneNative.m in Sources */,
				2C375F1F18CCD3FB00FCB8EA /* AlienNative.m in Sources */,
				2C375F2018CCD3FB00FCB8EA /* PersonNative.m in Sources */,
				2C375F2118CCD3FB00FCB8EA /* CarNative.m in Sources */,
				AD52DF891B0387C000E46915 /* FEMAttributeMappingSpec.m in Sources */,
				1D6A3E518B28A2D171B3B2F4 /* FEMCacheSpec.m in Sources */,
			);
			runOnlyForDeploymentPostprocessing = 0;
		};
		ADEC66A41B9D9DEB00F528C8 /* Sources */ = {
			isa = PBXSourcesBuildPhase;
			buildActionMask = 2147483647;
			files = (
				ADEC66E91B9D9FBB00F528C8 /* FEMSerializer.m in Sources */,
				ADEC66E41B9D9FBB00F528C8 /* FEMMappingUtility.m in Sources */,
				ADEC66E61B9D9FBB00F528C8 /* FEMRelationshipAssignmentContext.m in Sources */,
				ADEC66E71B9D9FBB00F528C8 /* FEMObjectCache.m in Sources */,
				ADEC66E51B9D9FBB00F528C8 /* FEMAssignmentPolicy.m in Sources */,
				ADEC66ED1B9D9FBB00F528C8 /* FEMAttribute.m in Sources */,
				ADEC66EB1B9D9FBB00F528C8 /* FEMManagedObjectStore.m in Sources */,
				ADEC66DE1B9D9FBB00F528C8 /* NSArray+FEMPropertyRepresentation.m in Sources */,
				ADEC66EC1B9D9FBB00F528C8 /* FEMMapping.m in Sources */,
				ADEC66E21B9D9FBB00F528C8 /* FEMTypeIntrospection.m in Sources */,
				ADEC66E31B9D9FBB00F528C8 /* FEMRepresentationUtility.m in Sources */,
				ADEC66DF1B9D9FBB00F528C8 /* NSObject+FEMKVCExtension.m in Sources */,
				ADEC66E81B9D9FBB00F528C8 /* FEMDeserializer.m in Sources */,
				ADEC66EE1B9D9FBB00F528C8 /* FEMRelationship.m in Sources */,
				ADEC66E01B9D9FBB00F528C8 /* FEMExcludableCollection.m in Sources */,
				ADEC66EA1B9D9FBB00F528C8 /* FEMObjectStore.m in Sources */,
				ADEC66E11B9D9FBB00F528C8 /* FEMMergeableCollection.m in Sources */,
			);
			runOnlyForDeploymentPostprocessing = 0;
		};
		ADF700A01B99F57F00713D61 /* Sources */ = {
			isa = PBXSourcesBuildPhase;
			buildActionMask = 2147483647;
			files = (
				ADF700CA1B99F5AA00713D61 /* FEMObjectCache+Realm.m in Sources */,
				ADF700CD1B99F5AA00713D61 /* FEMRealmStore.m in Sources */,
				ADF700C81B99F5AA00713D61 /* FEMDeserializer+Realm.m in Sources */,
				1D6A32FD3994DE168D52A429 /* FEMRealmAssignmentPolicy.m in Sources */,
			);
			runOnlyForDeploymentPostprocessing = 0;
		};
		ADF700AB1B99F58000713D61 /* Sources */ = {
			isa = PBXSourcesBuildPhase;
			buildActionMask = 2147483647;
			files = (
				1D6A3AF7BB43E426B1660DF8 /* RealmObject.m in Sources */,
				1D6A387E0A67DFC3C1AA2489 /* FEMDeserializerSpec.m in Sources */,
			);
			runOnlyForDeploymentPostprocessing = 0;
		};
/* End PBXSourcesBuildPhase section */

/* Begin PBXTargetDependency section */
		AD41A6A31B9DF9D4007F5729 /* PBXTargetDependency */ = {
			isa = PBXTargetDependency;
			target = ADEC66A81B9D9DEB00F528C8 /* FastEasyMapping */;
			targetProxy = AD41A6A21B9DF9D4007F5729 /* PBXContainerItemProxy */;
		};
		AD8600451B9ECCD000265307 /* PBXTargetDependency */ = {
			isa = PBXTargetDependency;
			target = ADEC66A81B9D9DEB00F528C8 /* FastEasyMapping */;
			targetProxy = AD8600441B9ECCD000265307 /* PBXContainerItemProxy */;
		};
		AD8600481B9ECCE800265307 /* PBXTargetDependency */ = {
			isa = PBXTargetDependency;
			target = AD86003D1B9ECBCD00265307 /* Realm */;
			targetProxy = AD8600471B9ECCE800265307 /* PBXContainerItemProxy */;
		};
		ADF700B21B99F58000713D61 /* PBXTargetDependency */ = {
			isa = PBXTargetDependency;
			target = ADF700A41B99F57F00713D61 /* FastEasyMappingRealm */;
			targetProxy = ADF700B11B99F58000713D61 /* PBXContainerItemProxy */;
		};
/* End PBXTargetDependency section */

/* Begin PBXVariantGroup section */
		69ED730BF972DF74DC2BA5B3 /* InfoPlist.strings */ = {
			isa = PBXVariantGroup;
			children = (
				69ED764EB359C8472262F3FB /* en */,
			);
			name = InfoPlist.strings;
			sourceTree = "<group>";
		};
/* End PBXVariantGroup section */

/* Begin XCBuildConfiguration section */
		2CF8099918C3AD5700C07899 /* Debug */ = {
			isa = XCBuildConfiguration;
			buildSettings = {
				ALWAYS_SEARCH_USER_PATHS = NO;
				CLANG_CXX_LANGUAGE_STANDARD = "gnu++0x";
				CLANG_CXX_LIBRARY = "libc++";
				CLANG_ENABLE_MODULES = YES;
				CLANG_ENABLE_OBJC_ARC = YES;
				CLANG_WARN_BOOL_CONVERSION = YES;
				CLANG_WARN_CONSTANT_CONVERSION = YES;
				CLANG_WARN_DIRECT_OBJC_ISA_USAGE = YES_ERROR;
				CLANG_WARN_EMPTY_BODY = YES;
				CLANG_WARN_ENUM_CONVERSION = YES;
				CLANG_WARN_INT_CONVERSION = YES;
				CLANG_WARN_OBJC_ROOT_CLASS = YES_ERROR;
				CLANG_WARN__DUPLICATE_METHOD_MATCH = YES;
				COPY_PHASE_STRIP = NO;
				ENABLE_TESTABILITY = YES;
				GCC_C_LANGUAGE_STANDARD = gnu99;
				GCC_DYNAMIC_NO_PIC = NO;
				GCC_OPTIMIZATION_LEVEL = 0;
				GCC_PREPROCESSOR_DEFINITIONS = (
					"DEBUG=1",
					"$(inherited)",
				);
				GCC_SYMBOLS_PRIVATE_EXTERN = NO;
				GCC_WARN_64_TO_32_BIT_CONVERSION = YES;
				GCC_WARN_ABOUT_RETURN_TYPE = YES_ERROR;
				GCC_WARN_UNDECLARED_SELECTOR = YES;
				GCC_WARN_UNINITIALIZED_AUTOS = YES;
				GCC_WARN_UNUSED_FUNCTION = YES;
				GCC_WARN_UNUSED_VARIABLE = YES;
				IPHONEOS_DEPLOYMENT_TARGET = 6.0;
				ONLY_ACTIVE_ARCH = YES;
				SDKROOT = iphoneos;
			};
			name = Debug;
		};
		2CF8099A18C3AD5700C07899 /* Release */ = {
			isa = XCBuildConfiguration;
			buildSettings = {
				ALWAYS_SEARCH_USER_PATHS = NO;
				CLANG_CXX_LANGUAGE_STANDARD = "gnu++0x";
				CLANG_CXX_LIBRARY = "libc++";
				CLANG_ENABLE_MODULES = YES;
				CLANG_ENABLE_OBJC_ARC = YES;
				CLANG_WARN_BOOL_CONVERSION = YES;
				CLANG_WARN_CONSTANT_CONVERSION = YES;
				CLANG_WARN_DIRECT_OBJC_ISA_USAGE = YES_ERROR;
				CLANG_WARN_EMPTY_BODY = YES;
				CLANG_WARN_ENUM_CONVERSION = YES;
				CLANG_WARN_INT_CONVERSION = YES;
				CLANG_WARN_OBJC_ROOT_CLASS = YES_ERROR;
				CLANG_WARN__DUPLICATE_METHOD_MATCH = YES;
				COPY_PHASE_STRIP = YES;
				ENABLE_NS_ASSERTIONS = NO;
				GCC_C_LANGUAGE_STANDARD = gnu99;
				GCC_WARN_64_TO_32_BIT_CONVERSION = YES;
				GCC_WARN_ABOUT_RETURN_TYPE = YES_ERROR;
				GCC_WARN_UNDECLARED_SELECTOR = YES;
				GCC_WARN_UNINITIALIZED_AUTOS = YES;
				GCC_WARN_UNUSED_FUNCTION = YES;
				GCC_WARN_UNUSED_VARIABLE = YES;
				IPHONEOS_DEPLOYMENT_TARGET = 6.0;
				SDKROOT = iphoneos;
				VALIDATE_PRODUCT = YES;
			};
			name = Release;
		};
		2CF8099F18C3AD5700C07899 /* Debug */ = {
			isa = XCBuildConfiguration;
			baseConfigurationReference = 29060352558D8EB5B9B013A4 /* Pods-FastEasyMappingTests.debug.xcconfig */;
			buildSettings = {
				FRAMEWORK_SEARCH_PATHS = "$(inherited)";
				GCC_PRECOMPILE_PREFIX_HEADER = YES;
				GCC_PREFIX_HEADER = "FastEasyMapping/FastEasyMapping-Prefix.pch";
				GCC_PREPROCESSOR_DEFINITIONS = (
					"DEBUG=1",
					"$(inherited)",
				);
				HEADER_SEARCH_PATHS = "$(inherited)";
				INFOPLIST_FILE = "FastEasyMappingTests/FastEasyMappingTests-Info.plist";
				PRODUCT_BUNDLE_IDENTIFIER = "com.fastEasyMapping.${PRODUCT_NAME:rfc1034identifier}";
				PRODUCT_NAME = FastEasyMappingTests;
			};
			name = Debug;
		};
		2CF809A018C3AD5700C07899 /* Release */ = {
			isa = XCBuildConfiguration;
			baseConfigurationReference = 95A8DE2E9CC533DA840A0845 /* Pods-FastEasyMappingTests.release.xcconfig */;
			buildSettings = {
				FRAMEWORK_SEARCH_PATHS = "$(inherited)";
				GCC_PRECOMPILE_PREFIX_HEADER = YES;
				GCC_PREFIX_HEADER = "FastEasyMapping/FastEasyMapping-Prefix.pch";
				HEADER_SEARCH_PATHS = "$(inherited)";
				INFOPLIST_FILE = "FastEasyMappingTests/FastEasyMappingTests-Info.plist";
				PRODUCT_BUNDLE_IDENTIFIER = "com.fastEasyMapping.${PRODUCT_NAME:rfc1034identifier}";
				PRODUCT_NAME = FastEasyMappingTests;
			};
			name = Release;
		};
		AD86003E1B9ECBCD00265307 /* Debug */ = {
			isa = XCBuildConfiguration;
			buildSettings = {
				PRODUCT_NAME = "$(TARGET_NAME)";
			};
			name = Debug;
		};
		AD86003F1B9ECBCD00265307 /* Release */ = {
			isa = XCBuildConfiguration;
			buildSettings = {
				PRODUCT_NAME = "$(TARGET_NAME)";
			};
			name = Release;
		};
		ADEC66BD1B9D9DEB00F528C8 /* Debug */ = {
			isa = XCBuildConfiguration;
			buildSettings = {
				CLANG_WARN_UNREACHABLE_CODE = YES;
				"CODE_SIGN_IDENTITY[sdk=iphoneos*]" = "iPhone Developer";
				CURRENT_PROJECT_VERSION = 1;
				DEBUG_INFORMATION_FORMAT = "dwarf-with-dsym";
				DEFINES_MODULE = NO;
				DYLIB_COMPATIBILITY_VERSION = 1;
				DYLIB_CURRENT_VERSION = 1;
				DYLIB_INSTALL_NAME_BASE = "@rpath";
				ENABLE_STRICT_OBJC_MSGSEND = YES;
				GCC_NO_COMMON_BLOCKS = YES;
				GCC_PREPROCESSOR_DEFINITIONS = (
					"DEBUG=1",
					"$(inherited)",
				);
				GCC_WARN_UNINITIALIZED_AUTOS = YES_AGGRESSIVE;
				INFOPLIST_FILE = FastEasyMapping/Info.plist;
				INSTALL_PATH = "$(LOCAL_LIBRARY_DIR)/Frameworks";
				IPHONEOS_DEPLOYMENT_TARGET = 7.0;
				LD_RUNPATH_SEARCH_PATHS = "$(inherited) @executable_path/Frameworks @loader_path/Frameworks";
				MACH_O_TYPE = staticlib;
				MTL_ENABLE_DEBUG_INFO = YES;
				PRODUCT_BUNDLE_IDENTIFIER = com.fastEasyMapping.core;
				PRODUCT_NAME = "$(TARGET_NAME)";
				SKIP_INSTALL = YES;
				TARGETED_DEVICE_FAMILY = "1,2";
				VERSIONING_SYSTEM = "apple-generic";
				VERSION_INFO_PREFIX = "";
			};
			name = Debug;
		};
		ADEC66BE1B9D9DEB00F528C8 /* Release */ = {
			isa = XCBuildConfiguration;
			buildSettings = {
				CLANG_WARN_UNREACHABLE_CODE = YES;
				"CODE_SIGN_IDENTITY[sdk=iphoneos*]" = "iPhone Developer";
				COPY_PHASE_STRIP = NO;
				CURRENT_PROJECT_VERSION = 1;
				DEBUG_INFORMATION_FORMAT = "dwarf-with-dsym";
				DEFINES_MODULE = NO;
				DYLIB_COMPATIBILITY_VERSION = 1;
				DYLIB_CURRENT_VERSION = 1;
				DYLIB_INSTALL_NAME_BASE = "@rpath";
				ENABLE_STRICT_OBJC_MSGSEND = YES;
				GCC_NO_COMMON_BLOCKS = YES;
				GCC_WARN_UNINITIALIZED_AUTOS = YES_AGGRESSIVE;
				INFOPLIST_FILE = FastEasyMapping/Info.plist;
				INSTALL_PATH = "$(LOCAL_LIBRARY_DIR)/Frameworks";
				IPHONEOS_DEPLOYMENT_TARGET = 7.0;
				LD_RUNPATH_SEARCH_PATHS = "$(inherited) @executable_path/Frameworks @loader_path/Frameworks";
				MACH_O_TYPE = staticlib;
				MTL_ENABLE_DEBUG_INFO = NO;
				PRODUCT_BUNDLE_IDENTIFIER = com.fastEasyMapping.core;
				PRODUCT_NAME = "$(TARGET_NAME)";
				SKIP_INSTALL = YES;
				TARGETED_DEVICE_FAMILY = "1,2";
				VERSIONING_SYSTEM = "apple-generic";
				VERSION_INFO_PREFIX = "";
			};
			name = Release;
		};
		ADEC66F11B9DA45600F528C8 /* Debug */ = {
			isa = XCBuildConfiguration;
			buildSettings = {
				PRODUCT_NAME = "$(TARGET_NAME)";
			};
			name = Debug;
		};
		ADEC66F21B9DA45600F528C8 /* Release */ = {
			isa = XCBuildConfiguration;
			buildSettings = {
				PRODUCT_NAME = "$(TARGET_NAME)";
			};
			name = Release;
		};
		ADEC66FB1B9DA4B700F528C8 /* Debug */ = {
			isa = XCBuildConfiguration;
			buildSettings = {
				PRODUCT_NAME = "FastEasyMapping Universal copy";
			};
			name = Debug;
		};
		ADEC66FC1B9DA4B700F528C8 /* Release */ = {
			isa = XCBuildConfiguration;
			buildSettings = {
				PRODUCT_NAME = "FastEasyMapping Universal copy";
			};
			name = Release;
		};
		ADF700B91B99F58000713D61 /* Debug */ = {
			isa = XCBuildConfiguration;
			buildSettings = {
				CLANG_WARN_UNREACHABLE_CODE = YES;
				"CODE_SIGN_IDENTITY[sdk=iphoneos*]" = "iPhone Developer";
				CURRENT_PROJECT_VERSION = 1;
				DEBUG_INFORMATION_FORMAT = "dwarf-with-dsym";
				DEFINES_MODULE = NO;
				DYLIB_COMPATIBILITY_VERSION = 1;
				DYLIB_CURRENT_VERSION = 1;
				DYLIB_INSTALL_NAME_BASE = "@rpath";
				ENABLE_STRICT_OBJC_MSGSEND = YES;
				GCC_NO_COMMON_BLOCKS = YES;
				GCC_PREPROCESSOR_DEFINITIONS = (
					"DEBUG=1",
					"$(inherited)",
				);
				GCC_WARN_UNINITIALIZED_AUTOS = YES_AGGRESSIVE;
				HEADER_SEARCH_PATHS = (
					"$(SRCROOT)/External/Realm/",
					"$(SRCROOT)/FastEasyMapping/**",
					"$(inherited)",
					/Applications/Xcode.app/Contents/Developer/Toolchains/XcodeDefault.xctoolchain/usr/include,
				);
				INFOPLIST_FILE = FastEasyMappingRealm/Info.plist;
				INSTALL_PATH = "$(LOCAL_LIBRARY_DIR)/Frameworks";
				IPHONEOS_DEPLOYMENT_TARGET = 7.0;
				LD_RUNPATH_SEARCH_PATHS = "$(inherited) @executable_path/Frameworks @loader_path/Frameworks";
				MACH_O_TYPE = staticlib;
				MTL_ENABLE_DEBUG_INFO = YES;
				PRODUCT_BUNDLE_IDENTIFIER = com.fastEasyMapping.realm;
				PRODUCT_NAME = "$(TARGET_NAME)";
				SKIP_INSTALL = YES;
				TARGETED_DEVICE_FAMILY = "1,2";
				VERSIONING_SYSTEM = "apple-generic";
				VERSION_INFO_PREFIX = "";
			};
			name = Debug;
		};
		ADF700BA1B99F58000713D61 /* Release */ = {
			isa = XCBuildConfiguration;
			buildSettings = {
				CLANG_WARN_UNREACHABLE_CODE = YES;
				"CODE_SIGN_IDENTITY[sdk=iphoneos*]" = "iPhone Developer";
				COPY_PHASE_STRIP = NO;
				CURRENT_PROJECT_VERSION = 1;
				DEBUG_INFORMATION_FORMAT = "dwarf-with-dsym";
				DEFINES_MODULE = NO;
				DYLIB_COMPATIBILITY_VERSION = 1;
				DYLIB_CURRENT_VERSION = 1;
				DYLIB_INSTALL_NAME_BASE = "@rpath";
				ENABLE_STRICT_OBJC_MSGSEND = YES;
				GCC_NO_COMMON_BLOCKS = YES;
				GCC_WARN_UNINITIALIZED_AUTOS = YES_AGGRESSIVE;
				HEADER_SEARCH_PATHS = (
					"$(SRCROOT)/External/Realm/",
					"$(SRCROOT)/FastEasyMapping/**",
					"$(inherited)",
					/Applications/Xcode.app/Contents/Developer/Toolchains/XcodeDefault.xctoolchain/usr/include,
				);
				INFOPLIST_FILE = FastEasyMappingRealm/Info.plist;
				INSTALL_PATH = "$(LOCAL_LIBRARY_DIR)/Frameworks";
				IPHONEOS_DEPLOYMENT_TARGET = 7.0;
				LD_RUNPATH_SEARCH_PATHS = "$(inherited) @executable_path/Frameworks @loader_path/Frameworks";
				MACH_O_TYPE = staticlib;
				MTL_ENABLE_DEBUG_INFO = NO;
				PRODUCT_BUNDLE_IDENTIFIER = com.fastEasyMapping.realm;
				PRODUCT_NAME = "$(TARGET_NAME)";
				SKIP_INSTALL = YES;
				TARGETED_DEVICE_FAMILY = "1,2";
				VERSIONING_SYSTEM = "apple-generic";
				VERSION_INFO_PREFIX = "";
			};
			name = Release;
		};
		ADF700BC1B99F58000713D61 /* Debug */ = {
			isa = XCBuildConfiguration;
			baseConfigurationReference = 1573B88C7C7FB7219D114250 /* Pods-FastEasyMappingRealmTests.debug.xcconfig */;
			buildSettings = {
				CLANG_WARN_UNREACHABLE_CODE = YES;
				"CODE_SIGN_IDENTITY[sdk=iphoneos*]" = "iPhone Developer";
				DEBUG_INFORMATION_FORMAT = "dwarf-with-dsym";
				ENABLE_STRICT_OBJC_MSGSEND = YES;
				FRAMEWORK_SEARCH_PATHS = (
					"$(SDKROOT)/Developer/Library/Frameworks",
					"$(inherited)",
					"$(PROJECT_DIR)/External/Realm/build/ios",
				);
				GCC_NO_COMMON_BLOCKS = YES;
				GCC_PREPROCESSOR_DEFINITIONS = (
					"DEBUG=1",
					"$(inherited)",
				);
				GCC_WARN_UNINITIALIZED_AUTOS = YES_AGGRESSIVE;
				INFOPLIST_FILE = FastEasyMappingRealmTests/Info.plist;
				IPHONEOS_DEPLOYMENT_TARGET = 8.4;
				LD_RUNPATH_SEARCH_PATHS = "$(inherited) @executable_path/Frameworks @loader_path/Frameworks";
				MTL_ENABLE_DEBUG_INFO = YES;
				PRODUCT_BUNDLE_IDENTIFIER = "com.fastEasyMapping.$(PRODUCT_NAME:rfc1034identifier)";
				PRODUCT_NAME = "$(TARGET_NAME)";
			};
			name = Debug;
		};
		ADF700BD1B99F58000713D61 /* Release */ = {
			isa = XCBuildConfiguration;
			baseConfigurationReference = FC3A721DE198AB7571111994 /* Pods-FastEasyMappingRealmTests.release.xcconfig */;
			buildSettings = {
				CLANG_WARN_UNREACHABLE_CODE = YES;
				"CODE_SIGN_IDENTITY[sdk=iphoneos*]" = "iPhone Developer";
				COPY_PHASE_STRIP = NO;
				DEBUG_INFORMATION_FORMAT = "dwarf-with-dsym";
				ENABLE_STRICT_OBJC_MSGSEND = YES;
				FRAMEWORK_SEARCH_PATHS = (
					"$(SDKROOT)/Developer/Library/Frameworks",
					"$(inherited)",
					"$(PROJECT_DIR)/External/Realm/build/ios",
				);
				GCC_NO_COMMON_BLOCKS = YES;
				GCC_WARN_UNINITIALIZED_AUTOS = YES_AGGRESSIVE;
				INFOPLIST_FILE = FastEasyMappingRealmTests/Info.plist;
				IPHONEOS_DEPLOYMENT_TARGET = 8.4;
				LD_RUNPATH_SEARCH_PATHS = "$(inherited) @executable_path/Frameworks @loader_path/Frameworks";
				MTL_ENABLE_DEBUG_INFO = NO;
				PRODUCT_BUNDLE_IDENTIFIER = "com.fastEasyMapping.$(PRODUCT_NAME:rfc1034identifier)";
				PRODUCT_NAME = "$(TARGET_NAME)";
			};
			name = Release;
		};
/* End XCBuildConfiguration section */

/* Begin XCConfigurationList section */
		2CF8097318C3AD5700C07899 /* Build configuration list for PBXProject "FastEasyMapping" */ = {
			isa = XCConfigurationList;
			buildConfigurations = (
				2CF8099918C3AD5700C07899 /* Debug */,
				2CF8099A18C3AD5700C07899 /* Release */,
			);
			defaultConfigurationIsVisible = 0;
			defaultConfigurationName = Release;
		};
		2CF8099E18C3AD5700C07899 /* Build configuration list for PBXNativeTarget "FastEasyMappingTests" */ = {
			isa = XCConfigurationList;
			buildConfigurations = (
				2CF8099F18C3AD5700C07899 /* Debug */,
				2CF809A018C3AD5700C07899 /* Release */,
			);
			defaultConfigurationIsVisible = 0;
			defaultConfigurationName = Release;
		};
		AD8600401B9ECBCD00265307 /* Build configuration list for PBXAggregateTarget "Realm" */ = {
			isa = XCConfigurationList;
			buildConfigurations = (
				AD86003E1B9ECBCD00265307 /* Debug */,
				AD86003F1B9ECBCD00265307 /* Release */,
			);
			defaultConfigurationIsVisible = 0;
			defaultConfigurationName = Release;
		};
		ADEC66BC1B9D9DEB00F528C8 /* Build configuration list for PBXNativeTarget "FastEasyMapping" */ = {
			isa = XCConfigurationList;
			buildConfigurations = (
				ADEC66BD1B9D9DEB00F528C8 /* Debug */,
				ADEC66BE1B9D9DEB00F528C8 /* Release */,
			);
			defaultConfigurationIsVisible = 0;
			defaultConfigurationName = Release;
		};
		ADEC66F01B9DA45600F528C8 /* Build configuration list for PBXAggregateTarget "FastEasyMapping Universal" */ = {
			isa = XCConfigurationList;
			buildConfigurations = (
				ADEC66F11B9DA45600F528C8 /* Debug */,
				ADEC66F21B9DA45600F528C8 /* Release */,
			);
			defaultConfigurationIsVisible = 0;
			defaultConfigurationName = Release;
		};
		ADEC66FA1B9DA4B700F528C8 /* Build configuration list for PBXAggregateTarget "FastEasyMappingRealm Universal" */ = {
			isa = XCConfigurationList;
			buildConfigurations = (
				ADEC66FB1B9DA4B700F528C8 /* Debug */,
				ADEC66FC1B9DA4B700F528C8 /* Release */,
			);
			defaultConfigurationIsVisible = 0;
			defaultConfigurationName = Release;
		};
		ADF700B81B99F58000713D61 /* Build configuration list for PBXNativeTarget "FastEasyMappingRealm" */ = {
			isa = XCConfigurationList;
			buildConfigurations = (
				ADF700B91B99F58000713D61 /* Debug */,
				ADF700BA1B99F58000713D61 /* Release */,
			);
			defaultConfigurationIsVisible = 0;
			defaultConfigurationName = Release;
		};
		ADF700BB1B99F58000713D61 /* Build configuration list for PBXNativeTarget "FastEasyMappingRealmTests" */ = {
			isa = XCConfigurationList;
			buildConfigurations = (
				ADF700BC1B99F58000713D61 /* Debug */,
				ADF700BD1B99F58000713D61 /* Release */,
			);
			defaultConfigurationIsVisible = 0;
			defaultConfigurationName = Release;
		};
/* End XCConfigurationList section */
	};
	rootObject = 2CF8097018C3AD5700C07899 /* Project object */;
}
