// !$*UTF8*$!
{
	archiveVersion = 1;
	classes = {
	};
	objectVersion = 46;
	objects = {

/* Begin PBXBuildFile section */
		1D6A302A3D95B8A0913B335C /* FEMObjectMapping.h in Headers */ = {isa = PBXBuildFile; fileRef = 1D6A3F8FD0F112B4BA9380FE /* FEMObjectMapping.h */; settings = {ATTRIBUTES = (Public, ); }; };
		1D6A30D09CC7C04D4C0E8FAC /* FEMObjectStore.m in Sources */ = {isa = PBXBuildFile; fileRef = 1D6A30748FCFC86CFA72493D /* FEMObjectStore.m */; };
		1D6A324055B27F52CF7B8719 /* Person_1.json in Resources */ = {isa = PBXBuildFile; fileRef = 1D6A31C3D577329518B3E664 /* Person_1.json */; };
		1D6A344F5FF5B8AD3E1FDC04 /* FEMRelationshipAssignmentContext+Internal.h in Headers */ = {isa = PBXBuildFile; fileRef = 1D6A3E939A8527DF07B8E6EB /* FEMRelationshipAssignmentContext+Internal.h */; settings = {ATTRIBUTES = (Private, ); }; };
		1D6A348584F61C3260854CE2 /* FEMMappingUtility.h in Headers */ = {isa = PBXBuildFile; fileRef = 1D6A34B621512A2FE61ECE26 /* FEMMappingUtility.h */; settings = {ATTRIBUTES = (Public, ); }; };
		1D6A34C84E523B5F58F87C5E /* PersonWithMissingRelationships.json in Resources */ = {isa = PBXBuildFile; fileRef = 1D6A34832F9D9655B8006CA7 /* PersonWithMissingRelationships.json */; };
		1D6A364F0E2FE974D31C49B9 /* FEMRelationship.h in Headers */ = {isa = PBXBuildFile; fileRef = 1D6A3F0C9AE4FD7FC200D09F /* FEMRelationship.h */; settings = {ATTRIBUTES = (Public, ); }; };
		1D6A368456D992002FA3C6A9 /* FEMRepresentationUtility.h in Headers */ = {isa = PBXBuildFile; fileRef = 1D6A3E942488A7A8C0C01C0C /* FEMRepresentationUtility.h */; settings = {ATTRIBUTES = (Public, ); }; };
		1D6A369BDB69900A3774C427 /* FEMAttribute.h in Headers */ = {isa = PBXBuildFile; fileRef = 1D6A32731DF0CE9F69F54AE4 /* FEMAttribute.h */; settings = {ATTRIBUTES = (Public, ); }; };
		1D6A369BF512C6E71C26FBF0 /* FEMProperty.h in Headers */ = {isa = PBXBuildFile; fileRef = 1D6A3781CA28E31A3CDCE626 /* FEMProperty.h */; settings = {ATTRIBUTES = (Public, ); }; };
		1D6A370F588D1C2F011CAAD0 /* PersonWithCar_2.json in Resources */ = {isa = PBXBuildFile; fileRef = 1D6A3466BDE4D4241DCB93D3 /* PersonWithCar_2.json */; };
		1D6A37A1CE12DEB217C99911 /* FEMManagedObjectMapping.h in Headers */ = {isa = PBXBuildFile; fileRef = 1D6A3E335535878DA801854C /* FEMManagedObjectMapping.h */; settings = {ATTRIBUTES = (Public, ); }; };
		1D6A3814C824D2128E3A043A /* FEMMapping.m in Sources */ = {isa = PBXBuildFile; fileRef = 1D6A3B87ABEBEDD845682F62 /* FEMMapping.m */; };
		1D6A3821F8D06660ABDEE560 /* FEMRelationshipAssignmentContext.m in Sources */ = {isa = PBXBuildFile; fileRef = 1D6A31CC30FC2DC11994EBA8 /* FEMRelationshipAssignmentContext.m */; };
		1D6A38BAA53A46E856AF5CC4 /* FEMRelationshipAssignmentContext.h in Headers */ = {isa = PBXBuildFile; fileRef = 1D6A37E108D6B12FA8587FA6 /* FEMRelationshipAssignmentContext.h */; settings = {ATTRIBUTES = (Public, ); }; };
		1D6A3B04DDB373C1542E785F /* PersonWithNullRelationships.json in Resources */ = {isa = PBXBuildFile; fileRef = 1D6A3A47A8DEF276ECDCDF46 /* PersonWithNullRelationships.json */; };
		1D6A3BB7C54CCCC7720A793A /* FEMObjectStore.h in Headers */ = {isa = PBXBuildFile; fileRef = 1D6A32B1909842797CD2E0D3 /* FEMObjectStore.h */; settings = {ATTRIBUTES = (Public, ); }; };
		1D6A3BC1A08D550FFFF3E9A5 /* FEMAttribute.m in Sources */ = {isa = PBXBuildFile; fileRef = 1D6A3C63218EDC50D1C848E3 /* FEMAttribute.m */; };
		1D6A3D2F519049D3E97895A9 /* FEMMapping.h in Headers */ = {isa = PBXBuildFile; fileRef = 1D6A3DB6E70D06B240357965 /* FEMMapping.h */; settings = {ATTRIBUTES = (Public, ); }; };
		1D6A3D32342A71CC6BCA3855 /* Person_2.json in Resources */ = {isa = PBXBuildFile; fileRef = 1D6A3ACBBC8E66609F169E94 /* Person_2.json */; };
		1D6A3E950CAD3D0A01F2C1B3 /* FEMRelationship.m in Sources */ = {isa = PBXBuildFile; fileRef = 1D6A3EDB0333D6F8C6AF1C22 /* FEMRelationship.m */; };
		1D6A3EB013A2AC7B8B7B69CE /* PersonWithCar_1.json in Resources */ = {isa = PBXBuildFile; fileRef = 1D6A3E2CCF90DF3444D0707E /* PersonWithCar_1.json */; };
		1D6A3FE5C05F54B80DCD6D93 /* FEMRepresentationUtility.m in Sources */ = {isa = PBXBuildFile; fileRef = 1D6A328FCE22411C60FBC7C4 /* FEMRepresentationUtility.m */; };
		1D6A3FFE3771AC234D28EA4D /* FEMMappingUtility.m in Sources */ = {isa = PBXBuildFile; fileRef = 1D6A3A4F887B37995524457E /* FEMMappingUtility.m */; };
		2C375F1318CCD3FB00FCB8EA /* EasyMappingCoreDataExample.xcdatamodel in Sources */ = {isa = PBXBuildFile; fileRef = 2C375F1018CCBC2900FCB8EA /* EasyMappingCoreDataExample.xcdatamodel */; };
		2C375F1418CCD3FB00FCB8EA /* Car.m in Sources */ = {isa = PBXBuildFile; fileRef = 69ED767EE6E89A487714CDF8 /* Car.m */; };
		2C375F1518CCD3FB00FCB8EA /* Phone.m in Sources */ = {isa = PBXBuildFile; fileRef = 69ED75A1803E4FA721E79895 /* Phone.m */; };
		2C375F1618CCD3FB00FCB8EA /* Person.m in Sources */ = {isa = PBXBuildFile; fileRef = 69ED78FBF03886650959C5AE /* Person.m */; };
		2C375F1718CCD3FB00FCB8EA /* NativeChild.m in Sources */ = {isa = PBXBuildFile; fileRef = 69ED747DF1709A9ABAC81F68 /* NativeChild.m */; };
		2C375F1818CCD3FB00FCB8EA /* AddressNative.m in Sources */ = {isa = PBXBuildFile; fileRef = 69ED714FF0FE4A0F2A6F5928 /* AddressNative.m */; };
		2C375F1918CCD3FB00FCB8EA /* CatNative.m in Sources */ = {isa = PBXBuildFile; fileRef = 69ED76E0E8184C9BDF3CE713 /* CatNative.m */; };
		2C375F1A18CCD3FB00FCB8EA /* PhoneNative.m in Sources */ = {isa = PBXBuildFile; fileRef = 69ED7E3F8292CA5FAB383E45 /* PhoneNative.m */; };
		2C375F1B18CCD3FB00FCB8EA /* PlaneNative.m in Sources */ = {isa = PBXBuildFile; fileRef = 69ED74EA8FEC3EC66EF72AA7 /* PlaneNative.m */; };
		2C375F1C18CCD3FB00FCB8EA /* Native.m in Sources */ = {isa = PBXBuildFile; fileRef = 69ED749AC1C7BE9BBB361F2B /* Native.m */; };
		2C375F1D18CCD3FB00FCB8EA /* FingerNative.m in Sources */ = {isa = PBXBuildFile; fileRef = 69ED7E9D5D47846FEFCA62F5 /* FingerNative.m */; };
		2C375F1E18CCD3FB00FCB8EA /* SeaplaneNative.m in Sources */ = {isa = PBXBuildFile; fileRef = 69ED782333EB910A1F420719 /* SeaplaneNative.m */; };
		2C375F1F18CCD3FB00FCB8EA /* AlienNative.m in Sources */ = {isa = PBXBuildFile; fileRef = 69ED76A31CE5167D72298490 /* AlienNative.m */; };
		2C375F2018CCD3FB00FCB8EA /* PersonNative.m in Sources */ = {isa = PBXBuildFile; fileRef = 69ED7C0B46A2C9AC90B37710 /* PersonNative.m */; };
		2C375F2118CCD3FB00FCB8EA /* CarNative.m in Sources */ = {isa = PBXBuildFile; fileRef = 69ED734D9AF0D834B3D9D190 /* CarNative.m */; };
		2C375F3018CCD40200FCB8EA /* Female.json in Resources */ = {isa = PBXBuildFile; fileRef = 69ED7D96C7E8C393B9DEB695 /* Female.json */; };
		2C375F3118CCD40200FCB8EA /* PersonWithDifferentNaming.json in Resources */ = {isa = PBXBuildFile; fileRef = 69ED793ABFE3F8A13E1E3D30 /* PersonWithDifferentNaming.json */; };
		2C375F3218CCD40200FCB8EA /* Cars.json in Resources */ = {isa = PBXBuildFile; fileRef = 69ED70F7239A59402E626302 /* Cars.json */; };
		2C375F3318CCD40200FCB8EA /* Native.json in Resources */ = {isa = PBXBuildFile; fileRef = 69ED796AD9048CFCF07439D0 /* Native.json */; };
		2C375F3418CCD40200FCB8EA /* Alien.json in Resources */ = {isa = PBXBuildFile; fileRef = 69ED7EC1199D47734B9812E7 /* Alien.json */; };
		2C375F3518CCD40200FCB8EA /* Plane.json in Resources */ = {isa = PBXBuildFile; fileRef = 69ED7209D50C3640D4456C8D /* Plane.json */; };
		2C375F3618CCD40200FCB8EA /* CarWithRoot.json in Resources */ = {isa = PBXBuildFile; fileRef = 69ED7FE4AD3F8C3BD25B5825 /* CarWithRoot.json */; };
		2C375F3718CCD40200FCB8EA /* CarWithDate.json in Resources */ = {isa = PBXBuildFile; fileRef = 69ED758473F42E39AE484636 /* CarWithDate.json */; };
		2C375F3818CCD40200FCB8EA /* CarWithNestedAttributes.json in Resources */ = {isa = PBXBuildFile; fileRef = 69ED7BBE657BC5F333DD5560 /* CarWithNestedAttributes.json */; };
		2C375F3918CCD40200FCB8EA /* Male.json in Resources */ = {isa = PBXBuildFile; fileRef = 69ED78A3F1B154B04AA09ABB /* Male.json */; };
		2C375F3A18CCD40200FCB8EA /* Address.json in Resources */ = {isa = PBXBuildFile; fileRef = 69ED7810DD72B240882E07DF /* Address.json */; };
		2C375F3B18CCD40200FCB8EA /* Person.json in Resources */ = {isa = PBXBuildFile; fileRef = 69ED79AD80703DC44EFCC7EE /* Person.json */; };
		2C375F3C18CCD40200FCB8EA /* Car.json in Resources */ = {isa = PBXBuildFile; fileRef = 69ED74F0986B6C6DD2614CB7 /* Car.json */; };
		2C375F3D18CCD40200FCB8EA /* NativeChild.json in Resources */ = {isa = PBXBuildFile; fileRef = 69ED7CF6DFFBDF7A0BF32AFC /* NativeChild.json */; };
		2C375F4318CCD49B00FCB8EA /* MappingProviderNative.m in Sources */ = {isa = PBXBuildFile; fileRef = 69ED799D533AED10DCFB4106 /* MappingProviderNative.m */; };
		2C375F4418CCD49B00FCB8EA /* MappingProvider.m in Sources */ = {isa = PBXBuildFile; fileRef = 69ED7532E1E5E3196BC27932 /* MappingProvider.m */; };
		2CF8097C18C3AD5700C07899 /* Foundation.framework in Frameworks */ = {isa = PBXBuildFile; fileRef = 2CF8097B18C3AD5700C07899 /* Foundation.framework */; };
		2CF8098A18C3AD5700C07899 /* XCTest.framework in Frameworks */ = {isa = PBXBuildFile; fileRef = 2CF8098918C3AD5700C07899 /* XCTest.framework */; };
		2CF8098B18C3AD5700C07899 /* Foundation.framework in Frameworks */ = {isa = PBXBuildFile; fileRef = 2CF8097B18C3AD5700C07899 /* Foundation.framework */; };
		2CF8098D18C3AD5700C07899 /* UIKit.framework in Frameworks */ = {isa = PBXBuildFile; fileRef = 2CF8098C18C3AD5700C07899 /* UIKit.framework */; };
		2CF8099018C3AD5700C07899 /* libFastEasyMapping.a in Frameworks */ = {isa = PBXBuildFile; fileRef = 2CF8097818C3AD5700C07899 /* libFastEasyMapping.a */; };
		2CF809A618C3AE9A00C07899 /* FEMSerializer.h in Headers */ = {isa = PBXBuildFile; fileRef = 69ED7C1B2AB96554F9FDF10B /* FEMSerializer.h */; settings = {ATTRIBUTES = (Public, ); }; };
		2CF809A918C3AE9A00C07899 /* FEMDeserializer.h in Headers */ = {isa = PBXBuildFile; fileRef = 69ED771F4A0CC2BB6D9583BC /* FEMDeserializer.h */; settings = {ATTRIBUTES = (Public, ); }; };
		2CF809AA18C3AE9A00C07899 /* FastEasyMapping.h in Headers */ = {isa = PBXBuildFile; fileRef = 69ED77A829DD1436A5A2CA1B /* FastEasyMapping.h */; settings = {ATTRIBUTES = (Public, ); }; };
		2CF809AB18C3AE9A00C07899 /* FEMTypes.h in Headers */ = {isa = PBXBuildFile; fileRef = 69ED7A8B2E60F728B99A0CB9 /* FEMTypes.h */; settings = {ATTRIBUTES = (Public, ); }; };
		2CF809AD18C3AEC800C07899 /* NSArray+FEMPropertyRepresentation.h in Headers */ = {isa = PBXBuildFile; fileRef = 69ED7645386941DA79C1E53A /* NSArray+FEMPropertyRepresentation.h */; settings = {ATTRIBUTES = (Private, ); }; };
		2CF809AF18C3AEC800C07899 /* FEMTypeIntrospection.h in Headers */ = {isa = PBXBuildFile; fileRef = 69ED7E6CB1B484C7F335B55F /* FEMTypeIntrospection.h */; settings = {ATTRIBUTES = (Private, ); }; };
		69ED7144E37E067666813AF9 /* NSArray+FEMPropertyRepresentation.m in Sources */ = {isa = PBXBuildFile; fileRef = 69ED757059F6C7A26468D880 /* NSArray+FEMPropertyRepresentation.m */; };
		69ED72338B6419101B1C8CDB /* NSObject+FEMKVCExtension.h in Headers */ = {isa = PBXBuildFile; fileRef = 69ED769040647781DD8B196D /* NSObject+FEMKVCExtension.h */; settings = {ATTRIBUTES = (Private, ); }; };
		69ED74D218BD6B3888549434 /* NSObject+FEMKVCExtension.m in Sources */ = {isa = PBXBuildFile; fileRef = 69ED770C14BAB15CA7926116 /* NSObject+FEMKVCExtension.m */; };
		69ED756EBF9D955A7B6A580A /* FEMManagedObjectCache.m in Sources */ = {isa = PBXBuildFile; fileRef = 69ED7D24C1EE78C03CAB9C9B /* FEMManagedObjectCache.m */; };
		69ED7687C035FA51A536AB56 /* FEMTypeIntrospection.m in Sources */ = {isa = PBXBuildFile; fileRef = 69ED7F5DB5E0C3FF6672226E /* FEMTypeIntrospection.m */; };
		69ED797C93C27C8E3BBC1BDB /* FEMSerializer.m in Sources */ = {isa = PBXBuildFile; fileRef = 69ED73028D190C49BF2E0F8D /* FEMSerializer.m */; };
		69ED7D115200A0D4F52DBBCA /* InfoPlist.strings in Resources */ = {isa = PBXBuildFile; fileRef = 69ED730BF972DF74DC2BA5B3 /* InfoPlist.strings */; };
		69ED7DADB8044F2B42C1CD94 /* FEMDeserializer.m in Sources */ = {isa = PBXBuildFile; fileRef = 69ED772E50A1A831B78D48B3 /* FEMDeserializer.m */; };
		69ED7E8934131F087C5492A3 /* FEMManagedObjectCache.h in Headers */ = {isa = PBXBuildFile; fileRef = 69ED7DE30D50997F9408F36E /* FEMManagedObjectCache.h */; settings = {ATTRIBUTES = (Public, ); }; };
		AD11B5EC1B038E8700B53F5A /* FEMMergeableCollection.m in Sources */ = {isa = PBXBuildFile; fileRef = 1D6A33C793CC8D51633186DC /* FEMMergeableCollection.m */; };
		AD11B5ED1B038E8900B53F5A /* FEMExcludableCollection.m in Sources */ = {isa = PBXBuildFile; fileRef = 1D6A3BDA3CA0DDFF256CDB49 /* FEMExcludableCollection.m */; };
		AD4E3A5F1B909710007D5511 /* FEMManagedObjectStore.h in Headers */ = {isa = PBXBuildFile; fileRef = 1D6A311D0B99D619E11B0641 /* FEMManagedObjectStore.h */; settings = {ATTRIBUTES = (Public, ); }; };
		AD4E3A601B909710007D5511 /* FEMExcludableCollection.h in Headers */ = {isa = PBXBuildFile; fileRef = 1D6A3AF6BD6EABAAACD8D4B8 /* FEMExcludableCollection.h */; settings = {ATTRIBUTES = (Private, ); }; };
		AD4E3A611B909710007D5511 /* FEMMergeableCollection.h in Headers */ = {isa = PBXBuildFile; fileRef = 1D6A368ADA05F6A09F22A3AC /* FEMMergeableCollection.h */; settings = {ATTRIBUTES = (Private, ); }; };
		AD52DF7D1B03657900E46915 /* FEMManagedObjectDeserializer.h in Headers */ = {isa = PBXBuildFile; fileRef = AD52DF791B03657900E46915 /* FEMManagedObjectDeserializer.h */; settings = {ATTRIBUTES = (Public, ); }; };
		AD52DF7F1B03657900E46915 /* FEMObjectDeserializer.h in Headers */ = {isa = PBXBuildFile; fileRef = AD52DF7B1B03657900E46915 /* FEMObjectDeserializer.h */; settings = {ATTRIBUTES = (Public, ); }; };
		AD52DF821B03865000E46915 /* FEMManagedObjectStore.m in Sources */ = {isa = PBXBuildFile; fileRef = 1D6A32164D7EFFBC35F34F17 /* FEMManagedObjectStore.m */; };
		AD52DF831B0387C000E46915 /* FEMManagedObjectMappingSpec.m in Sources */ = {isa = PBXBuildFile; fileRef = 69ED7C04E2BE02B24CFA1D7C /* FEMManagedObjectMappingSpec.m */; };
		AD52DF841B0387C000E46915 /* FEMManagedObjectDeserializerSpec.m in Sources */ = {isa = PBXBuildFile; fileRef = 69ED7C1B06B95B6C90EBB53A /* FEMManagedObjectDeserializerSpec.m */; };
		AD52DF851B0387C000E46915 /* FEMObjectMappingSpec.m in Sources */ = {isa = PBXBuildFile; fileRef = 69ED7EC086EF5CE3263C6D8D /* FEMObjectMappingSpec.m */; };
		AD52DF861B0387C000E46915 /* FEMObjectDeserializerSpec.m in Sources */ = {isa = PBXBuildFile; fileRef = 69ED7A9AEF651DACBF9BBC8F /* FEMObjectDeserializerSpec.m */; };
		AD52DF871B0387C000E46915 /* FEMSerializerSpec.m in Sources */ = {isa = PBXBuildFile; fileRef = 69ED75B675560A0A804494CB /* FEMSerializerSpec.m */; };
		AD52DF881B0387C000E46915 /* FEMCacheSpec.m in Sources */ = {isa = PBXBuildFile; fileRef = 1D6A3936AEC2DF329B7D5C0C /* FEMCacheSpec.m */; };
		AD52DF891B0387C000E46915 /* FEMAttributeMappingSpec.m in Sources */ = {isa = PBXBuildFile; fileRef = 1D6A334CB9A14401554BDA18 /* FEMAttributeMappingSpec.m */; };
		ADC5B81D194E0F8600F07712 /* FEMAssignmentPolicy.m in Sources */ = {isa = PBXBuildFile; fileRef = 1D6A3C137E92421E8D0A5E41 /* FEMAssignmentPolicy.m */; };
		ADC5B81F194E0FB700F07712 /* FEMAssignmentPolicy.h in Headers */ = {isa = PBXBuildFile; fileRef = 1D6A3E68C0FB99F7A73DE0C5 /* FEMAssignmentPolicy.h */; settings = {ATTRIBUTES = (Public, ); }; };
		F6E3608503F7C136AC848E5A /* libPods-FastEasyMappingTests.a in Frameworks */ = {isa = PBXBuildFile; fileRef = 1F71C025BCC7723C91952E63 /* libPods-FastEasyMappingTests.a */; };
/* End PBXBuildFile section */

/* Begin PBXContainerItemProxy section */
		2CF8098E18C3AD5700C07899 /* PBXContainerItemProxy */ = {
			isa = PBXContainerItemProxy;
			containerPortal = 2CF8097018C3AD5700C07899 /* Project object */;
			proxyType = 1;
			remoteGlobalIDString = 2CF8097718C3AD5700C07899;
			remoteInfo = EasyMappingKit;
		};
/* End PBXContainerItemProxy section */

/* Begin PBXCopyFilesBuildPhase section */
		2CF8097618C3AD5700C07899 /* CopyFiles */ = {
			isa = PBXCopyFilesBuildPhase;
			buildActionMask = 2147483647;
			dstPath = "include/$(PRODUCT_NAME)";
			dstSubfolderSpec = 16;
			files = (
			);
			runOnlyForDeploymentPostprocessing = 0;
		};
/* End PBXCopyFilesBuildPhase section */

/* Begin PBXFileReference section */
		1D6A30748FCFC86CFA72493D /* FEMObjectStore.m */ = {isa = PBXFileReference; fileEncoding = 4; lastKnownFileType = sourcecode.c.objc; path = FEMObjectStore.m; sourceTree = "<group>"; };
		1D6A311D0B99D619E11B0641 /* FEMManagedObjectStore.h */ = {isa = PBXFileReference; fileEncoding = 4; lastKnownFileType = sourcecode.c.h; path = FEMManagedObjectStore.h; sourceTree = "<group>"; };
		1D6A31C3D577329518B3E664 /* Person_1.json */ = {isa = PBXFileReference; lastKnownFileType = file.json; path = Person_1.json; sourceTree = "<group>"; };
		1D6A31CC30FC2DC11994EBA8 /* FEMRelationshipAssignmentContext.m */ = {isa = PBXFileReference; fileEncoding = 4; lastKnownFileType = sourcecode.c.objc; path = FEMRelationshipAssignmentContext.m; sourceTree = "<group>"; };
		1D6A32164D7EFFBC35F34F17 /* FEMManagedObjectStore.m */ = {isa = PBXFileReference; fileEncoding = 4; lastKnownFileType = sourcecode.c.objc; path = FEMManagedObjectStore.m; sourceTree = "<group>"; };
		1D6A32731DF0CE9F69F54AE4 /* FEMAttribute.h */ = {isa = PBXFileReference; fileEncoding = 4; lastKnownFileType = sourcecode.c.h; path = FEMAttribute.h; sourceTree = "<group>"; };
		1D6A328FCE22411C60FBC7C4 /* FEMRepresentationUtility.m */ = {isa = PBXFileReference; fileEncoding = 4; lastKnownFileType = sourcecode.c.objc; path = FEMRepresentationUtility.m; sourceTree = "<group>"; };
		1D6A32B1909842797CD2E0D3 /* FEMObjectStore.h */ = {isa = PBXFileReference; fileEncoding = 4; lastKnownFileType = sourcecode.c.h; path = FEMObjectStore.h; sourceTree = "<group>"; };
		1D6A334CB9A14401554BDA18 /* FEMAttributeMappingSpec.m */ = {isa = PBXFileReference; fileEncoding = 4; lastKnownFileType = sourcecode.c.objc; path = FEMAttributeMappingSpec.m; sourceTree = "<group>"; };
		1D6A33C793CC8D51633186DC /* FEMMergeableCollection.m */ = {isa = PBXFileReference; fileEncoding = 4; lastKnownFileType = sourcecode.c.objc; path = FEMMergeableCollection.m; sourceTree = "<group>"; };
		1D6A3466BDE4D4241DCB93D3 /* PersonWithCar_2.json */ = {isa = PBXFileReference; lastKnownFileType = file.json; path = PersonWithCar_2.json; sourceTree = "<group>"; };
		1D6A34832F9D9655B8006CA7 /* PersonWithMissingRelationships.json */ = {isa = PBXFileReference; lastKnownFileType = file.json; path = PersonWithMissingRelationships.json; sourceTree = "<group>"; };
		1D6A34B621512A2FE61ECE26 /* FEMMappingUtility.h */ = {isa = PBXFileReference; fileEncoding = 4; lastKnownFileType = sourcecode.c.h; path = FEMMappingUtility.h; sourceTree = "<group>"; };
		1D6A368ADA05F6A09F22A3AC /* FEMMergeableCollection.h */ = {isa = PBXFileReference; fileEncoding = 4; lastKnownFileType = sourcecode.c.h; path = FEMMergeableCollection.h; sourceTree = "<group>"; };
		1D6A3781CA28E31A3CDCE626 /* FEMProperty.h */ = {isa = PBXFileReference; fileEncoding = 4; lastKnownFileType = sourcecode.c.h; path = FEMProperty.h; sourceTree = "<group>"; };
		1D6A37E108D6B12FA8587FA6 /* FEMRelationshipAssignmentContext.h */ = {isa = PBXFileReference; fileEncoding = 4; lastKnownFileType = sourcecode.c.h; path = FEMRelationshipAssignmentContext.h; sourceTree = "<group>"; };
		1D6A3936AEC2DF329B7D5C0C /* FEMCacheSpec.m */ = {isa = PBXFileReference; fileEncoding = 4; lastKnownFileType = sourcecode.c.objc; path = FEMCacheSpec.m; sourceTree = "<group>"; };
		1D6A3A47A8DEF276ECDCDF46 /* PersonWithNullRelationships.json */ = {isa = PBXFileReference; lastKnownFileType = file.json; path = PersonWithNullRelationships.json; sourceTree = "<group>"; };
		1D6A3A4F887B37995524457E /* FEMMappingUtility.m */ = {isa = PBXFileReference; fileEncoding = 4; lastKnownFileType = sourcecode.c.objc; path = FEMMappingUtility.m; sourceTree = "<group>"; };
		1D6A3ACBBC8E66609F169E94 /* Person_2.json */ = {isa = PBXFileReference; lastKnownFileType = file.json; path = Person_2.json; sourceTree = "<group>"; };
		1D6A3AF6BD6EABAAACD8D4B8 /* FEMExcludableCollection.h */ = {isa = PBXFileReference; fileEncoding = 4; lastKnownFileType = sourcecode.c.h; path = FEMExcludableCollection.h; sourceTree = "<group>"; };
		1D6A3B87ABEBEDD845682F62 /* FEMMapping.m */ = {isa = PBXFileReference; fileEncoding = 4; lastKnownFileType = sourcecode.c.objc; path = FEMMapping.m; sourceTree = "<group>"; };
		1D6A3BDA3CA0DDFF256CDB49 /* FEMExcludableCollection.m */ = {isa = PBXFileReference; fileEncoding = 4; lastKnownFileType = sourcecode.c.objc; path = FEMExcludableCollection.m; sourceTree = "<group>"; };
		1D6A3C137E92421E8D0A5E41 /* FEMAssignmentPolicy.m */ = {isa = PBXFileReference; fileEncoding = 4; lastKnownFileType = sourcecode.c.objc; path = FEMAssignmentPolicy.m; sourceTree = "<group>"; };
		1D6A3C63218EDC50D1C848E3 /* FEMAttribute.m */ = {isa = PBXFileReference; fileEncoding = 4; lastKnownFileType = sourcecode.c.objc; path = FEMAttribute.m; sourceTree = "<group>"; };
		1D6A3DB6E70D06B240357965 /* FEMMapping.h */ = {isa = PBXFileReference; fileEncoding = 4; lastKnownFileType = sourcecode.c.h; path = FEMMapping.h; sourceTree = "<group>"; };
		1D6A3E2CCF90DF3444D0707E /* PersonWithCar_1.json */ = {isa = PBXFileReference; lastKnownFileType = file.json; path = PersonWithCar_1.json; sourceTree = "<group>"; };
		1D6A3E335535878DA801854C /* FEMManagedObjectMapping.h */ = {isa = PBXFileReference; fileEncoding = 4; lastKnownFileType = sourcecode.c.h; path = FEMManagedObjectMapping.h; sourceTree = "<group>"; };
		1D6A3E68C0FB99F7A73DE0C5 /* FEMAssignmentPolicy.h */ = {isa = PBXFileReference; fileEncoding = 4; lastKnownFileType = sourcecode.c.h; path = FEMAssignmentPolicy.h; sourceTree = "<group>"; };
		1D6A3E939A8527DF07B8E6EB /* FEMRelationshipAssignmentContext+Internal.h */ = {isa = PBXFileReference; fileEncoding = 4; lastKnownFileType = sourcecode.c.h; path = "FEMRelationshipAssignmentContext+Internal.h"; sourceTree = "<group>"; };
		1D6A3E942488A7A8C0C01C0C /* FEMRepresentationUtility.h */ = {isa = PBXFileReference; fileEncoding = 4; lastKnownFileType = sourcecode.c.h; path = FEMRepresentationUtility.h; sourceTree = "<group>"; };
		1D6A3EDB0333D6F8C6AF1C22 /* FEMRelationship.m */ = {isa = PBXFileReference; fileEncoding = 4; lastKnownFileType = sourcecode.c.objc; path = FEMRelationship.m; sourceTree = "<group>"; };
		1D6A3F0C9AE4FD7FC200D09F /* FEMRelationship.h */ = {isa = PBXFileReference; fileEncoding = 4; lastKnownFileType = sourcecode.c.h; path = FEMRelationship.h; sourceTree = "<group>"; };
		1D6A3F8FD0F112B4BA9380FE /* FEMObjectMapping.h */ = {isa = PBXFileReference; fileEncoding = 4; lastKnownFileType = sourcecode.c.h; path = FEMObjectMapping.h; sourceTree = "<group>"; };
		1F71C025BCC7723C91952E63 /* libPods-FastEasyMappingTests.a */ = {isa = PBXFileReference; explicitFileType = archive.ar; includeInIndex = 0; path = "libPods-FastEasyMappingTests.a"; sourceTree = BUILT_PRODUCTS_DIR; };
		2C375F1018CCBC2900FCB8EA /* EasyMappingCoreDataExample.xcdatamodel */ = {isa = PBXFileReference; lastKnownFileType = wrapper.xcdatamodel; path = EasyMappingCoreDataExample.xcdatamodel; sourceTree = "<group>"; };
		2CF8097818C3AD5700C07899 /* libFastEasyMapping.a */ = {isa = PBXFileReference; explicitFileType = archive.ar; includeInIndex = 0; path = libFastEasyMapping.a; sourceTree = BUILT_PRODUCTS_DIR; };
		2CF8097B18C3AD5700C07899 /* Foundation.framework */ = {isa = PBXFileReference; lastKnownFileType = wrapper.framework; name = Foundation.framework; path = System/Library/Frameworks/Foundation.framework; sourceTree = SDKROOT; };
		2CF8098818C3AD5700C07899 /* FastEasyMappingTests.xctest */ = {isa = PBXFileReference; explicitFileType = wrapper.cfbundle; includeInIndex = 0; path = FastEasyMappingTests.xctest; sourceTree = BUILT_PRODUCTS_DIR; };
		2CF8098918C3AD5700C07899 /* XCTest.framework */ = {isa = PBXFileReference; lastKnownFileType = wrapper.framework; name = XCTest.framework; path = Library/Frameworks/XCTest.framework; sourceTree = DEVELOPER_DIR; };
		2CF8098C18C3AD5700C07899 /* UIKit.framework */ = {isa = PBXFileReference; lastKnownFileType = wrapper.framework; name = UIKit.framework; path = Library/Frameworks/UIKit.framework; sourceTree = DEVELOPER_DIR; };
		69ED70F7239A59402E626302 /* Cars.json */ = {isa = PBXFileReference; lastKnownFileType = file.json; path = Cars.json; sourceTree = "<group>"; };
		69ED70FD89800BB41C8894FE /* MappingProvider.h */ = {isa = PBXFileReference; fileEncoding = 4; lastKnownFileType = sourcecode.c.h; path = MappingProvider.h; sourceTree = "<group>"; };
		69ED714FF0FE4A0F2A6F5928 /* AddressNative.m */ = {isa = PBXFileReference; fileEncoding = 4; lastKnownFileType = sourcecode.c.objc; path = AddressNative.m; sourceTree = "<group>"; };
		69ED7153320369C3FEB8A8F4 /* FastEasyMapping-Prefix.pch */ = {isa = PBXFileReference; fileEncoding = 4; lastKnownFileType = sourcecode.c.h; path = "FastEasyMapping-Prefix.pch"; sourceTree = "<group>"; };
		69ED71666439C5B0BC0A6650 /* CatNative.h */ = {isa = PBXFileReference; fileEncoding = 4; lastKnownFileType = sourcecode.c.h; path = CatNative.h; sourceTree = "<group>"; };
		69ED71A71F750AEBC8BA6FF0 /* MappingProviderNative.h */ = {isa = PBXFileReference; fileEncoding = 4; lastKnownFileType = sourcecode.c.h; path = MappingProviderNative.h; sourceTree = "<group>"; };
		69ED7209D50C3640D4456C8D /* Plane.json */ = {isa = PBXFileReference; lastKnownFileType = file.json; path = Plane.json; sourceTree = "<group>"; };
		69ED73028D190C49BF2E0F8D /* FEMSerializer.m */ = {isa = PBXFileReference; fileEncoding = 4; lastKnownFileType = sourcecode.c.objc; path = FEMSerializer.m; sourceTree = "<group>"; };
		69ED734D9AF0D834B3D9D190 /* CarNative.m */ = {isa = PBXFileReference; fileEncoding = 4; lastKnownFileType = sourcecode.c.objc; path = CarNative.m; sourceTree = "<group>"; };
		69ED741033C38A5C3BAA7B08 /* FingerNative.h */ = {isa = PBXFileReference; fileEncoding = 4; lastKnownFileType = sourcecode.c.h; path = FingerNative.h; sourceTree = "<group>"; };
		69ED747DF1709A9ABAC81F68 /* NativeChild.m */ = {isa = PBXFileReference; fileEncoding = 4; lastKnownFileType = sourcecode.c.objc; path = NativeChild.m; sourceTree = "<group>"; };
		69ED749AC1C7BE9BBB361F2B /* Native.m */ = {isa = PBXFileReference; fileEncoding = 4; lastKnownFileType = sourcecode.c.objc; path = Native.m; sourceTree = "<group>"; };
		69ED74EA8FEC3EC66EF72AA7 /* PlaneNative.m */ = {isa = PBXFileReference; fileEncoding = 4; lastKnownFileType = sourcecode.c.objc; path = PlaneNative.m; sourceTree = "<group>"; };
		69ED74F0986B6C6DD2614CB7 /* Car.json */ = {isa = PBXFileReference; lastKnownFileType = file.json; path = Car.json; sourceTree = "<group>"; };
		69ED7532E1E5E3196BC27932 /* MappingProvider.m */ = {isa = PBXFileReference; fileEncoding = 4; lastKnownFileType = sourcecode.c.objc; path = MappingProvider.m; sourceTree = "<group>"; };
		69ED75443C8F85492C4D3907 /* SeaplaneNative.h */ = {isa = PBXFileReference; fileEncoding = 4; lastKnownFileType = sourcecode.c.h; path = SeaplaneNative.h; sourceTree = "<group>"; };
		69ED757059F6C7A26468D880 /* NSArray+FEMPropertyRepresentation.m */ = {isa = PBXFileReference; fileEncoding = 4; lastKnownFileType = sourcecode.c.objc; path = "NSArray+FEMPropertyRepresentation.m"; sourceTree = "<group>"; };
		69ED758473F42E39AE484636 /* CarWithDate.json */ = {isa = PBXFileReference; lastKnownFileType = file.json; path = CarWithDate.json; sourceTree = "<group>"; };
		69ED75A1803E4FA721E79895 /* Phone.m */ = {isa = PBXFileReference; fileEncoding = 4; lastKnownFileType = sourcecode.c.objc; path = Phone.m; sourceTree = "<group>"; };
		69ED75B675560A0A804494CB /* FEMSerializerSpec.m */ = {isa = PBXFileReference; fileEncoding = 4; lastKnownFileType = sourcecode.c.objc; path = FEMSerializerSpec.m; sourceTree = "<group>"; };
		69ED75DAD53214AD94FAB868 /* NativeChild.h */ = {isa = PBXFileReference; fileEncoding = 4; lastKnownFileType = sourcecode.c.h; path = NativeChild.h; sourceTree = "<group>"; };
		69ED7645386941DA79C1E53A /* NSArray+FEMPropertyRepresentation.h */ = {isa = PBXFileReference; fileEncoding = 4; lastKnownFileType = sourcecode.c.h; path = "NSArray+FEMPropertyRepresentation.h"; sourceTree = "<group>"; };
		69ED764EB359C8472262F3FB /* en */ = {isa = PBXFileReference; fileEncoding = 4; lastKnownFileType = text.plist.strings; name = en; path = InfoPlist.strings; sourceTree = "<group>"; };
		69ED767EE6E89A487714CDF8 /* Car.m */ = {isa = PBXFileReference; fileEncoding = 4; lastKnownFileType = sourcecode.c.objc; path = Car.m; sourceTree = "<group>"; };
		69ED769040647781DD8B196D /* NSObject+FEMKVCExtension.h */ = {isa = PBXFileReference; fileEncoding = 4; lastKnownFileType = sourcecode.c.h; path = "NSObject+FEMKVCExtension.h"; sourceTree = "<group>"; };
		69ED76A25E3A25F0BDFF4BCF /* PersonNative.h */ = {isa = PBXFileReference; fileEncoding = 4; lastKnownFileType = sourcecode.c.h; path = PersonNative.h; sourceTree = "<group>"; };
		69ED76A31CE5167D72298490 /* AlienNative.m */ = {isa = PBXFileReference; fileEncoding = 4; lastKnownFileType = sourcecode.c.objc; path = AlienNative.m; sourceTree = "<group>"; };
		69ED76DB4A492924FFE33FAF /* AlienNative.h */ = {isa = PBXFileReference; fileEncoding = 4; lastKnownFileType = sourcecode.c.h; path = AlienNative.h; sourceTree = "<group>"; };
		69ED76E0E8184C9BDF3CE713 /* CatNative.m */ = {isa = PBXFileReference; fileEncoding = 4; lastKnownFileType = sourcecode.c.objc; path = CatNative.m; sourceTree = "<group>"; };
		69ED770C14BAB15CA7926116 /* NSObject+FEMKVCExtension.m */ = {isa = PBXFileReference; fileEncoding = 4; lastKnownFileType = sourcecode.c.objc; path = "NSObject+FEMKVCExtension.m"; sourceTree = "<group>"; };
		69ED771F4A0CC2BB6D9583BC /* FEMDeserializer.h */ = {isa = PBXFileReference; fileEncoding = 4; lastKnownFileType = sourcecode.c.h; path = FEMDeserializer.h; sourceTree = "<group>"; };
		69ED772E50A1A831B78D48B3 /* FEMDeserializer.m */ = {isa = PBXFileReference; fileEncoding = 4; lastKnownFileType = sourcecode.c.objc; path = FEMDeserializer.m; sourceTree = "<group>"; };
		69ED7745B6C0CD6C179EE0A8 /* CarNative.h */ = {isa = PBXFileReference; fileEncoding = 4; lastKnownFileType = sourcecode.c.h; path = CarNative.h; sourceTree = "<group>"; };
		69ED775F5613FEA881051644 /* PhoneNative.h */ = {isa = PBXFileReference; fileEncoding = 4; lastKnownFileType = sourcecode.c.h; path = PhoneNative.h; sourceTree = "<group>"; };
		69ED77A829DD1436A5A2CA1B /* FastEasyMapping.h */ = {isa = PBXFileReference; fileEncoding = 4; lastKnownFileType = sourcecode.c.h; path = FastEasyMapping.h; sourceTree = "<group>"; };
		69ED7810DD72B240882E07DF /* Address.json */ = {isa = PBXFileReference; lastKnownFileType = file.json; path = Address.json; sourceTree = "<group>"; };
		69ED782333EB910A1F420719 /* SeaplaneNative.m */ = {isa = PBXFileReference; fileEncoding = 4; lastKnownFileType = sourcecode.c.objc; path = SeaplaneNative.m; sourceTree = "<group>"; };
		69ED78A3F1B154B04AA09ABB /* Male.json */ = {isa = PBXFileReference; lastKnownFileType = file.json; path = Male.json; sourceTree = "<group>"; };
		69ED78FBF03886650959C5AE /* Person.m */ = {isa = PBXFileReference; fileEncoding = 4; lastKnownFileType = sourcecode.c.objc; path = Person.m; sourceTree = "<group>"; };
		69ED793ABFE3F8A13E1E3D30 /* PersonWithDifferentNaming.json */ = {isa = PBXFileReference; lastKnownFileType = file.json; path = PersonWithDifferentNaming.json; sourceTree = "<group>"; };
		69ED794EEC7B9F51E50AC8FA /* AddressNative.h */ = {isa = PBXFileReference; fileEncoding = 4; lastKnownFileType = sourcecode.c.h; path = AddressNative.h; sourceTree = "<group>"; };
		69ED796AD9048CFCF07439D0 /* Native.json */ = {isa = PBXFileReference; lastKnownFileType = file.json; path = Native.json; sourceTree = "<group>"; };
		69ED799D533AED10DCFB4106 /* MappingProviderNative.m */ = {isa = PBXFileReference; fileEncoding = 4; lastKnownFileType = sourcecode.c.objc; path = MappingProviderNative.m; sourceTree = "<group>"; };
		69ED79AD80703DC44EFCC7EE /* Person.json */ = {isa = PBXFileReference; lastKnownFileType = file.json; path = Person.json; sourceTree = "<group>"; };
		69ED79F44DC116BCA2287E90 /* Car.h */ = {isa = PBXFileReference; fileEncoding = 4; lastKnownFileType = sourcecode.c.h; path = Car.h; sourceTree = "<group>"; };
		69ED7A8B2E60F728B99A0CB9 /* FEMTypes.h */ = {isa = PBXFileReference; fileEncoding = 4; lastKnownFileType = sourcecode.c.h; path = FEMTypes.h; sourceTree = "<group>"; };
		69ED7A9AEF651DACBF9BBC8F /* FEMObjectDeserializerSpec.m */ = {isa = PBXFileReference; fileEncoding = 4; lastKnownFileType = sourcecode.c.objc; path = FEMObjectDeserializerSpec.m; sourceTree = "<group>"; };
		69ED7AF90069A8C5CBFF2B75 /* Native.h */ = {isa = PBXFileReference; fileEncoding = 4; lastKnownFileType = sourcecode.c.h; path = Native.h; sourceTree = "<group>"; };
		69ED7BBE657BC5F333DD5560 /* CarWithNestedAttributes.json */ = {isa = PBXFileReference; lastKnownFileType = file.json; path = CarWithNestedAttributes.json; sourceTree = "<group>"; };
		69ED7C04E2BE02B24CFA1D7C /* FEMManagedObjectMappingSpec.m */ = {isa = PBXFileReference; fileEncoding = 4; lastKnownFileType = sourcecode.c.objc; path = FEMManagedObjectMappingSpec.m; sourceTree = "<group>"; };
		69ED7C0B46A2C9AC90B37710 /* PersonNative.m */ = {isa = PBXFileReference; fileEncoding = 4; lastKnownFileType = sourcecode.c.objc; path = PersonNative.m; sourceTree = "<group>"; };
		69ED7C1B06B95B6C90EBB53A /* FEMManagedObjectDeserializerSpec.m */ = {isa = PBXFileReference; fileEncoding = 4; lastKnownFileType = sourcecode.c.objc; path = FEMManagedObjectDeserializerSpec.m; sourceTree = "<group>"; };
		69ED7C1B2AB96554F9FDF10B /* FEMSerializer.h */ = {isa = PBXFileReference; fileEncoding = 4; lastKnownFileType = sourcecode.c.h; path = FEMSerializer.h; sourceTree = "<group>"; };
		69ED7CB8A80C99BF8D7413F6 /* FastEasyMappingTests-Info.plist */ = {isa = PBXFileReference; fileEncoding = 4; lastKnownFileType = text.plist.info; path = "FastEasyMappingTests-Info.plist"; sourceTree = "<group>"; };
		69ED7CF6DFFBDF7A0BF32AFC /* NativeChild.json */ = {isa = PBXFileReference; lastKnownFileType = file.json; path = NativeChild.json; sourceTree = "<group>"; };
		69ED7D24C1EE78C03CAB9C9B /* FEMManagedObjectCache.m */ = {isa = PBXFileReference; fileEncoding = 4; lastKnownFileType = sourcecode.c.objc; path = FEMManagedObjectCache.m; sourceTree = "<group>"; };
		69ED7D96C7E8C393B9DEB695 /* Female.json */ = {isa = PBXFileReference; lastKnownFileType = file.json; path = Female.json; sourceTree = "<group>"; };
		69ED7DE30D50997F9408F36E /* FEMManagedObjectCache.h */ = {isa = PBXFileReference; fileEncoding = 4; lastKnownFileType = sourcecode.c.h; path = FEMManagedObjectCache.h; sourceTree = "<group>"; };
		69ED7DE7AE4C126B96E6BD93 /* Person.h */ = {isa = PBXFileReference; fileEncoding = 4; lastKnownFileType = sourcecode.c.h; path = Person.h; sourceTree = "<group>"; };
		69ED7E3F8292CA5FAB383E45 /* PhoneNative.m */ = {isa = PBXFileReference; fileEncoding = 4; lastKnownFileType = sourcecode.c.objc; path = PhoneNative.m; sourceTree = "<group>"; };
		69ED7E6CB1B484C7F335B55F /* FEMTypeIntrospection.h */ = {isa = PBXFileReference; fileEncoding = 4; lastKnownFileType = sourcecode.c.h; path = FEMTypeIntrospection.h; sourceTree = "<group>"; };
		69ED7E718033F733C45E7416 /* Phone.h */ = {isa = PBXFileReference; fileEncoding = 4; lastKnownFileType = sourcecode.c.h; path = Phone.h; sourceTree = "<group>"; };
		69ED7E9D5D47846FEFCA62F5 /* FingerNative.m */ = {isa = PBXFileReference; fileEncoding = 4; lastKnownFileType = sourcecode.c.objc; path = FingerNative.m; sourceTree = "<group>"; };
		69ED7EC086EF5CE3263C6D8D /* FEMObjectMappingSpec.m */ = {isa = PBXFileReference; fileEncoding = 4; lastKnownFileType = sourcecode.c.objc; path = FEMObjectMappingSpec.m; sourceTree = "<group>"; };
		69ED7EC1199D47734B9812E7 /* Alien.json */ = {isa = PBXFileReference; lastKnownFileType = file.json; path = Alien.json; sourceTree = "<group>"; };
		69ED7F5DB5E0C3FF6672226E /* FEMTypeIntrospection.m */ = {isa = PBXFileReference; fileEncoding = 4; lastKnownFileType = sourcecode.c.objc; path = FEMTypeIntrospection.m; sourceTree = "<group>"; };
		69ED7FE4AD3F8C3BD25B5825 /* CarWithRoot.json */ = {isa = PBXFileReference; lastKnownFileType = file.json; path = CarWithRoot.json; sourceTree = "<group>"; };
		69ED7FF7736562A674D3696D /* PlaneNative.h */ = {isa = PBXFileReference; fileEncoding = 4; lastKnownFileType = sourcecode.c.h; path = PlaneNative.h; sourceTree = "<group>"; };
		AACE150790E252A56425341C /* Pods-FastEasyMappingTests.debug.xcconfig */ = {isa = PBXFileReference; includeInIndex = 1; lastKnownFileType = text.xcconfig; name = "Pods-FastEasyMappingTests.debug.xcconfig"; path = "Pods/Target Support Files/Pods-FastEasyMappingTests/Pods-FastEasyMappingTests.debug.xcconfig"; sourceTree = "<group>"; };
		AD52DF791B03657900E46915 /* FEMManagedObjectDeserializer.h */ = {isa = PBXFileReference; fileEncoding = 4; lastKnownFileType = sourcecode.c.h; path = FEMManagedObjectDeserializer.h; sourceTree = "<group>"; };
		AD52DF7B1B03657900E46915 /* FEMObjectDeserializer.h */ = {isa = PBXFileReference; fileEncoding = 4; lastKnownFileType = sourcecode.c.h; path = FEMObjectDeserializer.h; sourceTree = "<group>"; };
		D5434B9839ADC420BF063C50 /* Pods-FastEasyMappingTests.release.xcconfig */ = {isa = PBXFileReference; includeInIndex = 1; lastKnownFileType = text.xcconfig; name = "Pods-FastEasyMappingTests.release.xcconfig"; path = "Pods/Target Support Files/Pods-FastEasyMappingTests/Pods-FastEasyMappingTests.release.xcconfig"; sourceTree = "<group>"; };
/* End PBXFileReference section */

/* Begin PBXFrameworksBuildPhase section */
		2CF8097518C3AD5700C07899 /* Frameworks */ = {
			isa = PBXFrameworksBuildPhase;
			buildActionMask = 2147483647;
			files = (
				2CF8097C18C3AD5700C07899 /* Foundation.framework in Frameworks */,
			);
			runOnlyForDeploymentPostprocessing = 0;
		};
		2CF8098518C3AD5700C07899 /* Frameworks */ = {
			isa = PBXFrameworksBuildPhase;
			buildActionMask = 2147483647;
			files = (
				2CF8098A18C3AD5700C07899 /* XCTest.framework in Frameworks */,
				2CF8098D18C3AD5700C07899 /* UIKit.framework in Frameworks */,
				2CF8098B18C3AD5700C07899 /* Foundation.framework in Frameworks */,
				2CF8099018C3AD5700C07899 /* libFastEasyMapping.a in Frameworks */,
				F6E3608503F7C136AC848E5A /* libPods-FastEasyMappingTests.a in Frameworks */,
			);
			runOnlyForDeploymentPostprocessing = 0;
		};
/* End PBXFrameworksBuildPhase section */

/* Begin PBXGroup section */
		1D6A306B73919EBCC64B91BE /* Collection */ = {
			isa = PBXGroup;
			children = (
				1D6A3BDA3CA0DDFF256CDB49 /* FEMExcludableCollection.m */,
				1D6A3AF6BD6EABAAACD8D4B8 /* FEMExcludableCollection.h */,
				1D6A33C793CC8D51633186DC /* FEMMergeableCollection.m */,
				1D6A368ADA05F6A09F22A3AC /* FEMMergeableCollection.h */,
			);
			path = Collection;
			sourceTree = "<group>";
		};
		1D6A3A11394959655882C6B7 /* Assignment Policy */ = {
			isa = PBXGroup;
			children = (
				1D6A3C137E92421E8D0A5E41 /* FEMAssignmentPolicy.m */,
				1D6A3E68C0FB99F7A73DE0C5 /* FEMAssignmentPolicy.h */,
				1D6A31CC30FC2DC11994EBA8 /* FEMRelationshipAssignmentContext.m */,
				1D6A37E108D6B12FA8587FA6 /* FEMRelationshipAssignmentContext.h */,
				1D6A3E939A8527DF07B8E6EB /* FEMRelationshipAssignmentContext+Internal.h */,
			);
			path = "Assignment Policy";
			sourceTree = "<group>";
		};
		1D6A3B055A492274473025DA /* Store */ = {
			isa = PBXGroup;
			children = (
				1D6A32B1909842797CD2E0D3 /* FEMObjectStore.h */,
				1D6A311D0B99D619E11B0641 /* FEMManagedObjectStore.h */,
				1D6A30748FCFC86CFA72493D /* FEMObjectStore.m */,
				1D6A32164D7EFFBC35F34F17 /* FEMManagedObjectStore.m */,
			);
			path = Store;
			sourceTree = "<group>";
		};
		2CF8096F18C3AD5700C07899 = {
			isa = PBXGroup;
			children = (
				2CF8097D18C3AD5700C07899 /* FastEasyMapping */,
				69ED720C98F96CE291122AD4 /* FastEasyMappingTests */,
				2CF8097A18C3AD5700C07899 /* Frameworks */,
				2CF8097918C3AD5700C07899 /* Products */,
				A1EBB3F2223B2DD38D72FED9 /* Pods */,
			);
			sourceTree = "<group>";
		};
		2CF8097918C3AD5700C07899 /* Products */ = {
			isa = PBXGroup;
			children = (
				2CF8097818C3AD5700C07899 /* libFastEasyMapping.a */,
				2CF8098818C3AD5700C07899 /* FastEasyMappingTests.xctest */,
			);
			name = Products;
			sourceTree = "<group>";
		};
		2CF8097A18C3AD5700C07899 /* Frameworks */ = {
			isa = PBXGroup;
			children = (
				2CF8097B18C3AD5700C07899 /* Foundation.framework */,
				2CF8098918C3AD5700C07899 /* XCTest.framework */,
				2CF8098C18C3AD5700C07899 /* UIKit.framework */,
				1F71C025BCC7723C91952E63 /* libPods-FastEasyMappingTests.a */,
			);
			name = Frameworks;
			sourceTree = "<group>";
		};
		2CF8097D18C3AD5700C07899 /* FastEasyMapping */ = {
			isa = PBXGroup;
			children = (
				69ED7BED4BE92D2D4F4716FF /* Source */,
			);
			path = FastEasyMapping;
			sourceTree = "<group>";
		};
		69ED7057C5D3DBE4072F331B /* Utility */ = {
			isa = PBXGroup;
			children = (
				69ED7F5DB5E0C3FF6672226E /* FEMTypeIntrospection.m */,
				69ED7E6CB1B484C7F335B55F /* FEMTypeIntrospection.h */,
				69ED7A8B2E60F728B99A0CB9 /* FEMTypes.h */,
				1D6A328FCE22411C60FBC7C4 /* FEMRepresentationUtility.m */,
				1D6A3E942488A7A8C0C01C0C /* FEMRepresentationUtility.h */,
				1D6A3A4F887B37995524457E /* FEMMappingUtility.m */,
				1D6A34B621512A2FE61ECE26 /* FEMMappingUtility.h */,
			);
			path = Utility;
			sourceTree = "<group>";
		};
		69ED70EFE263881EF2703FEE /* Specs */ = {
			isa = PBXGroup;
			children = (
				69ED7C04E2BE02B24CFA1D7C /* FEMManagedObjectMappingSpec.m */,
				69ED7C1B06B95B6C90EBB53A /* FEMManagedObjectDeserializerSpec.m */,
				69ED7EC086EF5CE3263C6D8D /* FEMObjectMappingSpec.m */,
				69ED7A9AEF651DACBF9BBC8F /* FEMObjectDeserializerSpec.m */,
				69ED75B675560A0A804494CB /* FEMSerializerSpec.m */,
				1D6A3936AEC2DF329B7D5C0C /* FEMCacheSpec.m */,
				1D6A334CB9A14401554BDA18 /* FEMAttributeMappingSpec.m */,
			);
			path = Specs;
			sourceTree = "<group>";
		};
		69ED713D0205449C289F72C9 /* Mapping Provider */ = {
			isa = PBXGroup;
			children = (
				69ED71A71F750AEBC8BA6FF0 /* MappingProviderNative.h */,
				69ED799D533AED10DCFB4106 /* MappingProviderNative.m */,
				69ED70FD89800BB41C8894FE /* MappingProvider.h */,
				69ED7532E1E5E3196BC27932 /* MappingProvider.m */,
			);
			path = "Mapping Provider";
			sourceTree = "<group>";
		};
		69ED720C98F96CE291122AD4 /* FastEasyMappingTests */ = {
			isa = PBXGroup;
			children = (
				69ED70EFE263881EF2703FEE /* Specs */,
				69ED72A18D441F9A3397D384 /* Models */,
				69ED744E18215206BCE42591 /* en.lproj */,
				69ED77FF1B7BCBBE52569877 /* Fixtures */,
				69ED7CB8A80C99BF8D7413F6 /* FastEasyMappingTests-Info.plist */,
				69ED713D0205449C289F72C9 /* Mapping Provider */,
			);
			path = FastEasyMappingTests;
			sourceTree = "<group>";
		};
		69ED7210BACE9471FFD6A15D /* Serializer */ = {
			isa = PBXGroup;
			children = (
				69ED7C1B2AB96554F9FDF10B /* FEMSerializer.h */,
				69ED73028D190C49BF2E0F8D /* FEMSerializer.m */,
			);
			path = Serializer;
			sourceTree = "<group>";
		};
		69ED72A18D441F9A3397D384 /* Models */ = {
			isa = PBXGroup;
			children = (
				2C375F1018CCBC2900FCB8EA /* EasyMappingCoreDataExample.xcdatamodel */,
				69ED79F44DC116BCA2287E90 /* Car.h */,
				69ED767EE6E89A487714CDF8 /* Car.m */,
				69ED7E718033F733C45E7416 /* Phone.h */,
				69ED75A1803E4FA721E79895 /* Phone.m */,
				69ED7DE7AE4C126B96E6BD93 /* Person.h */,
				69ED78FBF03886650959C5AE /* Person.m */,
				69ED75DAD53214AD94FAB868 /* NativeChild.h */,
				69ED747DF1709A9ABAC81F68 /* NativeChild.m */,
				69ED714FF0FE4A0F2A6F5928 /* AddressNative.m */,
				69ED76E0E8184C9BDF3CE713 /* CatNative.m */,
				69ED76A25E3A25F0BDFF4BCF /* PersonNative.h */,
				69ED794EEC7B9F51E50AC8FA /* AddressNative.h */,
				69ED7E3F8292CA5FAB383E45 /* PhoneNative.m */,
				69ED74EA8FEC3EC66EF72AA7 /* PlaneNative.m */,
				69ED749AC1C7BE9BBB361F2B /* Native.m */,
				69ED741033C38A5C3BAA7B08 /* FingerNative.h */,
				69ED7E9D5D47846FEFCA62F5 /* FingerNative.m */,
				69ED782333EB910A1F420719 /* SeaplaneNative.m */,
				69ED76A31CE5167D72298490 /* AlienNative.m */,
				69ED775F5613FEA881051644 /* PhoneNative.h */,
				69ED7C0B46A2C9AC90B37710 /* PersonNative.m */,
				69ED75443C8F85492C4D3907 /* SeaplaneNative.h */,
				69ED7FF7736562A674D3696D /* PlaneNative.h */,
				69ED7AF90069A8C5CBFF2B75 /* Native.h */,
				69ED76DB4A492924FFE33FAF /* AlienNative.h */,
				69ED71666439C5B0BC0A6650 /* CatNative.h */,
				69ED734D9AF0D834B3D9D190 /* CarNative.m */,
				69ED7745B6C0CD6C179EE0A8 /* CarNative.h */,
			);
			path = Models;
			sourceTree = "<group>";
		};
		69ED744E18215206BCE42591 /* en.lproj */ = {
			isa = PBXGroup;
			children = (
				69ED730BF972DF74DC2BA5B3 /* InfoPlist.strings */,
				69ED79C6C00F61AE646C591E /* Supporting Files */,
			);
			path = en.lproj;
			sourceTree = "<group>";
		};
		69ED74995A8A1B14DCDA8FB3 /* Core */ = {
			isa = PBXGroup;
			children = (
				69ED7574EDCD21D0E501C8A1 /* Mapping */,
				69ED7210BACE9471FFD6A15D /* Serializer */,
				69ED7C8732A1C26BF1CF78CD /* Deserializer */,
				69ED7CB4B4B9CD8DDF958D64 /* Cache */,
				1D6A3A11394959655882C6B7 /* Assignment Policy */,
				1D6A3B055A492274473025DA /* Store */,
			);
			path = Core;
			sourceTree = "<group>";
		};
		69ED752D2981B7C6882366D2 /* Foundation */ = {
			isa = PBXGroup;
			children = (
				69ED7645386941DA79C1E53A /* NSArray+FEMPropertyRepresentation.h */,
				69ED757059F6C7A26468D880 /* NSArray+FEMPropertyRepresentation.m */,
				69ED770C14BAB15CA7926116 /* NSObject+FEMKVCExtension.m */,
				69ED769040647781DD8B196D /* NSObject+FEMKVCExtension.h */,
			);
			path = Foundation;
			sourceTree = "<group>";
		};
		69ED7574EDCD21D0E501C8A1 /* Mapping */ = {
			isa = PBXGroup;
			children = (
				1D6A3781CA28E31A3CDCE626 /* FEMProperty.h */,
				1D6A3DB6E70D06B240357965 /* FEMMapping.h */,
				1D6A3B87ABEBEDD845682F62 /* FEMMapping.m */,
				1D6A3E335535878DA801854C /* FEMManagedObjectMapping.h */,
				1D6A3F8FD0F112B4BA9380FE /* FEMObjectMapping.h */,
				1D6A32731DF0CE9F69F54AE4 /* FEMAttribute.h */,
				1D6A3C63218EDC50D1C848E3 /* FEMAttribute.m */,
				1D6A3EDB0333D6F8C6AF1C22 /* FEMRelationship.m */,
				1D6A3F0C9AE4FD7FC200D09F /* FEMRelationship.h */,
			);
			path = Mapping;
			sourceTree = "<group>";
		};
		69ED77FF1B7BCBBE52569877 /* Fixtures */ = {
			isa = PBXGroup;
			children = (
				69ED7D96C7E8C393B9DEB695 /* Female.json */,
				69ED793ABFE3F8A13E1E3D30 /* PersonWithDifferentNaming.json */,
				69ED70F7239A59402E626302 /* Cars.json */,
				69ED796AD9048CFCF07439D0 /* Native.json */,
				69ED7EC1199D47734B9812E7 /* Alien.json */,
				69ED7209D50C3640D4456C8D /* Plane.json */,
				69ED7FE4AD3F8C3BD25B5825 /* CarWithRoot.json */,
				69ED758473F42E39AE484636 /* CarWithDate.json */,
				69ED7BBE657BC5F333DD5560 /* CarWithNestedAttributes.json */,
				69ED78A3F1B154B04AA09ABB /* Male.json */,
				69ED7810DD72B240882E07DF /* Address.json */,
				69ED79AD80703DC44EFCC7EE /* Person.json */,
				69ED74F0986B6C6DD2614CB7 /* Car.json */,
				69ED7CF6DFFBDF7A0BF32AFC /* NativeChild.json */,
				1D6A3E2CCF90DF3444D0707E /* PersonWithCar_1.json */,
				1D6A3466BDE4D4241DCB93D3 /* PersonWithCar_2.json */,
				1D6A31C3D577329518B3E664 /* Person_1.json */,
				1D6A3ACBBC8E66609F169E94 /* Person_2.json */,
				8A14E88C1CA071BD007F4806 /* PersonWithRecursiveRelationship.json */,
				8AF453DE1CA0A6E000D38D8C /* ManagedPersonWithRecursiveRelationship.json */,
				1D6A3A47A8DEF276ECDCDF46 /* PersonWithNullRelationships.json */,
				1D6A34832F9D9655B8006CA7 /* PersonWithMissingRelationships.json */,
			);
			path = Fixtures;
			sourceTree = "<group>";
		};
		69ED79C6C00F61AE646C591E /* Supporting Files */ = {
			isa = PBXGroup;
			children = (
				69ED7153320369C3FEB8A8F4 /* FastEasyMapping-Prefix.pch */,
			);
			name = "Supporting Files";
			path = FastEasyMapping;
			sourceTree = SOURCE_ROOT;
		};
		69ED7BED4BE92D2D4F4716FF /* Source */ = {
			isa = PBXGroup;
			children = (
				69ED74995A8A1B14DCDA8FB3 /* Core */,
				69ED7D6D5B95704EF3E879DA /* Extensions */,
				69ED77A829DD1436A5A2CA1B /* FastEasyMapping.h */,
				69ED7057C5D3DBE4072F331B /* Utility */,
			);
			path = Source;
			sourceTree = "<group>";
		};
		69ED7C8732A1C26BF1CF78CD /* Deserializer */ = {
			isa = PBXGroup;
			children = (
				69ED771F4A0CC2BB6D9583BC /* FEMDeserializer.h */,
				69ED772E50A1A831B78D48B3 /* FEMDeserializer.m */,
				AD52DF791B03657900E46915 /* FEMManagedObjectDeserializer.h */,
				AD52DF7B1B03657900E46915 /* FEMObjectDeserializer.h */,
			);
			path = Deserializer;
			sourceTree = "<group>";
		};
		69ED7CB4B4B9CD8DDF958D64 /* Cache */ = {
			isa = PBXGroup;
			children = (
				69ED7D24C1EE78C03CAB9C9B /* FEMManagedObjectCache.m */,
				69ED7DE30D50997F9408F36E /* FEMManagedObjectCache.h */,
			);
			path = Cache;
			sourceTree = "<group>";
		};
		69ED7D6D5B95704EF3E879DA /* Extensions */ = {
			isa = PBXGroup;
			children = (
				69ED752D2981B7C6882366D2 /* Foundation */,
				1D6A306B73919EBCC64B91BE /* Collection */,
			);
			path = Extensions;
			sourceTree = "<group>";
		};
		A1EBB3F2223B2DD38D72FED9 /* Pods */ = {
			isa = PBXGroup;
			children = (
				AACE150790E252A56425341C /* Pods-FastEasyMappingTests.debug.xcconfig */,
				D5434B9839ADC420BF063C50 /* Pods-FastEasyMappingTests.release.xcconfig */,
			);
			name = Pods;
			sourceTree = "<group>";
		};
/* End PBXGroup section */

/* Begin PBXHeadersBuildPhase section */
		2CF809A118C3AE6E00C07899 /* Headers */ = {
			isa = PBXHeadersBuildPhase;
			buildActionMask = 2147483647;
			files = (
				2CF809AA18C3AE9A00C07899 /* FastEasyMapping.h in Headers */,
				2CF809A618C3AE9A00C07899 /* FEMSerializer.h in Headers */,
				2CF809A918C3AE9A00C07899 /* FEMDeserializer.h in Headers */,
				AD52DF7D1B03657900E46915 /* FEMManagedObjectDeserializer.h in Headers */,
				2CF809AB18C3AE9A00C07899 /* FEMTypes.h in Headers */,
				AD52DF7F1B03657900E46915 /* FEMObjectDeserializer.h in Headers */,
				1D6A369BF512C6E71C26FBF0 /* FEMProperty.h in Headers */,
				AD4E3A5F1B909710007D5511 /* FEMManagedObjectStore.h in Headers */,
				69ED7E8934131F087C5492A3 /* FEMManagedObjectCache.h in Headers */,
				1D6A38BAA53A46E856AF5CC4 /* FEMRelationshipAssignmentContext.h in Headers */,
				1D6A3BB7C54CCCC7720A793A /* FEMObjectStore.h in Headers */,
				ADC5B81F194E0FB700F07712 /* FEMAssignmentPolicy.h in Headers */,
				1D6A368456D992002FA3C6A9 /* FEMRepresentationUtility.h in Headers */,
				1D6A348584F61C3260854CE2 /* FEMMappingUtility.h in Headers */,
				2CF809AD18C3AEC800C07899 /* NSArray+FEMPropertyRepresentation.h in Headers */,
				2CF809AF18C3AEC800C07899 /* FEMTypeIntrospection.h in Headers */,
				69ED72338B6419101B1C8CDB /* NSObject+FEMKVCExtension.h in Headers */,
				AD4E3A601B909710007D5511 /* FEMExcludableCollection.h in Headers */,
				AD4E3A611B909710007D5511 /* FEMMergeableCollection.h in Headers */,
				1D6A344F5FF5B8AD3E1FDC04 /* FEMRelationshipAssignmentContext+Internal.h in Headers */,
				1D6A3D2F519049D3E97895A9 /* FEMMapping.h in Headers */,
				1D6A37A1CE12DEB217C99911 /* FEMManagedObjectMapping.h in Headers */,
				1D6A302A3D95B8A0913B335C /* FEMObjectMapping.h in Headers */,
				1D6A369BDB69900A3774C427 /* FEMAttribute.h in Headers */,
				1D6A364F0E2FE974D31C49B9 /* FEMRelationship.h in Headers */,
			);
			runOnlyForDeploymentPostprocessing = 0;
		};
/* End PBXHeadersBuildPhase section */

/* Begin PBXNativeTarget section */
		2CF8097718C3AD5700C07899 /* FastEasyMapping */ = {
			isa = PBXNativeTarget;
			buildConfigurationList = 2CF8099B18C3AD5700C07899 /* Build configuration list for PBXNativeTarget "FastEasyMapping" */;
			buildPhases = (
				2CF8097418C3AD5700C07899 /* Sources */,
				2CF8097518C3AD5700C07899 /* Frameworks */,
				2CF8097618C3AD5700C07899 /* CopyFiles */,
				2CF809A118C3AE6E00C07899 /* Headers */,
			);
			buildRules = (
			);
			dependencies = (
			);
			name = FastEasyMapping;
			productName = EasyMappingKit;
			productReference = 2CF8097818C3AD5700C07899 /* libFastEasyMapping.a */;
			productType = "com.apple.product-type.library.static";
		};
		2CF8098718C3AD5700C07899 /* FastEasyMappingTests */ = {
			isa = PBXNativeTarget;
			buildConfigurationList = 2CF8099E18C3AD5700C07899 /* Build configuration list for PBXNativeTarget "FastEasyMappingTests" */;
			buildPhases = (
				A1EA641805C29C8235884844 /* [CP] Check Pods Manifest.lock */,
				2CF8098418C3AD5700C07899 /* Sources */,
				2CF8098518C3AD5700C07899 /* Frameworks */,
				2CF8098618C3AD5700C07899 /* Resources */,
				5D1DBF262A3881B90A040DAD /* [CP] Embed Pods Frameworks */,
				190806E35DCCF8B2175ED59C /* [CP] Copy Pods Resources */,
			);
			buildRules = (
			);
			dependencies = (
				2CF8098F18C3AD5700C07899 /* PBXTargetDependency */,
			);
			name = FastEasyMappingTests;
			productName = EasyMappingKitTests;
			productReference = 2CF8098818C3AD5700C07899 /* FastEasyMappingTests.xctest */;
			productType = "com.apple.product-type.bundle.unit-test";
		};
/* End PBXNativeTarget section */

/* Begin PBXProject section */
		2CF8097018C3AD5700C07899 /* Project object */ = {
			isa = PBXProject;
			attributes = {
				LastUpgradeCheck = 0730;
				ORGANIZATIONNAME = Yalantis;
				TargetAttributes = {
					2CF8098718C3AD5700C07899 = {
						TestTargetID = 2CF8097718C3AD5700C07899;
					};
				};
			};
			buildConfigurationList = 2CF8097318C3AD5700C07899 /* Build configuration list for PBXProject "FastEasyMapping" */;
			compatibilityVersion = "Xcode 3.2";
			developmentRegion = English;
			hasScannedForEncodings = 0;
			knownRegions = (
				en,
			);
			mainGroup = 2CF8096F18C3AD5700C07899;
			productRefGroup = 2CF8097918C3AD5700C07899 /* Products */;
			projectDirPath = "";
			projectRoot = "";
			targets = (
				2CF8097718C3AD5700C07899 /* FastEasyMapping */,
				2CF8098718C3AD5700C07899 /* FastEasyMappingTests */,
			);
		};
/* End PBXProject section */

/* Begin PBXResourcesBuildPhase section */
		2CF8098618C3AD5700C07899 /* Resources */ = {
			isa = PBXResourcesBuildPhase;
			buildActionMask = 2147483647;
			files = (
				2C375F3318CCD40200FCB8EA /* Native.json in Resources */,
				2C375F3918CCD40200FCB8EA /* Male.json in Resources */,
				69ED7D115200A0D4F52DBBCA /* InfoPlist.strings in Resources */,
				2C375F3B18CCD40200FCB8EA /* Person.json in Resources */,
				2C375F3518CCD40200FCB8EA /* Plane.json in Resources */,
				2C375F3118CCD40200FCB8EA /* PersonWithDifferentNaming.json in Resources */,
				2C375F3C18CCD40200FCB8EA /* Car.json in Resources */,
				2C375F3218CCD40200FCB8EA /* Cars.json in Resources */,
				2C375F3018CCD40200FCB8EA /* Female.json in Resources */,
				2C375F3818CCD40200FCB8EA /* CarWithNestedAttributes.json in Resources */,
				2C375F3618CCD40200FCB8EA /* CarWithRoot.json in Resources */,
				8A14E88D1CA071BD007F4806 /* PersonWithRecursiveRelationship.json in Resources */,
				2C375F3D18CCD40200FCB8EA /* NativeChild.json in Resources */,
				2C375F3418CCD40200FCB8EA /* Alien.json in Resources */,
				8AF453DF1CA0A6E000D38D8C /* ManagedPersonWithRecursiveRelationship.json in Resources */,
				2C375F3A18CCD40200FCB8EA /* Address.json in Resources */,
				2C375F3718CCD40200FCB8EA /* CarWithDate.json in Resources */,
				1D6A3EB013A2AC7B8B7B69CE /* PersonWithCar_1.json in Resources */,
				1D6A370F588D1C2F011CAAD0 /* PersonWithCar_2.json in Resources */,
				1D6A324055B27F52CF7B8719 /* Person_1.json in Resources */,
				1D6A3D32342A71CC6BCA3855 /* Person_2.json in Resources */,
				1D6A3B04DDB373C1542E785F /* PersonWithNullRelationships.json in Resources */,
				1D6A34C84E523B5F58F87C5E /* PersonWithMissingRelationships.json in Resources */,
			);
			runOnlyForDeploymentPostprocessing = 0;
		};
/* End PBXResourcesBuildPhase section */

/* Begin PBXShellScriptBuildPhase section */
		190806E35DCCF8B2175ED59C /* [CP] Copy Pods Resources */ = {
			isa = PBXShellScriptBuildPhase;
			buildActionMask = 2147483647;
			files = (
			);
			inputPaths = (
			);
			name = "[CP] Copy Pods Resources";
			outputPaths = (
			);
			runOnlyForDeploymentPostprocessing = 0;
			shellPath = /bin/sh;
			shellScript = "\"${SRCROOT}/Pods/Target Support Files/Pods-FastEasyMappingTests/Pods-FastEasyMappingTests-resources.sh\"\n";
			showEnvVarsInLog = 0;
		};
		5D1DBF262A3881B90A040DAD /* [CP] Embed Pods Frameworks */ = {
			isa = PBXShellScriptBuildPhase;
			buildActionMask = 2147483647;
			files = (
			);
			inputPaths = (
			);
			name = "[CP] Embed Pods Frameworks";
			outputPaths = (
			);
			runOnlyForDeploymentPostprocessing = 0;
			shellPath = /bin/sh;
			shellScript = "\"${SRCROOT}/Pods/Target Support Files/Pods-FastEasyMappingTests/Pods-FastEasyMappingTests-frameworks.sh\"\n";
			showEnvVarsInLog = 0;
		};
		A1EA641805C29C8235884844 /* [CP] Check Pods Manifest.lock */ = {
			isa = PBXShellScriptBuildPhase;
			buildActionMask = 2147483647;
			files = (
			);
			inputPaths = (
			);
			name = "[CP] Check Pods Manifest.lock";
			outputPaths = (
			);
			runOnlyForDeploymentPostprocessing = 0;
			shellPath = /bin/sh;
			shellScript = "diff \"${PODS_ROOT}/../Podfile.lock\" \"${PODS_ROOT}/Manifest.lock\" > /dev/null\nif [[ $? != 0 ]] ; then\n    cat << EOM\nerror: The sandbox is not in sync with the Podfile.lock. Run 'pod install' or update your CocoaPods installation.\nEOM\n    exit 1\nfi\n";
			showEnvVarsInLog = 0;
		};
/* End PBXShellScriptBuildPhase section */

/* Begin PBXSourcesBuildPhase section */
		2CF8097418C3AD5700C07899 /* Sources */ = {
			isa = PBXSourcesBuildPhase;
			buildActionMask = 2147483647;
			files = (
				69ED797C93C27C8E3BBC1BDB /* FEMSerializer.m in Sources */,
				69ED7DADB8044F2B42C1CD94 /* FEMDeserializer.m in Sources */,
				AD52DF821B03865000E46915 /* FEMManagedObjectStore.m in Sources */,
				69ED7144E37E067666813AF9 /* NSArray+FEMPropertyRepresentation.m in Sources */,
				69ED7687C035FA51A536AB56 /* FEMTypeIntrospection.m in Sources */,
				69ED756EBF9D955A7B6A580A /* FEMManagedObjectCache.m in Sources */,
				AD11B5ED1B038E8900B53F5A /* FEMExcludableCollection.m in Sources */,
				69ED74D218BD6B3888549434 /* NSObject+FEMKVCExtension.m in Sources */,
				AD11B5EC1B038E8700B53F5A /* FEMMergeableCollection.m in Sources */,
				ADC5B81D194E0F8600F07712 /* FEMAssignmentPolicy.m in Sources */,
				1D6A30D09CC7C04D4C0E8FAC /* FEMObjectStore.m in Sources */,
				1D6A3FE5C05F54B80DCD6D93 /* FEMRepresentationUtility.m in Sources */,
				1D6A3821F8D06660ABDEE560 /* FEMRelationshipAssignmentContext.m in Sources */,
				1D6A3FFE3771AC234D28EA4D /* FEMMappingUtility.m in Sources */,
				1D6A3814C824D2128E3A043A /* FEMMapping.m in Sources */,
				1D6A3BC1A08D550FFFF3E9A5 /* FEMAttribute.m in Sources */,
				1D6A3E950CAD3D0A01F2C1B3 /* FEMRelationship.m in Sources */,
			);
			runOnlyForDeploymentPostprocessing = 0;
		};
		2CF8098418C3AD5700C07899 /* Sources */ = {
			isa = PBXSourcesBuildPhase;
			buildActionMask = 2147483647;
			files = (
				2C375F4318CCD49B00FCB8EA /* MappingProviderNative.m in Sources */,
				2C375F4418CCD49B00FCB8EA /* MappingProvider.m in Sources */,
				2C375F1318CCD3FB00FCB8EA /* EasyMappingCoreDataExample.xcdatamodel in Sources */,
				2C375F1418CCD3FB00FCB8EA /* Car.m in Sources */,
				2C375F1518CCD3FB00FCB8EA /* Phone.m in Sources */,
				2C375F1618CCD3FB00FCB8EA /* Person.m in Sources */,
				2C375F1718CCD3FB00FCB8EA /* NativeChild.m in Sources */,
				2C375F1818CCD3FB00FCB8EA /* AddressNative.m in Sources */,
				2C375F1918CCD3FB00FCB8EA /* CatNative.m in Sources */,
				AD52DF831B0387C000E46915 /* FEMManagedObjectMappingSpec.m in Sources */,
				AD52DF861B0387C000E46915 /* FEMObjectDeserializerSpec.m in Sources */,
				2C375F1A18CCD3FB00FCB8EA /* PhoneNative.m in Sources */,
				AD52DF851B0387C000E46915 /* FEMObjectMappingSpec.m in Sources */,
				AD52DF841B0387C000E46915 /* FEMManagedObjectDeserializerSpec.m in Sources */,
				2C375F1B18CCD3FB00FCB8EA /* PlaneNative.m in Sources */,
				2C375F1C18CCD3FB00FCB8EA /* Native.m in Sources */,
				2C375F1D18CCD3FB00FCB8EA /* FingerNative.m in Sources */,
				AD52DF871B0387C000E46915 /* FEMSerializerSpec.m in Sources */,
				2C375F1E18CCD3FB00FCB8EA /* SeaplaneNative.m in Sources */,
				2C375F1F18CCD3FB00FCB8EA /* AlienNative.m in Sources */,
				AD52DF881B0387C000E46915 /* FEMCacheSpec.m in Sources */,
				2C375F2018CCD3FB00FCB8EA /* PersonNative.m in Sources */,
				2C375F2118CCD3FB00FCB8EA /* CarNative.m in Sources */,
				AD52DF891B0387C000E46915 /* FEMAttributeMappingSpec.m in Sources */,
			);
			runOnlyForDeploymentPostprocessing = 0;
		};
/* End PBXSourcesBuildPhase section */

/* Begin PBXTargetDependency section */
		2CF8098F18C3AD5700C07899 /* PBXTargetDependency */ = {
			isa = PBXTargetDependency;
			target = 2CF8097718C3AD5700C07899 /* FastEasyMapping */;
			targetProxy = 2CF8098E18C3AD5700C07899 /* PBXContainerItemProxy */;
		};
/* End PBXTargetDependency section */

/* Begin PBXVariantGroup section */
		69ED730BF972DF74DC2BA5B3 /* InfoPlist.strings */ = {
			isa = PBXVariantGroup;
			children = (
				69ED764EB359C8472262F3FB /* en */,
			);
			name = InfoPlist.strings;
			sourceTree = "<group>";
		};
/* End PBXVariantGroup section */

/* Begin XCBuildConfiguration section */
		2CF8099918C3AD5700C07899 /* Debug */ = {
			isa = XCBuildConfiguration;
			buildSettings = {
				ALWAYS_SEARCH_USER_PATHS = NO;
				CLANG_CXX_LANGUAGE_STANDARD = "gnu++0x";
				CLANG_CXX_LIBRARY = "libc++";
				CLANG_ENABLE_MODULES = YES;
				CLANG_ENABLE_OBJC_ARC = YES;
				CLANG_WARN_BOOL_CONVERSION = YES;
				CLANG_WARN_CONSTANT_CONVERSION = YES;
				CLANG_WARN_DIRECT_OBJC_ISA_USAGE = YES_ERROR;
				CLANG_WARN_EMPTY_BODY = YES;
				CLANG_WARN_ENUM_CONVERSION = YES;
				CLANG_WARN_INT_CONVERSION = YES;
				CLANG_WARN_OBJC_ROOT_CLASS = YES_ERROR;
				CLANG_WARN__DUPLICATE_METHOD_MATCH = YES;
				COPY_PHASE_STRIP = NO;
				ENABLE_TESTABILITY = YES;
				GCC_C_LANGUAGE_STANDARD = gnu99;
				GCC_DYNAMIC_NO_PIC = NO;
				GCC_OPTIMIZATION_LEVEL = 0;
				GCC_PREPROCESSOR_DEFINITIONS = (
					"DEBUG=1",
					"$(inherited)",
				);
				GCC_SYMBOLS_PRIVATE_EXTERN = NO;
				GCC_WARN_64_TO_32_BIT_CONVERSION = YES;
				GCC_WARN_ABOUT_RETURN_TYPE = YES_ERROR;
				GCC_WARN_UNDECLARED_SELECTOR = YES;
				GCC_WARN_UNINITIALIZED_AUTOS = YES;
				GCC_WARN_UNUSED_FUNCTION = YES;
				GCC_WARN_UNUSED_VARIABLE = YES;
				IPHONEOS_DEPLOYMENT_TARGET = 7.0;
				ONLY_ACTIVE_ARCH = YES;
				SDKROOT = iphoneos;
			};
			name = Debug;
		};
		2CF8099A18C3AD5700C07899 /* Release */ = {
			isa = XCBuildConfiguration;
			buildSettings = {
				ALWAYS_SEARCH_USER_PATHS = NO;
				CLANG_CXX_LANGUAGE_STANDARD = "gnu++0x";
				CLANG_CXX_LIBRARY = "libc++";
				CLANG_ENABLE_MODULES = YES;
				CLANG_ENABLE_OBJC_ARC = YES;
				CLANG_WARN_BOOL_CONVERSION = YES;
				CLANG_WARN_CONSTANT_CONVERSION = YES;
				CLANG_WARN_DIRECT_OBJC_ISA_USAGE = YES_ERROR;
				CLANG_WARN_EMPTY_BODY = YES;
				CLANG_WARN_ENUM_CONVERSION = YES;
				CLANG_WARN_INT_CONVERSION = YES;
				CLANG_WARN_OBJC_ROOT_CLASS = YES_ERROR;
				CLANG_WARN__DUPLICATE_METHOD_MATCH = YES;
				COPY_PHASE_STRIP = YES;
				ENABLE_NS_ASSERTIONS = NO;
				GCC_C_LANGUAGE_STANDARD = gnu99;
				GCC_WARN_64_TO_32_BIT_CONVERSION = YES;
				GCC_WARN_ABOUT_RETURN_TYPE = YES_ERROR;
				GCC_WARN_UNDECLARED_SELECTOR = YES;
				GCC_WARN_UNINITIALIZED_AUTOS = YES;
				GCC_WARN_UNUSED_FUNCTION = YES;
				GCC_WARN_UNUSED_VARIABLE = YES;
				IPHONEOS_DEPLOYMENT_TARGET = 7.0;
				SDKROOT = iphoneos;
				VALIDATE_PRODUCT = YES;
			};
			name = Release;
		};
		2CF8099C18C3AD5700C07899 /* Debug */ = {
			isa = XCBuildConfiguration;
			buildSettings = {
				DSTROOT = /tmp/FastEasyMapping.dst;
				GCC_PRECOMPILE_PREFIX_HEADER = YES;
				GCC_PREFIX_HEADER = "FastEasyMapping/FastEasyMapping-Prefix.pch";
				OTHER_LDFLAGS = (
					"-ObjC",
					"$(inherited)",
				);
				PRODUCT_NAME = FastEasyMapping;
				SKIP_INSTALL = YES;
				USER_HEADER_SEARCH_PATHS = "\"${PROJECT_DIR}/Pods\"/**";
			};
			name = Debug;
		};
		2CF8099D18C3AD5700C07899 /* Release */ = {
			isa = XCBuildConfiguration;
			buildSettings = {
				DSTROOT = /tmp/FastEasyMapping.dst;
				GCC_PRECOMPILE_PREFIX_HEADER = YES;
				GCC_PREFIX_HEADER = "FastEasyMapping/FastEasyMapping-Prefix.pch";
				OTHER_LDFLAGS = (
					"-ObjC",
					"$(inherited)",
				);
				PRODUCT_NAME = FastEasyMapping;
				SKIP_INSTALL = YES;
				USER_HEADER_SEARCH_PATHS = "\"${PROJECT_DIR}/Pods\"/**";
			};
			name = Release;
		};
		2CF8099F18C3AD5700C07899 /* Debug */ = {
			isa = XCBuildConfiguration;
			baseConfigurationReference = AACE150790E252A56425341C /* Pods-FastEasyMappingTests.debug.xcconfig */;
			buildSettings = {
				FRAMEWORK_SEARCH_PATHS = "$(inherited)";
				GCC_PRECOMPILE_PREFIX_HEADER = YES;
				GCC_PREFIX_HEADER = "FastEasyMapping/FastEasyMapping-Prefix.pch";
				GCC_PREPROCESSOR_DEFINITIONS = (
					"DEBUG=1",
					"$(inherited)",
				);
				HEADER_SEARCH_PATHS = "$(inherited)";
				INFOPLIST_FILE = "FastEasyMappingTests/FastEasyMappingTests-Info.plist";
				LIBRARY_SEARCH_PATHS = (
					"$(inherited)",
					"$(PROJECT_DIR)/build/Debug-iphoneos",
				);
				PRODUCT_BUNDLE_IDENTIFIER = "com.yalantis.${PRODUCT_NAME:rfc1034identifier}";
				PRODUCT_NAME = FastEasyMappingTests;
			};
			name = Debug;
		};
		2CF809A018C3AD5700C07899 /* Release */ = {
			isa = XCBuildConfiguration;
			baseConfigurationReference = D5434B9839ADC420BF063C50 /* Pods-FastEasyMappingTests.release.xcconfig */;
			buildSettings = {
				FRAMEWORK_SEARCH_PATHS = "$(inherited)";
				GCC_PRECOMPILE_PREFIX_HEADER = YES;
				GCC_PREFIX_HEADER = "FastEasyMapping/FastEasyMapping-Prefix.pch";
				HEADER_SEARCH_PATHS = "$(inherited)";
				INFOPLIST_FILE = "FastEasyMappingTests/FastEasyMappingTests-Info.plist";
				LIBRARY_SEARCH_PATHS = (
					"$(inherited)",
					"$(PROJECT_DIR)/build/Debug-iphoneos",
				);
				PRODUCT_BUNDLE_IDENTIFIER = "com.yalantis.${PRODUCT_NAME:rfc1034identifier}";
				PRODUCT_NAME = FastEasyMappingTests;
			};
			name = Release;
		};
/* End XCBuildConfiguration section */

/* Begin XCConfigurationList section */
		2CF8097318C3AD5700C07899 /* Build configuration list for PBXProject "FastEasyMapping" */ = {
			isa = XCConfigurationList;
			buildConfigurations = (
				2CF8099918C3AD5700C07899 /* Debug */,
				2CF8099A18C3AD5700C07899 /* Release */,
			);
			defaultConfigurationIsVisible = 0;
			defaultConfigurationName = Release;
		};
		2CF8099B18C3AD5700C07899 /* Build configuration list for PBXNativeTarget "FastEasyMapping" */ = {
			isa = XCConfigurationList;
			buildConfigurations = (
				2CF8099C18C3AD5700C07899 /* Debug */,
				2CF8099D18C3AD5700C07899 /* Release */,
			);
			defaultConfigurationIsVisible = 0;
			defaultConfigurationName = Release;
		};
		2CF8099E18C3AD5700C07899 /* Build configuration list for PBXNativeTarget "FastEasyMappingTests" */ = {
			isa = XCConfigurationList;
			buildConfigurations = (
				2CF8099F18C3AD5700C07899 /* Debug */,
				2CF809A018C3AD5700C07899 /* Release */,
			);
			defaultConfigurationIsVisible = 0;
			defaultConfigurationName = Release;
		};
/* End XCConfigurationList section */
	};
	rootObject = 2CF8097018C3AD5700C07899 /* Project object */;
}
